PODS:
  - AppCenter (3.3.1):
    - AppCenter/Analytics (= 3.3.1)
    - AppCenter/Crashes (= 3.3.1)
  - AppCenter/Analytics (3.3.1):
    - AppCenter/Core
  - AppCenter/Core (3.3.1)
  - AppCenter/Crashes (3.3.1):
    - AppCenter/Core

DEPENDENCIES:
  - AppCenter

SPEC REPOS:
  trunk:
    - AppCenter

SPEC CHECKSUMS:
  AppCenter: 76ecf7e959a68e36b0fd314e8dc5897660214423

PODFILE CHECKSUM: 2ed6bacb0d71ce9fc975061733460aae4869109a

COCOAPODS: 1.9.1
