{
  "originHash" : "980d873e141e450f7941ef3af8788236f4e47dcc5fafbf80aa06681112caae4d",
  "pins" : [
    {
      "identity" : "reswift",
      "kind" : "remoteSourceControl",
      "location" : "https://github.com/ReSwift/ReSwift.git",
      "state" : {
        "revision" : "cb5c3c02f652420ef413dea41e13ac5a76b6c0fd",
        "version" : "6.1.1"
      }
    },
    {
      "identity" : "sparkle",
      "kind" : "remoteSourceControl",
      "location" : "https://github.com/sparkle-project/Sparkle",
      "state" : {
        "revision" : "b6496a74a087257ef5e6da1c5b29a447a60f5bd7",
        "version" : "2.9.4"
      }
    },
    {
      "identity" : "swift-log",
      "kind" : "remoteSourceControl",
      "location" : "https://github.com/apple/swift-log.git",
      "state" : {
        "revision" : "a878e7f8f46cfc0e1125e565b5c08e7d5272dc9a",
        "version" : "1.14.0"
      }
    },
    {
      "identity" : "swiftyxmlparser",
      "kind" : "remoteSourceControl",
      "location" : "https://github.com/yahoojapan/SwiftyXMLParser",
      "state" : {
        "revision" : "d7a1d23f04c86c1cd2e8f19247dd15d74e0ea8be",
        "version" : "5.6.0"
      }
    }
  ],
  "version" : 3
}
