{
  "originHash" : "71a2ae79522d81f3dd448470f73b000bef11511435118ef358237f9385f7ff8e",
  "pins" : [
    {
      "identity" : "reswift",
      "kind" : "remoteSourceControl",
      "location" : "https://github.com/ReSwift/ReSwift.git",
      "state" : {
        "revision" : "cb5c3c02f652420ef413dea41e13ac5a76b6c0fd",
        "version" : "6.1.1"
      }
    },
    {
      "identity" : "swift-log",
      "kind" : "remoteSourceControl",
      "location" : "https://github.com/apple/swift-log.git",
      "state" : {
        "revision" : "a878e7f8f46cfc0e1125e565b5c08e7d5272dc9a",
        "version" : "1.14.0"
      }
    },
    {
      "identity" : "swiftyxmlparser",
      "kind" : "remoteSourceControl",
      "location" : "https://github.com/yahoojapan/SwiftyXMLParser",
      "state" : {
        "revision" : "d7a1d23f04c86c1cd2e8f19247dd15d74e0ea8be",
        "version" : "5.6.0"
      }
    }
  ],
  "version" : 3
}
