{
  "object": {
    "pins": [
      {
        "package": "ReSwift",
        "repositoryURL": "https://github.com/ReSwift/ReSwift.git",
        "state": {
          "branch": null,
          "revision": "b92762b5aa85c5e94053d942fbd37124ee939e5b",
          "version": "5.0.0"
        }
      },
      {
        "package": "swift-log",
        "repositoryURL": "https://github.com/apple/swift-log.git",
        "state": {
          "branch": null,
          "revision": "74d7b91ceebc85daf387ebb206003f78813f71aa",
          "version": "1.2.0"
        }
      },
      {
        "package": "SwiftyXMLParser",
        "repositoryURL": "https://github.com/yahoojapan/SwiftyXMLParser",
        "state": {
          "branch": null,
          "revision": "9d82653e535a13a518b411934c0a5c0c84406c22",
          "version": "5.2.0"
        }
      }
    ]
  },
  "version": 1
}
