{
  "pins" : [
    {
      "identity" : "reswift",
      "kind" : "remoteSourceControl",
      "location" : "https://github.com/ReSwift/ReSwift.git",
      "state" : {
        "revision" : "26d3095bdf55f093501bf3a749bb2718bab671b3",
        "version" : "6.0.0"
      }
    },
    {
      "identity" : "swift-log",
      "kind" : "remoteSourceControl",
      "location" : "https://github.com/apple/swift-log.git",
      "state" : {
        "revision" : "173f567a2dfec11d74588eea82cecea555bdc0bc",
        "version" : "1.4.0"
      }
    },
    {
      "identity" : "swiftyxmlparser",
      "kind" : "remoteSourceControl",
      "location" : "https://github.com/yahoojapan/SwiftyXMLParser",
      "state" : {
        "revision" : "0ca0e992ce0135169c715a6580b99f3e99c503e7",
        "version" : "5.2.1"
      }
    }
  ],
  "version" : 2
}
