{
  "object": {
    "pins": [
      {
        "package": "Socket",
        "repositoryURL": "https://github.com/IBM-Swift/BlueSocket.git",
        "state": {
          "branch": null,
          "revision": "3cf5de510650d67c551c9e1884fbc9d6e744206b",
          "version": "1.0.48"
        }
      }
    ]
  },
  "version": 1
}
