// !$*UTF8*$!
{
	archiveVersion = 1;
	classes = {
	};
	objectVersion = 52;
	objects = {

/* Begin PBXBuildFile section */
		69000EE22397CF09009976E0 /* AppContext.swift in Sources */ = {isa = PBXBuildFile; fileRef = 69000EE12397CF09009976E0 /* AppContext.swift */; };
		69071B3923A52A7B001C58B1 /* TriggerManTests.swift in Sources */ = {isa = PBXBuildFile; fileRef = 69071B3823A52A7B001C58B1 /* TriggerManTests.swift */; };
		69071B3B23A55796001C58B1 /* SwiftyXMLParserTests.swift in Sources */ = {isa = PBXBuildFile; fileRef = 69071B3A23A55796001C58B1 /* SwiftyXMLParserTests.swift */; };
		69071B3D23A6816A001C58B1 /* XMLElement+Extensions.swift in Sources */ = {isa = PBXBuildFile; fileRef = 69071B3C23A6816A001C58B1 /* XMLElement+Extensions.swift */; };
		69071B3F23A6EA51001C58B1 /* WorldTests.swift in Sources */ = {isa = PBXBuildFile; fileRef = 69071B3E23A6EA51001C58B1 /* WorldTests.swift */; };
		690B462323AA4CB0000445E4 /* AppPreferences.swift in Sources */ = {isa = PBXBuildFile; fileRef = 690B462223AA4CB0000445E4 /* AppPreferences.swift */; };
		690B462B23B16AAD000445E4 /* AppPreferencesTests.swift in Sources */ = {isa = PBXBuildFile; fileRef = 690B462A23B16AAD000445E4 /* AppPreferencesTests.swift */; };
		690B462D23B16B54000445E4 /* StartupPreferences.xml in Resources */ = {isa = PBXBuildFile; fileRef = 690B462C23B16B54000445E4 /* StartupPreferences.xml */; };
		690B462E23B16B54000445E4 /* StartupPreferences.xml in Resources */ = {isa = PBXBuildFile; fileRef = 690B462C23B16B54000445E4 /* StartupPreferences.xml */; };
		691696D125A0CCC700569021 /* AppPreferencesState.swift in Sources */ = {isa = PBXBuildFile; fileRef = 691696D025A0CCC700569021 /* AppPreferencesState.swift */; };
		69241E4B2874677000CDDE09 /* AppCenterAnalytics in Frameworks */ = {isa = PBXBuildFile; productRef = 69241E4A2874677000CDDE09 /* AppCenterAnalytics */; };
		69241E4D2874677000CDDE09 /* AppCenterCrashes in Frameworks */ = {isa = PBXBuildFile; productRef = 69241E4C2874677000CDDE09 /* AppCenterCrashes */; };
		69376D4F2579B01A00A99245 /* Collection+Extensions.swift in Sources */ = {isa = PBXBuildFile; fileRef = 69376D4E2579B01A00A99245 /* Collection+Extensions.swift */; };
		6952048D24B1EFB2004BDBE2 /* HotKeyTests.swift in Sources */ = {isa = PBXBuildFile; fileRef = 6952048C24B1EFB2004BDBE2 /* HotKeyTests.swift */; };
		695204C924B1F29E004BDBE2 /* Savitar2UITests.swift in Sources */ = {isa = PBXBuildFile; fileRef = 695204C724B1F29E004BDBE2 /* Savitar2UITests.swift */; };
		695484A61FC4E6E400A6983F /* Assets.xcassets in Resources */ = {isa = PBXBuildFile; fileRef = 695484A51FC4E6E400A6983F /* Assets.xcassets */; };
		695484A91FC4E6E400A6983F /* Main.storyboard in Resources */ = {isa = PBXBuildFile; fileRef = 695484A71FC4E6E400A6983F /* Main.storyboard */; };
		695F5A4D2585BD8300AB6BA6 /* WorldSettings.storyboard in Resources */ = {isa = PBXBuildFile; fileRef = 695F5A4B2585BD8300AB6BA6 /* WorldSettings.storyboard */; };
		695F5A502585C00100AB6BA6 /* WorldPicker.storyboard in Resources */ = {isa = PBXBuildFile; fileRef = 695F5A4E2585C00100AB6BA6 /* WorldPicker.storyboard */; };
		695F5A612588562E00AB6BA6 /* ReSwiftTests.swift in Sources */ = {isa = PBXBuildFile; fileRef = 695F5A602588562E00AB6BA6 /* ReSwiftTests.swift */; };
		695F5A6F25899CE100AB6BA6 /* SavitarXMLProtocol.swift in Sources */ = {isa = PBXBuildFile; fileRef = 695F5A6725899CE000AB6BA6 /* SavitarXMLProtocol.swift */; };
		695F5A7025899CE100AB6BA6 /* SavitarObject.swift in Sources */ = {isa = PBXBuildFile; fileRef = 695F5A6825899CE000AB6BA6 /* SavitarObject.swift */; };
		695F5A7125899CE100AB6BA6 /* SavitarObjectPasteboardWriter.swift in Sources */ = {isa = PBXBuildFile; fileRef = 695F5A6925899CE000AB6BA6 /* SavitarObjectPasteboardWriter.swift */; };
		695F5A7225899CE100AB6BA6 /* SavitarObjectId.swift in Sources */ = {isa = PBXBuildFile; fileRef = 695F5A6A25899CE000AB6BA6 /* SavitarObjectId.swift */; };
		695F5A7325899CE100AB6BA6 /* ModelManager.swift in Sources */ = {isa = PBXBuildFile; fileRef = 695F5A6B25899CE000AB6BA6 /* ModelManager.swift */; };
		695F5A9025899EBC00AB6BA6 /* Macro.swift in Sources */ = {isa = PBXBuildFile; fileRef = 695F5A8525899EBC00AB6BA6 /* Macro.swift */; };
		695F5A9125899EBC00AB6BA6 /* Keycode.swift in Sources */ = {isa = PBXBuildFile; fileRef = 695F5A8625899EBC00AB6BA6 /* Keycode.swift */; };
		695F5A9225899EBC00AB6BA6 /* HotKey.swift in Sources */ = {isa = PBXBuildFile; fileRef = 695F5A8725899EBC00AB6BA6 /* HotKey.swift */; };
		695F5A9325899EBC00AB6BA6 /* MacroMan.swift in Sources */ = {isa = PBXBuildFile; fileRef = 695F5A8825899EBC00AB6BA6 /* MacroMan.swift */; };
		695F5A9425899EBC00AB6BA6 /* TrigTextStyle.swift in Sources */ = {isa = PBXBuildFile; fileRef = 695F5A8A25899EBC00AB6BA6 /* TrigTextStyle.swift */; };
		695F5A9525899EBC00AB6BA6 /* Trigger.swift in Sources */ = {isa = PBXBuildFile; fileRef = 695F5A8B25899EBC00AB6BA6 /* Trigger.swift */; };
		695F5A9625899EBC00AB6BA6 /* TriggerMan.swift in Sources */ = {isa = PBXBuildFile; fileRef = 695F5A8C25899EBC00AB6BA6 /* TriggerMan.swift */; };
		695F5A9725899EBC00AB6BA6 /* WorldMan.swift in Sources */ = {isa = PBXBuildFile; fileRef = 695F5A8E25899EBC00AB6BA6 /* WorldMan.swift */; };
		695F5A9825899EBC00AB6BA6 /* World.swift in Sources */ = {isa = PBXBuildFile; fileRef = 695F5A8F25899EBC00AB6BA6 /* World.swift */; };
		695F5A9C25899EE200AB6BA6 /* ColorMan.swift in Sources */ = {isa = PBXBuildFile; fileRef = 695F5A9A25899EE200AB6BA6 /* ColorMan.swift */; };
		695F5A9D25899EE200AB6BA6 /* SavColor.swift in Sources */ = {isa = PBXBuildFile; fileRef = 695F5A9B25899EE200AB6BA6 /* SavColor.swift */; };
		695F5AB225899EFD00AB6BA6 /* ConnectionStatusViewController.swift in Sources */ = {isa = PBXBuildFile; fileRef = 695F5A9F25899EFD00AB6BA6 /* ConnectionStatusViewController.swift */; };
		695F5AB325899EFD00AB6BA6 /* OutputViewNavigationDelegate.swift in Sources */ = {isa = PBXBuildFile; fileRef = 695F5AA025899EFD00AB6BA6 /* OutputViewNavigationDelegate.swift */; };
		695F5AB425899EFD00AB6BA6 /* OutputView.swift in Sources */ = {isa = PBXBuildFile; fileRef = 695F5AA125899EFD00AB6BA6 /* OutputView.swift */; };
		695F5AB525899EFD00AB6BA6 /* Session.swift in Sources */ = {isa = PBXBuildFile; fileRef = 695F5AA225899EFD00AB6BA6 /* Session.swift */; };
		695F5AB725899EFD00AB6BA6 /* SessionViewController.swift in Sources */ = {isa = PBXBuildFile; fileRef = 695F5AA425899EFD00AB6BA6 /* SessionViewController.swift */; };
		695F5AB825899EFD00AB6BA6 /* TelnetParser.swift in Sources */ = {isa = PBXBuildFile; fileRef = 695F5AA525899EFD00AB6BA6 /* TelnetParser.swift */; };
		695F5AB925899EFD00AB6BA6 /* WindowController.swift in Sources */ = {isa = PBXBuildFile; fileRef = 695F5AA625899EFD00AB6BA6 /* WindowController.swift */; };
		695F5ABA25899EFD00AB6BA6 /* Command.swift in Sources */ = {isa = PBXBuildFile; fileRef = 695F5AA725899EFD00AB6BA6 /* Command.swift */; };
		695F5ABB25899EFD00AB6BA6 /* InputViewController.swift in Sources */ = {isa = PBXBuildFile; fileRef = 695F5AA825899EFD00AB6BA6 /* InputViewController.swift */; };
		695F5ABC25899EFD00AB6BA6 /* OutputViewController.swift in Sources */ = {isa = PBXBuildFile; fileRef = 695F5AA925899EFD00AB6BA6 /* OutputViewController.swift */; };
		695F5ABD25899EFD00AB6BA6 /* SessionHandlerProtocol.swift in Sources */ = {isa = PBXBuildFile; fileRef = 695F5AAA25899EFD00AB6BA6 /* SessionHandlerProtocol.swift */; };
		695F5ABE25899EFD00AB6BA6 /* Document.swift in Sources */ = {isa = PBXBuildFile; fileRef = 695F5AAB25899EFD00AB6BA6 /* Document.swift */; };
		695F5ABF25899EFD00AB6BA6 /* DocumentV1.swift in Sources */ = {isa = PBXBuildFile; fileRef = 695F5AAC25899EFD00AB6BA6 /* DocumentV1.swift */; };
		695F5AC025899EFD00AB6BA6 /* Ansi2HtmlParser.swift in Sources */ = {isa = PBXBuildFile; fileRef = 695F5AAD25899EFD00AB6BA6 /* Ansi2HtmlParser.swift */; };
		695F5AC125899EFD00AB6BA6 /* AppearanceSettingsController.swift in Sources */ = {isa = PBXBuildFile; fileRef = 695F5AAE25899EFD00AB6BA6 /* AppearanceSettingsController.swift */; };
		695F5AC225899EFD00AB6BA6 /* InputSettingsController.swift in Sources */ = {isa = PBXBuildFile; fileRef = 695F5AAF25899EFD00AB6BA6 /* InputSettingsController.swift */; };
		695F5AC325899EFD00AB6BA6 /* WorldSettingsController.swift in Sources */ = {isa = PBXBuildFile; fileRef = 695F5AB025899EFD00AB6BA6 /* WorldSettingsController.swift */; };
		695F5AC425899EFD00AB6BA6 /* DocumentV2.swift in Sources */ = {isa = PBXBuildFile; fileRef = 695F5AB125899EFD00AB6BA6 /* DocumentV2.swift */; };
		695F5AE125899FA400AB6BA6 /* TriggerMatchingViewController.swift in Sources */ = {isa = PBXBuildFile; fileRef = 695F5AC725899FA400AB6BA6 /* TriggerMatchingViewController.swift */; };
		695F5AE325899FA400AB6BA6 /* MacrosTabController.swift in Sources */ = {isa = PBXBuildFile; fileRef = 695F5AC925899FA400AB6BA6 /* MacrosTabController.swift */; };
		695F5AE425899FA400AB6BA6 /* MacroViewModel.swift in Sources */ = {isa = PBXBuildFile; fileRef = 695F5ACA25899FA400AB6BA6 /* MacroViewModel.swift */; };
		695F5AE525899FA400AB6BA6 /* MacroViewController.swift in Sources */ = {isa = PBXBuildFile; fileRef = 695F5ACB25899FA400AB6BA6 /* MacroViewController.swift */; };
		695F5AE625899FA400AB6BA6 /* EventsTabController.swift in Sources */ = {isa = PBXBuildFile; fileRef = 695F5ACC25899FA400AB6BA6 /* EventsTabController.swift */; };
		695F5AE725899FA400AB6BA6 /* EventsViewController.swift in Sources */ = {isa = PBXBuildFile; fileRef = 695F5ACD25899FA400AB6BA6 /* EventsViewController.swift */; };
		695F5AE825899FA400AB6BA6 /* TriggerReplyViewController.swift in Sources */ = {isa = PBXBuildFile; fileRef = 695F5ACE25899FA400AB6BA6 /* TriggerReplyViewController.swift */; };
		695F5AE925899FA400AB6BA6 /* TriggerViewModel.swift in Sources */ = {isa = PBXBuildFile; fileRef = 695F5ACF25899FA400AB6BA6 /* TriggerViewModel.swift */; };
		695F5AEA25899FA400AB6BA6 /* TriggerViewController.swift in Sources */ = {isa = PBXBuildFile; fileRef = 695F5AD025899FA400AB6BA6 /* TriggerViewController.swift */; };
		695F5AEB25899FA400AB6BA6 /* TriggersTabController.swift in Sources */ = {isa = PBXBuildFile; fileRef = 695F5AD125899FA400AB6BA6 /* TriggersTabController.swift */; };
		695F5AEC25899FA400AB6BA6 /* TriggerAudioCueViewController.swift in Sources */ = {isa = PBXBuildFile; fileRef = 695F5AD225899FA400AB6BA6 /* TriggerAudioCueViewController.swift */; };
		695F5AED25899FA400AB6BA6 /* HotKeyEditor.swift in Sources */ = {isa = PBXBuildFile; fileRef = 695F5AD325899FA400AB6BA6 /* HotKeyEditor.swift */; };
		695F5AEE25899FA400AB6BA6 /* TriggerTableDataSource.swift in Sources */ = {isa = PBXBuildFile; fileRef = 695F5AD425899FA400AB6BA6 /* TriggerTableDataSource.swift */; };
		695F5AEF25899FA400AB6BA6 /* MacroTableDataSource.swift in Sources */ = {isa = PBXBuildFile; fileRef = 695F5AD525899FA400AB6BA6 /* MacroTableDataSource.swift */; };
		695F5AF025899FA400AB6BA6 /* TriggerAppearanceViewController.swift in Sources */ = {isa = PBXBuildFile; fileRef = 695F5AD625899FA400AB6BA6 /* TriggerAppearanceViewController.swift */; };
		695F5AF125899FA400AB6BA6 /* DetailsTabViewController.swift in Sources */ = {isa = PBXBuildFile; fileRef = 695F5AD725899FA400AB6BA6 /* DetailsTabViewController.swift */; };
		695F5AF225899FA400AB6BA6 /* EventsSplitViewController.swift in Sources */ = {isa = PBXBuildFile; fileRef = 695F5AD825899FA400AB6BA6 /* EventsSplitViewController.swift */; };
		695F5AF325899FA400AB6BA6 /* TitledTableCellView.swift in Sources */ = {isa = PBXBuildFile; fileRef = 695F5AD925899FA400AB6BA6 /* TitledTableCellView.swift */; };
		695F5AF425899FA400AB6BA6 /* CheckableTableCellView.swift in Sources */ = {isa = PBXBuildFile; fileRef = 695F5ADA25899FA400AB6BA6 /* CheckableTableCellView.swift */; };
		695F5AF525899FA400AB6BA6 /* WorldViewModel.swift in Sources */ = {isa = PBXBuildFile; fileRef = 695F5ADC25899FA400AB6BA6 /* WorldViewModel.swift */; };
		695F5AF725899FA400AB6BA6 /* WorldPickerController.swift in Sources */ = {isa = PBXBuildFile; fileRef = 695F5ADE25899FA400AB6BA6 /* WorldPickerController.swift */; };
		695F5AF825899FA400AB6BA6 /* WorldTableDataSource.swift in Sources */ = {isa = PBXBuildFile; fileRef = 695F5ADF25899FA400AB6BA6 /* WorldTableDataSource.swift */; };
		695F5AF925899FA400AB6BA6 /* CheckBox.swift in Sources */ = {isa = PBXBuildFile; fileRef = 695F5AE025899FA400AB6BA6 /* CheckBox.swift */; };
		695F5AFD25899FD500AB6BA6 /* ListViewModel.swift in Sources */ = {isa = PBXBuildFile; fileRef = 695F5AFB25899FD500AB6BA6 /* ListViewModel.swift */; };
		695F5AFE25899FD500AB6BA6 /* ItemTableDataSourceType.swift in Sources */ = {isa = PBXBuildFile; fileRef = 695F5AFC25899FD500AB6BA6 /* ItemTableDataSourceType.swift */; };
		695F5B012589A0B300AB6BA6 /* EventsWindow.storyboard in Resources */ = {isa = PBXBuildFile; fileRef = 695F5AFF2589A0B200AB6BA6 /* EventsWindow.storyboard */; };
		695F5B27258E8EB100AB6BA6 /* TriggerReducer.swift in Sources */ = {isa = PBXBuildFile; fileRef = 695F5B1C258E8EB100AB6BA6 /* TriggerReducer.swift */; };
		695F5B28258E8EB100AB6BA6 /* MacroActions.swift in Sources */ = {isa = PBXBuildFile; fileRef = 695F5B1D258E8EB100AB6BA6 /* MacroActions.swift */; };
		695F5B29258E8EB100AB6BA6 /* ReactionsUndoMiddleware.swift in Sources */ = {isa = PBXBuildFile; fileRef = 695F5B1E258E8EB100AB6BA6 /* ReactionsUndoMiddleware.swift */; };
		695F5B2A258E8EB100AB6BA6 /* MacroReducer.swift in Sources */ = {isa = PBXBuildFile; fileRef = 695F5B1F258E8EB100AB6BA6 /* MacroReducer.swift */; };
		695F5B2B258E8EB100AB6BA6 /* TriggerActions.swift in Sources */ = {isa = PBXBuildFile; fileRef = 695F5B20258E8EB100AB6BA6 /* TriggerActions.swift */; };
		695F5B2C258E8EB100AB6BA6 /* ReactionsState.swift in Sources */ = {isa = PBXBuildFile; fileRef = 695F5B21258E8EB100AB6BA6 /* ReactionsState.swift */; };
		695F5B2E258E8EB100AB6BA6 /* NotUndoable.swift in Sources */ = {isa = PBXBuildFile; fileRef = 695F5B24258E8EB100AB6BA6 /* NotUndoable.swift */; };
		695F5B2F258E8EB100AB6BA6 /* UndoCommand.swift in Sources */ = {isa = PBXBuildFile; fileRef = 695F5B25258E8EB100AB6BA6 /* UndoCommand.swift */; };
		695F5B34258EE13600AB6BA6 /* UndoableReaction.swift in Sources */ = {isa = PBXBuildFile; fileRef = 695F5B33258EE13600AB6BA6 /* UndoableReaction.swift */; };
		695F5B36258EE20E00AB6BA6 /* ReactionsUndoContext.swift in Sources */ = {isa = PBXBuildFile; fileRef = 695F5B35258EE20E00AB6BA6 /* ReactionsUndoContext.swift */; };
		695F5B38258EE35000AB6BA6 /* ReactionsActions.swift in Sources */ = {isa = PBXBuildFile; fileRef = 695F5B37258EE35000AB6BA6 /* ReactionsActions.swift */; };
		695F5B3C258EE42A00AB6BA6 /* ItemListState.swift in Sources */ = {isa = PBXBuildFile; fileRef = 695F5B3B258EE42A00AB6BA6 /* ItemListState.swift */; };
		695F5B3E258EE49C00AB6BA6 /* ReactionsStore.swift in Sources */ = {isa = PBXBuildFile; fileRef = 695F5B3D258EE49B00AB6BA6 /* ReactionsStore.swift */; };
		695F5B46258EE73800AB6BA6 /* WorldsState.swift in Sources */ = {isa = PBXBuildFile; fileRef = 695F5B40258EE73800AB6BA6 /* WorldsState.swift */; };
		695F5B47258EE73800AB6BA6 /* WorldsActions.swift in Sources */ = {isa = PBXBuildFile; fileRef = 695F5B41258EE73800AB6BA6 /* WorldsActions.swift */; };
		695F5B49258EE73800AB6BA6 /* WorldsUndoContext.swift in Sources */ = {isa = PBXBuildFile; fileRef = 695F5B43258EE73800AB6BA6 /* WorldsUndoContext.swift */; };
		695F5B4A258EE73800AB6BA6 /* WorldsStore.swift in Sources */ = {isa = PBXBuildFile; fileRef = 695F5B44258EE73800AB6BA6 /* WorldsStore.swift */; };
		695F5B4D258EEBD200AB6BA6 /* WorldsUndoMiddleware.swift in Sources */ = {isa = PBXBuildFile; fileRef = 695F5B4C258EEBD200AB6BA6 /* WorldsUndoMiddleware.swift */; };
		695F5B502592E64E00AB6BA6 /* WorldWizard.storyboard in Resources */ = {isa = PBXBuildFile; fileRef = 695F5B4E2592E64E00AB6BA6 /* WorldWizard.storyboard */; };
		695F5B532592E71000AB6BA6 /* WorldWizardController.swift in Sources */ = {isa = PBXBuildFile; fileRef = 695F5B522592E71000AB6BA6 /* WorldWizardController.swift */; };
		69652A9B26443E4B0044877A /* OutputSettingsController.swift in Sources */ = {isa = PBXBuildFile; fileRef = 69652A9A26443E4B0044877A /* OutputSettingsController.swift */; };
		69662B2D204367BD00E7CC7B /* NSColor+Extensions.swift in Sources */ = {isa = PBXBuildFile; fileRef = 69662B24204367BD00E7CC7B /* NSColor+Extensions.swift */; };
		69662B2E204367BD00E7CC7B /* String+Extensions.swift in Sources */ = {isa = PBXBuildFile; fileRef = 69662B25204367BD00E7CC7B /* String+Extensions.swift */; };
		69662B2F204367BD00E7CC7B /* AppDelegate.swift in Sources */ = {isa = PBXBuildFile; fileRef = 69662B26204367BD00E7CC7B /* AppDelegate.swift */; };
		6968381A2558FCC900F0BC20 /* Logging in Frameworks */ = {isa = PBXBuildFile; productRef = 696838192558FCC900F0BC20 /* Logging */; };
		6968381C255B6FF800F0BC20 /* Ansi2HtmlParserTests.swift in Sources */ = {isa = PBXBuildFile; fileRef = 6968381B255B6FF800F0BC20 /* Ansi2HtmlParserTests.swift */; };
		696F77482390D256005E45EB /* Appearance.txt in Resources */ = {isa = PBXBuildFile; fileRef = 696F77472390D256005E45EB /* Appearance.txt */; };
		697D14A6239D828900BBF33C /* TriggerTests.swift in Sources */ = {isa = PBXBuildFile; fileRef = 697D14A5239D828900BBF33C /* TriggerTests.swift */; };
		698667D024E97E710061AA86 /* SpeakerMan.swift in Sources */ = {isa = PBXBuildFile; fileRef = 698667CF24E97E710061AA86 /* SpeakerMan.swift */; };
		698667D424EA18500061AA86 /* Click.m4a in Resources */ = {isa = PBXBuildFile; fileRef = 698667D324EA17B40061AA86 /* Click.m4a */; };
		698EB8B02661CD7400B3E1DF /* Dictionary+Extensions.swift in Sources */ = {isa = PBXBuildFile; fileRef = 698EB8AF2661CD7400B3E1DF /* Dictionary+Extensions.swift */; };
		6991F4642393245B00E2BFDB /* Data+Extensions.swift in Sources */ = {isa = PBXBuildFile; fileRef = 6991F4632393245B00E2BFDB /* Data+Extensions.swift */; };
		699A413025CE2C190001C033 /* AppPrefs.storyboard in Resources */ = {isa = PBXBuildFile; fileRef = 699A412E25CE2C190001C033 /* AppPrefs.storyboard */; };
		699A413225CE2CDD0001C033 /* AppPrefsViewController.swift in Sources */ = {isa = PBXBuildFile; fileRef = 699A413125CE2CDD0001C033 /* AppPrefsViewController.swift */; };
		69AA616425A535A900736894 /* SpeechPrefs.storyboard in Resources */ = {isa = PBXBuildFile; fileRef = 69AA616225A535A900736894 /* SpeechPrefs.storyboard */; };
		69BE3EAF24FC41C30035CF88 /* AppIcon.icns in Resources */ = {isa = PBXBuildFile; fileRef = 69BE3EAD24FC41C30035CF88 /* AppIcon.icns */; };
		69BE3EB024FC41C30035CF88 /* World.icns in Resources */ = {isa = PBXBuildFile; fileRef = 69BE3EAE24FC41C30035CF88 /* World.icns */; };
		69C1F0D225A3E5480048A739 /* AppPreferencesStore.swift in Sources */ = {isa = PBXBuildFile; fileRef = 69C1F0D125A3E5480048A739 /* AppPreferencesStore.swift */; };
		69C1F0D625A3E6D70048A739 /* AppPreferencesActions.swift in Sources */ = {isa = PBXBuildFile; fileRef = 69C1F0D525A3E6D70048A739 /* AppPreferencesActions.swift */; };
		69C1F0D825A3E70B0048A739 /* AppPreferencesUndoMiddleware.swift in Sources */ = {isa = PBXBuildFile; fileRef = 69C1F0D725A3E70B0048A739 /* AppPreferencesUndoMiddleware.swift */; };
		69C1F0DA25A3E8A90048A739 /* AppPreferencesUndoContext.swift in Sources */ = {isa = PBXBuildFile; fileRef = 69C1F0D925A3E8A90048A739 /* AppPreferencesUndoContext.swift */; };
		69C1F0DC25A4A9F60048A739 /* SpeechPrefsViewController.swift in Sources */ = {isa = PBXBuildFile; fileRef = 69C1F0DB25A4A9F60048A739 /* SpeechPrefsViewController.swift */; };
		69CEEDCF23B3D75F00E9F087 /* MacroManTests.swift in Sources */ = {isa = PBXBuildFile; fileRef = 69CEEDCE23B3D75F00E9F087 /* MacroManTests.swift */; };
		69CEEDD123B3EEA700E9F087 /* MacroTests.swift in Sources */ = {isa = PBXBuildFile; fileRef = 69CEEDD023B3EEA700E9F087 /* MacroTests.swift */; };
		69CEEDD823B4064D00E9F087 /* ColorManTests.swift in Sources */ = {isa = PBXBuildFile; fileRef = 69CEEDD723B4064D00E9F087 /* ColorManTests.swift */; };
		69CEEDDA23B4078400E9F087 /* SavColorTests.swift in Sources */ = {isa = PBXBuildFile; fileRef = 69CEEDD923B4078400E9F087 /* SavColorTests.swift */; };
		69CEEDE623C2A07B00E9F087 /* Array+Extensions.swift in Sources */ = {isa = PBXBuildFile; fileRef = 69CEEDE523C2A07A00E9F087 /* Array+Extensions.swift */; };
		69CEEDF323D6213900E9F087 /* ReSwift in Frameworks */ = {isa = PBXBuildFile; productRef = 69CEEDF223D6213900E9F087 /* ReSwift */; };
		69D6E5EF24B203CB00058D70 /* SwiftyXMLParser in Frameworks */ = {isa = PBXBuildFile; productRef = 69D6E5EE24B203CB00058D70 /* SwiftyXMLParser */; };
		69F620DF204B86E700301A8D /* NSWindow+Extensions.swift in Sources */ = {isa = PBXBuildFile; fileRef = 69F620DE204B86E700301A8D /* NSWindow+Extensions.swift */; };
		69F620E1204B872400301A8D /* CGFloat+Extensions.swift in Sources */ = {isa = PBXBuildFile; fileRef = 69F620E0204B872400301A8D /* CGFloat+Extensions.swift */; };
		69FC914D23A1E15C00980CBF /* OptionSet+Extensions.swift in Sources */ = {isa = PBXBuildFile; fileRef = 69FC914C23A1E15C00980CBF /* OptionSet+Extensions.swift */; };
		8EC587E8419D8E733647527D /* Pods_Savitar2Tests.framework in Frameworks */ = {isa = PBXBuildFile; fileRef = E8C2D0666F79855C3B3233E7 /* Pods_Savitar2Tests.framework */; };
		B95AD7509F50F626C209BE85 /* Pods_Savitar2.framework in Frameworks */ = {isa = PBXBuildFile; fileRef = F59E2B18C57FF7EEAC39A2EF /* Pods_Savitar2.framework */; };
		BCD761E32F1DA985B627E436 /* Pods_Savitar2UITests.framework in Frameworks */ = {isa = PBXBuildFile; fileRef = AF6F28F7F8F374A69DDD0671 /* Pods_Savitar2UITests.framework */; };
/* End PBXBuildFile section */

/* Begin PBXContainerItemProxy section */
		695484B11FC4E6E400A6983F /* PBXContainerItemProxy */ = {
			isa = PBXContainerItemProxy;
			containerPortal = 695484941FC4E6E400A6983F /* Project object */;
			proxyType = 1;
			remoteGlobalIDString = 6954849B1FC4E6E400A6983F;
			remoteInfo = Savitar2;
		};
		695484BC1FC4E6E400A6983F /* PBXContainerItemProxy */ = {
			isa = PBXContainerItemProxy;
			containerPortal = 695484941FC4E6E400A6983F /* Project object */;
			proxyType = 1;
			remoteGlobalIDString = 6954849B1FC4E6E400A6983F;
			remoteInfo = Savitar2;
		};
/* End PBXContainerItemProxy section */

/* Begin PBXFileReference section */
		3235793AAC80CA5164752D22 /* Pods-Savitar2Tests.debug.xcconfig */ = {isa = PBXFileReference; includeInIndex = 1; lastKnownFileType = text.xcconfig; name = "Pods-Savitar2Tests.debug.xcconfig"; path = "Target Support Files/Pods-Savitar2Tests/Pods-Savitar2Tests.debug.xcconfig"; sourceTree = "<group>"; };
		4CE776B73CC64B9021104A7F /* Pods-Savitar2.debug.xcconfig */ = {isa = PBXFileReference; includeInIndex = 1; lastKnownFileType = text.xcconfig; name = "Pods-Savitar2.debug.xcconfig"; path = "Target Support Files/Pods-Savitar2/Pods-Savitar2.debug.xcconfig"; sourceTree = "<group>"; };
		679EC5233D3113D0EBC899EB /* Pods-Savitar2Tests.release.xcconfig */ = {isa = PBXFileReference; includeInIndex = 1; lastKnownFileType = text.xcconfig; name = "Pods-Savitar2Tests.release.xcconfig"; path = "Target Support Files/Pods-Savitar2Tests/Pods-Savitar2Tests.release.xcconfig"; sourceTree = "<group>"; };
		69000EE12397CF09009976E0 /* AppContext.swift */ = {isa = PBXFileReference; lastKnownFileType = sourcecode.swift; path = AppContext.swift; sourceTree = "<group>"; };
		69071B3823A52A7B001C58B1 /* TriggerManTests.swift */ = {isa = PBXFileReference; lastKnownFileType = sourcecode.swift; path = TriggerManTests.swift; sourceTree = "<group>"; };
		69071B3A23A55796001C58B1 /* SwiftyXMLParserTests.swift */ = {isa = PBXFileReference; lastKnownFileType = sourcecode.swift; path = SwiftyXMLParserTests.swift; sourceTree = "<group>"; };
		69071B3C23A6816A001C58B1 /* XMLElement+Extensions.swift */ = {isa = PBXFileReference; lastKnownFileType = sourcecode.swift; path = "XMLElement+Extensions.swift"; sourceTree = "<group>"; };
		69071B3E23A6EA51001C58B1 /* WorldTests.swift */ = {isa = PBXFileReference; lastKnownFileType = sourcecode.swift; path = WorldTests.swift; sourceTree = "<group>"; };
		690B462223AA4CB0000445E4 /* AppPreferences.swift */ = {isa = PBXFileReference; lastKnownFileType = sourcecode.swift; path = AppPreferences.swift; sourceTree = "<group>"; };
		690B462A23B16AAD000445E4 /* AppPreferencesTests.swift */ = {isa = PBXFileReference; lastKnownFileType = sourcecode.swift; path = AppPreferencesTests.swift; sourceTree = "<group>"; };
		690B462C23B16B54000445E4 /* StartupPreferences.xml */ = {isa = PBXFileReference; fileEncoding = 4; lastKnownFileType = text.xml; path = StartupPreferences.xml; sourceTree = "<group>"; };
		691696D025A0CCC700569021 /* AppPreferencesState.swift */ = {isa = PBXFileReference; fileEncoding = 4; lastKnownFileType = sourcecode.swift; path = AppPreferencesState.swift; sourceTree = "<group>"; };
		69376D4E2579B01A00A99245 /* Collection+Extensions.swift */ = {isa = PBXFileReference; lastKnownFileType = sourcecode.swift; path = "Collection+Extensions.swift"; sourceTree = "<group>"; };
		6952048C24B1EFB2004BDBE2 /* HotKeyTests.swift */ = {isa = PBXFileReference; fileEncoding = 4; lastKnownFileType = sourcecode.swift; path = HotKeyTests.swift; sourceTree = "<group>"; };
		695204C724B1F29E004BDBE2 /* Savitar2UITests.swift */ = {isa = PBXFileReference; fileEncoding = 4; lastKnownFileType = sourcecode.swift; path = Savitar2UITests.swift; sourceTree = "<group>"; };
		695204C824B1F29E004BDBE2 /* Info.plist */ = {isa = PBXFileReference; fileEncoding = 4; lastKnownFileType = text.plist.xml; path = Info.plist; sourceTree = "<group>"; };
		6954849C1FC4E6E400A6983F /* Savitar2.app */ = {isa = PBXFileReference; explicitFileType = wrapper.application; includeInIndex = 0; path = Savitar2.app; sourceTree = BUILT_PRODUCTS_DIR; };
		695484A51FC4E6E400A6983F /* Assets.xcassets */ = {isa = PBXFileReference; lastKnownFileType = folder.assetcatalog; path = Assets.xcassets; sourceTree = "<group>"; };
		695484A81FC4E6E400A6983F /* Base */ = {isa = PBXFileReference; lastKnownFileType = file.storyboard; name = Base; path = Base.lproj/Main.storyboard; sourceTree = "<group>"; };
		695484AA1FC4E6E400A6983F /* Info.plist */ = {isa = PBXFileReference; lastKnownFileType = text.plist.xml; path = Info.plist; sourceTree = "<group>"; };
		695484B01FC4E6E400A6983F /* Savitar2Tests.xctest */ = {isa = PBXFileReference; explicitFileType = wrapper.cfbundle; includeInIndex = 0; path = Savitar2Tests.xctest; sourceTree = BUILT_PRODUCTS_DIR; };
		695484B61FC4E6E400A6983F /* Info.plist */ = {isa = PBXFileReference; lastKnownFileType = text.plist.xml; path = Info.plist; sourceTree = "<group>"; };
		695484BB1FC4E6E400A6983F /* Savitar2UITests.xctest */ = {isa = PBXFileReference; explicitFileType = wrapper.cfbundle; includeInIndex = 0; path = Savitar2UITests.xctest; sourceTree = BUILT_PRODUCTS_DIR; };
		695F5A4C2585BD8300AB6BA6 /* Base */ = {isa = PBXFileReference; lastKnownFileType = file.storyboard; name = Base; path = Base.lproj/WorldSettings.storyboard; sourceTree = "<group>"; };
		695F5A4F2585C00100AB6BA6 /* Base */ = {isa = PBXFileReference; lastKnownFileType = file.storyboard; name = Base; path = Base.lproj/WorldPicker.storyboard; sourceTree = "<group>"; };
		695F5A602588562E00AB6BA6 /* ReSwiftTests.swift */ = {isa = PBXFileReference; lastKnownFileType = sourcecode.swift; path = ReSwiftTests.swift; sourceTree = "<group>"; };
		695F5A6725899CE000AB6BA6 /* SavitarXMLProtocol.swift */ = {isa = PBXFileReference; fileEncoding = 4; lastKnownFileType = sourcecode.swift; path = SavitarXMLProtocol.swift; sourceTree = "<group>"; };
		695F5A6825899CE000AB6BA6 /* SavitarObject.swift */ = {isa = PBXFileReference; fileEncoding = 4; lastKnownFileType = sourcecode.swift; path = SavitarObject.swift; sourceTree = "<group>"; };
		695F5A6925899CE000AB6BA6 /* SavitarObjectPasteboardWriter.swift */ = {isa = PBXFileReference; fileEncoding = 4; lastKnownFileType = sourcecode.swift; path = SavitarObjectPasteboardWriter.swift; sourceTree = "<group>"; };
		695F5A6A25899CE000AB6BA6 /* SavitarObjectId.swift */ = {isa = PBXFileReference; fileEncoding = 4; lastKnownFileType = sourcecode.swift; path = SavitarObjectId.swift; sourceTree = "<group>"; };
		695F5A6B25899CE000AB6BA6 /* ModelManager.swift */ = {isa = PBXFileReference; fileEncoding = 4; lastKnownFileType = sourcecode.swift; path = ModelManager.swift; sourceTree = "<group>"; };
		695F5A8525899EBC00AB6BA6 /* Macro.swift */ = {isa = PBXFileReference; fileEncoding = 4; lastKnownFileType = sourcecode.swift; path = Macro.swift; sourceTree = "<group>"; };
		695F5A8625899EBC00AB6BA6 /* Keycode.swift */ = {isa = PBXFileReference; fileEncoding = 4; lastKnownFileType = sourcecode.swift; path = Keycode.swift; sourceTree = "<group>"; };
		695F5A8725899EBC00AB6BA6 /* HotKey.swift */ = {isa = PBXFileReference; fileEncoding = 4; lastKnownFileType = sourcecode.swift; path = HotKey.swift; sourceTree = "<group>"; };
		695F5A8825899EBC00AB6BA6 /* MacroMan.swift */ = {isa = PBXFileReference; fileEncoding = 4; lastKnownFileType = sourcecode.swift; path = MacroMan.swift; sourceTree = "<group>"; };
		695F5A8A25899EBC00AB6BA6 /* TrigTextStyle.swift */ = {isa = PBXFileReference; fileEncoding = 4; lastKnownFileType = sourcecode.swift; path = TrigTextStyle.swift; sourceTree = "<group>"; };
		695F5A8B25899EBC00AB6BA6 /* Trigger.swift */ = {isa = PBXFileReference; fileEncoding = 4; lastKnownFileType = sourcecode.swift; path = Trigger.swift; sourceTree = "<group>"; };
		695F5A8C25899EBC00AB6BA6 /* TriggerMan.swift */ = {isa = PBXFileReference; fileEncoding = 4; lastKnownFileType = sourcecode.swift; path = TriggerMan.swift; sourceTree = "<group>"; };
		695F5A8E25899EBC00AB6BA6 /* WorldMan.swift */ = {isa = PBXFileReference; fileEncoding = 4; lastKnownFileType = sourcecode.swift; path = WorldMan.swift; sourceTree = "<group>"; };
		695F5A8F25899EBC00AB6BA6 /* World.swift */ = {isa = PBXFileReference; fileEncoding = 4; lastKnownFileType = sourcecode.swift; path = World.swift; sourceTree = "<group>"; };
		695F5A9A25899EE200AB6BA6 /* ColorMan.swift */ = {isa = PBXFileReference; fileEncoding = 4; lastKnownFileType = sourcecode.swift; path = ColorMan.swift; sourceTree = "<group>"; };
		695F5A9B25899EE200AB6BA6 /* SavColor.swift */ = {isa = PBXFileReference; fileEncoding = 4; lastKnownFileType = sourcecode.swift; path = SavColor.swift; sourceTree = "<group>"; };
		695F5A9F25899EFD00AB6BA6 /* ConnectionStatusViewController.swift */ = {isa = PBXFileReference; fileEncoding = 4; lastKnownFileType = sourcecode.swift; path = ConnectionStatusViewController.swift; sourceTree = "<group>"; };
		695F5AA025899EFD00AB6BA6 /* OutputViewNavigationDelegate.swift */ = {isa = PBXFileReference; fileEncoding = 4; lastKnownFileType = sourcecode.swift; path = OutputViewNavigationDelegate.swift; sourceTree = "<group>"; };
		695F5AA125899EFD00AB6BA6 /* OutputView.swift */ = {isa = PBXFileReference; fileEncoding = 4; lastKnownFileType = sourcecode.swift; path = OutputView.swift; sourceTree = "<group>"; };
		695F5AA225899EFD00AB6BA6 /* Session.swift */ = {isa = PBXFileReference; fileEncoding = 4; lastKnownFileType = sourcecode.swift; path = Session.swift; sourceTree = "<group>"; };
		695F5AA425899EFD00AB6BA6 /* SessionViewController.swift */ = {isa = PBXFileReference; fileEncoding = 4; lastKnownFileType = sourcecode.swift; path = SessionViewController.swift; sourceTree = "<group>"; };
		695F5AA525899EFD00AB6BA6 /* TelnetParser.swift */ = {isa = PBXFileReference; fileEncoding = 4; lastKnownFileType = sourcecode.swift; path = TelnetParser.swift; sourceTree = "<group>"; };
		695F5AA625899EFD00AB6BA6 /* WindowController.swift */ = {isa = PBXFileReference; fileEncoding = 4; lastKnownFileType = sourcecode.swift; path = WindowController.swift; sourceTree = "<group>"; };
		695F5AA725899EFD00AB6BA6 /* Command.swift */ = {isa = PBXFileReference; fileEncoding = 4; lastKnownFileType = sourcecode.swift; path = Command.swift; sourceTree = "<group>"; };
		695F5AA825899EFD00AB6BA6 /* InputViewController.swift */ = {isa = PBXFileReference; fileEncoding = 4; lastKnownFileType = sourcecode.swift; path = InputViewController.swift; sourceTree = "<group>"; };
		695F5AA925899EFD00AB6BA6 /* OutputViewController.swift */ = {isa = PBXFileReference; fileEncoding = 4; lastKnownFileType = sourcecode.swift; path = OutputViewController.swift; sourceTree = "<group>"; };
		695F5AAA25899EFD00AB6BA6 /* SessionHandlerProtocol.swift */ = {isa = PBXFileReference; fileEncoding = 4; lastKnownFileType = sourcecode.swift; path = SessionHandlerProtocol.swift; sourceTree = "<group>"; };
		695F5AAB25899EFD00AB6BA6 /* Document.swift */ = {isa = PBXFileReference; fileEncoding = 4; lastKnownFileType = sourcecode.swift; path = Document.swift; sourceTree = "<group>"; };
		695F5AAC25899EFD00AB6BA6 /* DocumentV1.swift */ = {isa = PBXFileReference; fileEncoding = 4; lastKnownFileType = sourcecode.swift; path = DocumentV1.swift; sourceTree = "<group>"; };
		695F5AAD25899EFD00AB6BA6 /* Ansi2HtmlParser.swift */ = {isa = PBXFileReference; fileEncoding = 4; lastKnownFileType = sourcecode.swift; path = Ansi2HtmlParser.swift; sourceTree = "<group>"; };
		695F5AAE25899EFD00AB6BA6 /* AppearanceSettingsController.swift */ = {isa = PBXFileReference; fileEncoding = 4; lastKnownFileType = sourcecode.swift; path = AppearanceSettingsController.swift; sourceTree = "<group>"; };
		695F5AAF25899EFD00AB6BA6 /* InputSettingsController.swift */ = {isa = PBXFileReference; fileEncoding = 4; lastKnownFileType = sourcecode.swift; path = InputSettingsController.swift; sourceTree = "<group>"; };
		695F5AB025899EFD00AB6BA6 /* WorldSettingsController.swift */ = {isa = PBXFileReference; fileEncoding = 4; lastKnownFileType = sourcecode.swift; path = WorldSettingsController.swift; sourceTree = "<group>"; };
		695F5AB125899EFD00AB6BA6 /* DocumentV2.swift */ = {isa = PBXFileReference; fileEncoding = 4; lastKnownFileType = sourcecode.swift; path = DocumentV2.swift; sourceTree = "<group>"; };
		695F5AC725899FA400AB6BA6 /* TriggerMatchingViewController.swift */ = {isa = PBXFileReference; fileEncoding = 4; lastKnownFileType = sourcecode.swift; path = TriggerMatchingViewController.swift; sourceTree = "<group>"; };
		695F5AC925899FA400AB6BA6 /* MacrosTabController.swift */ = {isa = PBXFileReference; fileEncoding = 4; lastKnownFileType = sourcecode.swift; path = MacrosTabController.swift; sourceTree = "<group>"; };
		695F5ACA25899FA400AB6BA6 /* MacroViewModel.swift */ = {isa = PBXFileReference; fileEncoding = 4; lastKnownFileType = sourcecode.swift; path = MacroViewModel.swift; sourceTree = "<group>"; };
		695F5ACB25899FA400AB6BA6 /* MacroViewController.swift */ = {isa = PBXFileReference; fileEncoding = 4; lastKnownFileType = sourcecode.swift; path = MacroViewController.swift; sourceTree = "<group>"; };
		695F5ACC25899FA400AB6BA6 /* EventsTabController.swift */ = {isa = PBXFileReference; fileEncoding = 4; lastKnownFileType = sourcecode.swift; path = EventsTabController.swift; sourceTree = "<group>"; };
		695F5ACD25899FA400AB6BA6 /* EventsViewController.swift */ = {isa = PBXFileReference; fileEncoding = 4; lastKnownFileType = sourcecode.swift; path = EventsViewController.swift; sourceTree = "<group>"; };
		695F5ACE25899FA400AB6BA6 /* TriggerReplyViewController.swift */ = {isa = PBXFileReference; fileEncoding = 4; lastKnownFileType = sourcecode.swift; path = TriggerReplyViewController.swift; sourceTree = "<group>"; };
		695F5ACF25899FA400AB6BA6 /* TriggerViewModel.swift */ = {isa = PBXFileReference; fileEncoding = 4; lastKnownFileType = sourcecode.swift; path = TriggerViewModel.swift; sourceTree = "<group>"; };
		695F5AD025899FA400AB6BA6 /* TriggerViewController.swift */ = {isa = PBXFileReference; fileEncoding = 4; lastKnownFileType = sourcecode.swift; path = TriggerViewController.swift; sourceTree = "<group>"; };
		695F5AD125899FA400AB6BA6 /* TriggersTabController.swift */ = {isa = PBXFileReference; fileEncoding = 4; lastKnownFileType = sourcecode.swift; path = TriggersTabController.swift; sourceTree = "<group>"; };
		695F5AD225899FA400AB6BA6 /* TriggerAudioCueViewController.swift */ = {isa = PBXFileReference; fileEncoding = 4; lastKnownFileType = sourcecode.swift; path = TriggerAudioCueViewController.swift; sourceTree = "<group>"; };
		695F5AD325899FA400AB6BA6 /* HotKeyEditor.swift */ = {isa = PBXFileReference; fileEncoding = 4; lastKnownFileType = sourcecode.swift; path = HotKeyEditor.swift; sourceTree = "<group>"; };
		695F5AD425899FA400AB6BA6 /* TriggerTableDataSource.swift */ = {isa = PBXFileReference; fileEncoding = 4; lastKnownFileType = sourcecode.swift; path = TriggerTableDataSource.swift; sourceTree = "<group>"; };
		695F5AD525899FA400AB6BA6 /* MacroTableDataSource.swift */ = {isa = PBXFileReference; fileEncoding = 4; lastKnownFileType = sourcecode.swift; path = MacroTableDataSource.swift; sourceTree = "<group>"; };
		695F5AD625899FA400AB6BA6 /* TriggerAppearanceViewController.swift */ = {isa = PBXFileReference; fileEncoding = 4; lastKnownFileType = sourcecode.swift; path = TriggerAppearanceViewController.swift; sourceTree = "<group>"; };
		695F5AD725899FA400AB6BA6 /* DetailsTabViewController.swift */ = {isa = PBXFileReference; fileEncoding = 4; lastKnownFileType = sourcecode.swift; path = DetailsTabViewController.swift; sourceTree = "<group>"; };
		695F5AD825899FA400AB6BA6 /* EventsSplitViewController.swift */ = {isa = PBXFileReference; fileEncoding = 4; lastKnownFileType = sourcecode.swift; path = EventsSplitViewController.swift; sourceTree = "<group>"; };
		695F5AD925899FA400AB6BA6 /* TitledTableCellView.swift */ = {isa = PBXFileReference; fileEncoding = 4; lastKnownFileType = sourcecode.swift; path = TitledTableCellView.swift; sourceTree = "<group>"; };
		695F5ADA25899FA400AB6BA6 /* CheckableTableCellView.swift */ = {isa = PBXFileReference; fileEncoding = 4; lastKnownFileType = sourcecode.swift; path = CheckableTableCellView.swift; sourceTree = "<group>"; };
		695F5ADC25899FA400AB6BA6 /* WorldViewModel.swift */ = {isa = PBXFileReference; fileEncoding = 4; lastKnownFileType = sourcecode.swift; path = WorldViewModel.swift; sourceTree = "<group>"; };
		695F5ADE25899FA400AB6BA6 /* WorldPickerController.swift */ = {isa = PBXFileReference; fileEncoding = 4; lastKnownFileType = sourcecode.swift; path = WorldPickerController.swift; sourceTree = "<group>"; };
		695F5ADF25899FA400AB6BA6 /* WorldTableDataSource.swift */ = {isa = PBXFileReference; fileEncoding = 4; lastKnownFileType = sourcecode.swift; path = WorldTableDataSource.swift; sourceTree = "<group>"; };
		695F5AE025899FA400AB6BA6 /* CheckBox.swift */ = {isa = PBXFileReference; fileEncoding = 4; lastKnownFileType = sourcecode.swift; path = CheckBox.swift; sourceTree = "<group>"; };
		695F5AFB25899FD500AB6BA6 /* ListViewModel.swift */ = {isa = PBXFileReference; fileEncoding = 4; lastKnownFileType = sourcecode.swift; path = ListViewModel.swift; sourceTree = "<group>"; };
		695F5AFC25899FD500AB6BA6 /* ItemTableDataSourceType.swift */ = {isa = PBXFileReference; fileEncoding = 4; lastKnownFileType = sourcecode.swift; path = ItemTableDataSourceType.swift; sourceTree = "<group>"; };
		695F5B002589A0B200AB6BA6 /* Base */ = {isa = PBXFileReference; lastKnownFileType = file.storyboard; name = Base; path = Base.lproj/EventsWindow.storyboard; sourceTree = "<group>"; };
		695F5B1C258E8EB100AB6BA6 /* TriggerReducer.swift */ = {isa = PBXFileReference; fileEncoding = 4; lastKnownFileType = sourcecode.swift; path = TriggerReducer.swift; sourceTree = "<group>"; };
		695F5B1D258E8EB100AB6BA6 /* MacroActions.swift */ = {isa = PBXFileReference; fileEncoding = 4; lastKnownFileType = sourcecode.swift; path = MacroActions.swift; sourceTree = "<group>"; };
		695F5B1E258E8EB100AB6BA6 /* ReactionsUndoMiddleware.swift */ = {isa = PBXFileReference; fileEncoding = 4; lastKnownFileType = sourcecode.swift; path = ReactionsUndoMiddleware.swift; sourceTree = "<group>"; };
		695F5B1F258E8EB100AB6BA6 /* MacroReducer.swift */ = {isa = PBXFileReference; fileEncoding = 4; lastKnownFileType = sourcecode.swift; path = MacroReducer.swift; sourceTree = "<group>"; };
		695F5B20258E8EB100AB6BA6 /* TriggerActions.swift */ = {isa = PBXFileReference; fileEncoding = 4; lastKnownFileType = sourcecode.swift; path = TriggerActions.swift; sourceTree = "<group>"; };
		695F5B21258E8EB100AB6BA6 /* ReactionsState.swift */ = {isa = PBXFileReference; fileEncoding = 4; lastKnownFileType = sourcecode.swift; path = ReactionsState.swift; sourceTree = "<group>"; };
		695F5B24258E8EB100AB6BA6 /* NotUndoable.swift */ = {isa = PBXFileReference; fileEncoding = 4; lastKnownFileType = sourcecode.swift; path = NotUndoable.swift; sourceTree = "<group>"; };
		695F5B25258E8EB100AB6BA6 /* UndoCommand.swift */ = {isa = PBXFileReference; fileEncoding = 4; lastKnownFileType = sourcecode.swift; path = UndoCommand.swift; sourceTree = "<group>"; };
		695F5B33258EE13600AB6BA6 /* UndoableReaction.swift */ = {isa = PBXFileReference; fileEncoding = 4; lastKnownFileType = sourcecode.swift; path = UndoableReaction.swift; sourceTree = "<group>"; };
		695F5B35258EE20E00AB6BA6 /* ReactionsUndoContext.swift */ = {isa = PBXFileReference; fileEncoding = 4; lastKnownFileType = sourcecode.swift; path = ReactionsUndoContext.swift; sourceTree = "<group>"; };
		695F5B37258EE35000AB6BA6 /* ReactionsActions.swift */ = {isa = PBXFileReference; lastKnownFileType = sourcecode.swift; path = ReactionsActions.swift; sourceTree = "<group>"; };
		695F5B3B258EE42A00AB6BA6 /* ItemListState.swift */ = {isa = PBXFileReference; lastKnownFileType = sourcecode.swift; path = ItemListState.swift; sourceTree = "<group>"; };
		695F5B3D258EE49B00AB6BA6 /* ReactionsStore.swift */ = {isa = PBXFileReference; lastKnownFileType = sourcecode.swift; path = ReactionsStore.swift; sourceTree = "<group>"; };
		695F5B40258EE73800AB6BA6 /* WorldsState.swift */ = {isa = PBXFileReference; fileEncoding = 4; lastKnownFileType = sourcecode.swift; path = WorldsState.swift; sourceTree = "<group>"; };
		695F5B41258EE73800AB6BA6 /* WorldsActions.swift */ = {isa = PBXFileReference; fileEncoding = 4; lastKnownFileType = sourcecode.swift; path = WorldsActions.swift; sourceTree = "<group>"; };
		695F5B43258EE73800AB6BA6 /* WorldsUndoContext.swift */ = {isa = PBXFileReference; fileEncoding = 4; lastKnownFileType = sourcecode.swift; path = WorldsUndoContext.swift; sourceTree = "<group>"; };
		695F5B44258EE73800AB6BA6 /* WorldsStore.swift */ = {isa = PBXFileReference; fileEncoding = 4; lastKnownFileType = sourcecode.swift; path = WorldsStore.swift; sourceTree = "<group>"; };
		695F5B4C258EEBD200AB6BA6 /* WorldsUndoMiddleware.swift */ = {isa = PBXFileReference; fileEncoding = 4; lastKnownFileType = sourcecode.swift; path = WorldsUndoMiddleware.swift; sourceTree = "<group>"; };
		695F5B4F2592E64E00AB6BA6 /* Base */ = {isa = PBXFileReference; lastKnownFileType = file.storyboard; name = Base; path = Base.lproj/WorldWizard.storyboard; sourceTree = "<group>"; };
		695F5B522592E71000AB6BA6 /* WorldWizardController.swift */ = {isa = PBXFileReference; lastKnownFileType = sourcecode.swift; path = WorldWizardController.swift; sourceTree = "<group>"; };
		69652A9A26443E4B0044877A /* OutputSettingsController.swift */ = {isa = PBXFileReference; fileEncoding = 4; lastKnownFileType = sourcecode.swift; path = OutputSettingsController.swift; sourceTree = "<group>"; };
		69662B24204367BD00E7CC7B /* NSColor+Extensions.swift */ = {isa = PBXFileReference; fileEncoding = 4; lastKnownFileType = sourcecode.swift; path = "NSColor+Extensions.swift"; sourceTree = "<group>"; };
		69662B25204367BD00E7CC7B /* String+Extensions.swift */ = {isa = PBXFileReference; fileEncoding = 4; lastKnownFileType = sourcecode.swift; path = "String+Extensions.swift"; sourceTree = "<group>"; };
		69662B26204367BD00E7CC7B /* AppDelegate.swift */ = {isa = PBXFileReference; fileEncoding = 4; lastKnownFileType = sourcecode.swift; path = AppDelegate.swift; sourceTree = "<group>"; };
		69662B302043A6E100E7CC7B /* Savitar2.entitlements */ = {isa = PBXFileReference; lastKnownFileType = text.plist.entitlements; path = Savitar2.entitlements; sourceTree = "<group>"; };
		6968381B255B6FF800F0BC20 /* Ansi2HtmlParserTests.swift */ = {isa = PBXFileReference; lastKnownFileType = sourcecode.swift; path = Ansi2HtmlParserTests.swift; sourceTree = "<group>"; };
		696F773F2390CF46005E45EB /* Savitar2-Bridging-Header.h */ = {isa = PBXFileReference; fileEncoding = 4; lastKnownFileType = sourcecode.c.h; path = "Savitar2-Bridging-Header.h"; sourceTree = SOURCE_ROOT; };
		696F77472390D256005E45EB /* Appearance.txt */ = {isa = PBXFileReference; fileEncoding = 4; lastKnownFileType = text; path = Appearance.txt; sourceTree = "<group>"; };
		697D14A5239D828900BBF33C /* TriggerTests.swift */ = {isa = PBXFileReference; lastKnownFileType = sourcecode.swift; path = TriggerTests.swift; sourceTree = "<group>"; };
		698667CF24E97E710061AA86 /* SpeakerMan.swift */ = {isa = PBXFileReference; lastKnownFileType = sourcecode.swift; path = SpeakerMan.swift; sourceTree = "<group>"; };
		698667D324EA17B40061AA86 /* Click.m4a */ = {isa = PBXFileReference; lastKnownFileType = file; path = Click.m4a; sourceTree = "<group>"; };
		698EB8AF2661CD7400B3E1DF /* Dictionary+Extensions.swift */ = {isa = PBXFileReference; lastKnownFileType = sourcecode.swift; path = "Dictionary+Extensions.swift"; sourceTree = "<group>"; };
		6991F4632393245B00E2BFDB /* Data+Extensions.swift */ = {isa = PBXFileReference; lastKnownFileType = sourcecode.swift; path = "Data+Extensions.swift"; sourceTree = "<group>"; };
		699A412F25CE2C190001C033 /* Base */ = {isa = PBXFileReference; lastKnownFileType = file.storyboard; name = Base; path = Base.lproj/AppPrefs.storyboard; sourceTree = "<group>"; };
		699A413125CE2CDD0001C033 /* AppPrefsViewController.swift */ = {isa = PBXFileReference; lastKnownFileType = sourcecode.swift; path = AppPrefsViewController.swift; sourceTree = "<group>"; };
		69AA616325A535A900736894 /* Base */ = {isa = PBXFileReference; lastKnownFileType = file.storyboard; name = Base; path = Base.lproj/SpeechPrefs.storyboard; sourceTree = "<group>"; };
		69BE3EAD24FC41C30035CF88 /* AppIcon.icns */ = {isa = PBXFileReference; lastKnownFileType = image.icns; path = AppIcon.icns; sourceTree = "<group>"; };
		69BE3EAE24FC41C30035CF88 /* World.icns */ = {isa = PBXFileReference; lastKnownFileType = image.icns; path = World.icns; sourceTree = "<group>"; };
		69C1F0D125A3E5480048A739 /* AppPreferencesStore.swift */ = {isa = PBXFileReference; lastKnownFileType = sourcecode.swift; path = AppPreferencesStore.swift; sourceTree = "<group>"; };
		69C1F0D525A3E6D70048A739 /* AppPreferencesActions.swift */ = {isa = PBXFileReference; fileEncoding = 4; lastKnownFileType = sourcecode.swift; path = AppPreferencesActions.swift; sourceTree = "<group>"; };
		69C1F0D725A3E70B0048A739 /* AppPreferencesUndoMiddleware.swift */ = {isa = PBXFileReference; lastKnownFileType = sourcecode.swift; path = AppPreferencesUndoMiddleware.swift; sourceTree = "<group>"; };
		69C1F0D925A3E8A90048A739 /* AppPreferencesUndoContext.swift */ = {isa = PBXFileReference; lastKnownFileType = sourcecode.swift; path = AppPreferencesUndoContext.swift; sourceTree = "<group>"; };
		69C1F0DB25A4A9F60048A739 /* SpeechPrefsViewController.swift */ = {isa = PBXFileReference; fileEncoding = 4; lastKnownFileType = sourcecode.swift; path = SpeechPrefsViewController.swift; sourceTree = "<group>"; };
		69CEEDCE23B3D75F00E9F087 /* MacroManTests.swift */ = {isa = PBXFileReference; lastKnownFileType = sourcecode.swift; path = MacroManTests.swift; sourceTree = "<group>"; };
		69CEEDD023B3EEA700E9F087 /* MacroTests.swift */ = {isa = PBXFileReference; lastKnownFileType = sourcecode.swift; path = MacroTests.swift; sourceTree = "<group>"; };
		69CEEDD723B4064D00E9F087 /* ColorManTests.swift */ = {isa = PBXFileReference; lastKnownFileType = sourcecode.swift; path = ColorManTests.swift; sourceTree = "<group>"; };
		69CEEDD923B4078400E9F087 /* SavColorTests.swift */ = {isa = PBXFileReference; lastKnownFileType = sourcecode.swift; path = SavColorTests.swift; sourceTree = "<group>"; };
		69CEEDE523C2A07A00E9F087 /* Array+Extensions.swift */ = {isa = PBXFileReference; lastKnownFileType = sourcecode.swift; path = "Array+Extensions.swift"; sourceTree = "<group>"; };
		69F620DE204B86E700301A8D /* NSWindow+Extensions.swift */ = {isa = PBXFileReference; lastKnownFileType = sourcecode.swift; path = "NSWindow+Extensions.swift"; sourceTree = "<group>"; };
		69F620E0204B872400301A8D /* CGFloat+Extensions.swift */ = {isa = PBXFileReference; lastKnownFileType = sourcecode.swift; path = "CGFloat+Extensions.swift"; sourceTree = "<group>"; };
		69FC914C23A1E15C00980CBF /* OptionSet+Extensions.swift */ = {isa = PBXFileReference; lastKnownFileType = sourcecode.swift; path = "OptionSet+Extensions.swift"; sourceTree = "<group>"; };
		AF6F28F7F8F374A69DDD0671 /* Pods_Savitar2UITests.framework */ = {isa = PBXFileReference; explicitFileType = wrapper.framework; includeInIndex = 0; path = Pods_Savitar2UITests.framework; sourceTree = BUILT_PRODUCTS_DIR; };
		D564AF007829E5DA0BA4C2EE /* Pods-Savitar2UITests.release.xcconfig */ = {isa = PBXFileReference; includeInIndex = 1; lastKnownFileType = text.xcconfig; name = "Pods-Savitar2UITests.release.xcconfig"; path = "Target Support Files/Pods-Savitar2UITests/Pods-Savitar2UITests.release.xcconfig"; sourceTree = "<group>"; };
		E4362BEE27039532875E6808 /* Pods-Savitar2UITests.debug.xcconfig */ = {isa = PBXFileReference; includeInIndex = 1; lastKnownFileType = text.xcconfig; name = "Pods-Savitar2UITests.debug.xcconfig"; path = "Target Support Files/Pods-Savitar2UITests/Pods-Savitar2UITests.debug.xcconfig"; sourceTree = "<group>"; };
		E8C2D0666F79855C3B3233E7 /* Pods_Savitar2Tests.framework */ = {isa = PBXFileReference; explicitFileType = wrapper.framework; includeInIndex = 0; path = Pods_Savitar2Tests.framework; sourceTree = BUILT_PRODUCTS_DIR; };
		E98A51E7AF815F5EFFA7106D /* Pods-Savitar2.release.xcconfig */ = {isa = PBXFileReference; includeInIndex = 1; lastKnownFileType = text.xcconfig; name = "Pods-Savitar2.release.xcconfig"; path = "Target Support Files/Pods-Savitar2/Pods-Savitar2.release.xcconfig"; sourceTree = "<group>"; };
		F59E2B18C57FF7EEAC39A2EF /* Pods_Savitar2.framework */ = {isa = PBXFileReference; explicitFileType = wrapper.framework; includeInIndex = 0; path = Pods_Savitar2.framework; sourceTree = BUILT_PRODUCTS_DIR; };
/* End PBXFileReference section */

/* Begin PBXFrameworksBuildPhase section */
		695484991FC4E6E400A6983F /* Frameworks */ = {
			isa = PBXFrameworksBuildPhase;
			buildActionMask = 2147483647;
			files = (
				69CEEDF323D6213900E9F087 /* ReSwift in Frameworks */,
				69241E4D2874677000CDDE09 /* AppCenterCrashes in Frameworks */,
				B95AD7509F50F626C209BE85 /* Pods_Savitar2.framework in Frameworks */,
				6968381A2558FCC900F0BC20 /* Logging in Frameworks */,
				69241E4B2874677000CDDE09 /* AppCenterAnalytics in Frameworks */,
				69D6E5EF24B203CB00058D70 /* SwiftyXMLParser in Frameworks */,
			);
			runOnlyForDeploymentPostprocessing = 0;
		};
		695484AD1FC4E6E400A6983F /* Frameworks */ = {
			isa = PBXFrameworksBuildPhase;
			buildActionMask = 2147483647;
			files = (
				8EC587E8419D8E733647527D /* Pods_Savitar2Tests.framework in Frameworks */,
			);
			runOnlyForDeploymentPostprocessing = 0;
		};
		695484B81FC4E6E400A6983F /* Frameworks */ = {
			isa = PBXFrameworksBuildPhase;
			buildActionMask = 2147483647;
			files = (
				BCD761E32F1DA985B627E436 /* Pods_Savitar2UITests.framework in Frameworks */,
			);
			runOnlyForDeploymentPostprocessing = 0;
		};
/* End PBXFrameworksBuildPhase section */

/* Begin PBXGroup section */
		2EF3ACDB1F9E5AA4D43744E6 /* Pods */ = {
			isa = PBXGroup;
			children = (
				4CE776B73CC64B9021104A7F /* Pods-Savitar2.debug.xcconfig */,
				E98A51E7AF815F5EFFA7106D /* Pods-Savitar2.release.xcconfig */,
				3235793AAC80CA5164752D22 /* Pods-Savitar2Tests.debug.xcconfig */,
				679EC5233D3113D0EBC899EB /* Pods-Savitar2Tests.release.xcconfig */,
				E4362BEE27039532875E6808 /* Pods-Savitar2UITests.debug.xcconfig */,
				D564AF007829E5DA0BA4C2EE /* Pods-Savitar2UITests.release.xcconfig */,
			);
			path = Pods;
			sourceTree = "<group>";
		};
		691696CF25A0CCC700569021 /* App */ = {
			isa = PBXGroup;
			children = (
				69C1F0D525A3E6D70048A739 /* AppPreferencesActions.swift */,
				691696D025A0CCC700569021 /* AppPreferencesState.swift */,
				69C1F0D125A3E5480048A739 /* AppPreferencesStore.swift */,
				69C1F0D925A3E8A90048A739 /* AppPreferencesUndoContext.swift */,
				69C1F0D725A3E70B0048A739 /* AppPreferencesUndoMiddleware.swift */,
			);
			path = App;
			sourceTree = "<group>";
		};
		695204C624B1F29E004BDBE2 /* Savitar2UITests */ = {
			isa = PBXGroup;
			children = (
				695204C724B1F29E004BDBE2 /* Savitar2UITests.swift */,
				695204C824B1F29E004BDBE2 /* Info.plist */,
			);
			path = Savitar2UITests;
			sourceTree = "<group>";
		};
		695484931FC4E6E400A6983F = {
			isa = PBXGroup;
			children = (
				6954849E1FC4E6E400A6983F /* Savitar2 */,
				695484B31FC4E6E400A6983F /* Savitar2Tests */,
				695204C624B1F29E004BDBE2 /* Savitar2UITests */,
				6954849D1FC4E6E400A6983F /* Products */,
				2EF3ACDB1F9E5AA4D43744E6 /* Pods */,
				87B55DDC3EAE7840CA6BA5B4 /* Frameworks */,
			);
			sourceTree = "<group>";
		};
		6954849D1FC4E6E400A6983F /* Products */ = {
			isa = PBXGroup;
			children = (
				6954849C1FC4E6E400A6983F /* Savitar2.app */,
				695484B01FC4E6E400A6983F /* Savitar2Tests.xctest */,
				695484BB1FC4E6E400A6983F /* Savitar2UITests.xctest */,
			);
			name = Products;
			sourceTree = "<group>";
		};
		6954849E1FC4E6E400A6983F /* Savitar2 */ = {
			isa = PBXGroup;
			children = (
				69662B302043A6E100E7CC7B /* Savitar2.entitlements */,
				696F773F2390CF46005E45EB /* Savitar2-Bridging-Header.h */,
				69662B1B204367BD00E7CC7B /* src */,
				69DE2D20209D40A900A4D3F2 /* resources */,
				695484A51FC4E6E400A6983F /* Assets.xcassets */,
				699A412E25CE2C190001C033 /* AppPrefs.storyboard */,
				695F5AFF2589A0B200AB6BA6 /* EventsWindow.storyboard */,
				695484A71FC4E6E400A6983F /* Main.storyboard */,
				69AA616225A535A900736894 /* SpeechPrefs.storyboard */,
				695F5A4E2585C00100AB6BA6 /* WorldPicker.storyboard */,
				695F5A4B2585BD8300AB6BA6 /* WorldSettings.storyboard */,
				695F5B4E2592E64E00AB6BA6 /* WorldWizard.storyboard */,
				695484AA1FC4E6E400A6983F /* Info.plist */,
			);
			path = Savitar2;
			sourceTree = "<group>";
		};
		695484B31FC4E6E400A6983F /* Savitar2Tests */ = {
			isa = PBXGroup;
			children = (
				695484B61FC4E6E400A6983F /* Info.plist */,
				6968381B255B6FF800F0BC20 /* Ansi2HtmlParserTests.swift */,
				690B462A23B16AAD000445E4 /* AppPreferencesTests.swift */,
				69CEEDD723B4064D00E9F087 /* ColorManTests.swift */,
				6952048C24B1EFB2004BDBE2 /* HotKeyTests.swift */,
				69CEEDCE23B3D75F00E9F087 /* MacroManTests.swift */,
				69CEEDD023B3EEA700E9F087 /* MacroTests.swift */,
				695F5A602588562E00AB6BA6 /* ReSwiftTests.swift */,
				69CEEDD923B4078400E9F087 /* SavColorTests.swift */,
				69071B3A23A55796001C58B1 /* SwiftyXMLParserTests.swift */,
				69071B3823A52A7B001C58B1 /* TriggerManTests.swift */,
				697D14A5239D828900BBF33C /* TriggerTests.swift */,
				69071B3E23A6EA51001C58B1 /* WorldTests.swift */,
			);
			path = Savitar2Tests;
			sourceTree = "<group>";
		};
		695F5A6625899CE000AB6BA6 /* models */ = {
			isa = PBXGroup;
			children = (
				695F5A6725899CE000AB6BA6 /* SavitarXMLProtocol.swift */,
				695F5A6825899CE000AB6BA6 /* SavitarObject.swift */,
				695F5A6925899CE000AB6BA6 /* SavitarObjectPasteboardWriter.swift */,
				695F5A6A25899CE000AB6BA6 /* SavitarObjectId.swift */,
				695F5A6B25899CE000AB6BA6 /* ModelManager.swift */,
				695F5A9925899EE200AB6BA6 /* colors */,
				695F5A8425899EBC00AB6BA6 /* macros */,
				695F5A8925899EBC00AB6BA6 /* triggers */,
				695F5A8D25899EBC00AB6BA6 /* worlds */,
			);
			path = models;
			sourceTree = "<group>";
		};
		695F5A8425899EBC00AB6BA6 /* macros */ = {
			isa = PBXGroup;
			children = (
				695F5A8525899EBC00AB6BA6 /* Macro.swift */,
				695F5A8625899EBC00AB6BA6 /* Keycode.swift */,
				695F5A8725899EBC00AB6BA6 /* HotKey.swift */,
				695F5A8825899EBC00AB6BA6 /* MacroMan.swift */,
			);
			path = macros;
			sourceTree = "<group>";
		};
		695F5A8925899EBC00AB6BA6 /* triggers */ = {
			isa = PBXGroup;
			children = (
				695F5A8A25899EBC00AB6BA6 /* TrigTextStyle.swift */,
				695F5A8B25899EBC00AB6BA6 /* Trigger.swift */,
				695F5A8C25899EBC00AB6BA6 /* TriggerMan.swift */,
			);
			path = triggers;
			sourceTree = "<group>";
		};
		695F5A8D25899EBC00AB6BA6 /* worlds */ = {
			isa = PBXGroup;
			children = (
				695F5A8E25899EBC00AB6BA6 /* WorldMan.swift */,
				695F5A8F25899EBC00AB6BA6 /* World.swift */,
			);
			path = worlds;
			sourceTree = "<group>";
		};
		695F5A9925899EE200AB6BA6 /* colors */ = {
			isa = PBXGroup;
			children = (
				695F5A9A25899EE200AB6BA6 /* ColorMan.swift */,
				695F5A9B25899EE200AB6BA6 /* SavColor.swift */,
			);
			path = colors;
			sourceTree = "<group>";
		};
		695F5A9E25899EFD00AB6BA6 /* worldDocument */ = {
			isa = PBXGroup;
			children = (
				695F5AAD25899EFD00AB6BA6 /* Ansi2HtmlParser.swift */,
				695F5AAE25899EFD00AB6BA6 /* AppearanceSettingsController.swift */,
				695F5AA725899EFD00AB6BA6 /* Command.swift */,
				695F5A9F25899EFD00AB6BA6 /* ConnectionStatusViewController.swift */,
				695F5AAB25899EFD00AB6BA6 /* Document.swift */,
				695F5AAC25899EFD00AB6BA6 /* DocumentV1.swift */,
				695F5AB125899EFD00AB6BA6 /* DocumentV2.swift */,
				695F5AAF25899EFD00AB6BA6 /* InputSettingsController.swift */,
				695F5AA825899EFD00AB6BA6 /* InputViewController.swift */,
				69652A9A26443E4B0044877A /* OutputSettingsController.swift */,
				695F5AA925899EFD00AB6BA6 /* OutputViewController.swift */,
				695F5AA025899EFD00AB6BA6 /* OutputViewNavigationDelegate.swift */,
				695F5AA125899EFD00AB6BA6 /* OutputView.swift */,
				695F5AA225899EFD00AB6BA6 /* Session.swift */,
				695F5AAA25899EFD00AB6BA6 /* SessionHandlerProtocol.swift */,
				695F5AA425899EFD00AB6BA6 /* SessionViewController.swift */,
				695F5AA525899EFD00AB6BA6 /* TelnetParser.swift */,
				695F5AA625899EFD00AB6BA6 /* WindowController.swift */,
				695F5AB025899EFD00AB6BA6 /* WorldSettingsController.swift */,
			);
			path = worldDocument;
			sourceTree = "<group>";
		};
		695F5AC525899FA400AB6BA6 /* views */ = {
			isa = PBXGroup;
			children = (
				695F5ADA25899FA400AB6BA6 /* CheckableTableCellView.swift */,
				695F5AE025899FA400AB6BA6 /* CheckBox.swift */,
				695F5AD925899FA400AB6BA6 /* TitledTableCellView.swift */,
				69C1F0CE25A2538E0048A739 /* AppPreferences */,
				695F5AC625899FA400AB6BA6 /* eventsWindow */,
				695F5ADB25899FA400AB6BA6 /* worldPicker */,
				695F5B512592E6B300AB6BA6 /* worldWizard */,
			);
			path = views;
			sourceTree = "<group>";
		};
		695F5AC625899FA400AB6BA6 /* eventsWindow */ = {
			isa = PBXGroup;
			children = (
				695F5AD725899FA400AB6BA6 /* DetailsTabViewController.swift */,
				695F5AD825899FA400AB6BA6 /* EventsSplitViewController.swift */,
				695F5ACC25899FA400AB6BA6 /* EventsTabController.swift */,
				695F5ACD25899FA400AB6BA6 /* EventsViewController.swift */,
				695F5AD325899FA400AB6BA6 /* HotKeyEditor.swift */,
				695F5AC925899FA400AB6BA6 /* MacrosTabController.swift */,
				695F5AD525899FA400AB6BA6 /* MacroTableDataSource.swift */,
				695F5ACA25899FA400AB6BA6 /* MacroViewModel.swift */,
				695F5ACB25899FA400AB6BA6 /* MacroViewController.swift */,
				695F5AD625899FA400AB6BA6 /* TriggerAppearanceViewController.swift */,
				695F5AD225899FA400AB6BA6 /* TriggerAudioCueViewController.swift */,
				695F5AC725899FA400AB6BA6 /* TriggerMatchingViewController.swift */,
				695F5ACE25899FA400AB6BA6 /* TriggerReplyViewController.swift */,
				695F5AD125899FA400AB6BA6 /* TriggersTabController.swift */,
				695F5AD425899FA400AB6BA6 /* TriggerTableDataSource.swift */,
				695F5AD025899FA400AB6BA6 /* TriggerViewController.swift */,
				695F5ACF25899FA400AB6BA6 /* TriggerViewModel.swift */,
			);
			path = eventsWindow;
			sourceTree = "<group>";
		};
		695F5ADB25899FA400AB6BA6 /* worldPicker */ = {
			isa = PBXGroup;
			children = (
				695F5ADC25899FA400AB6BA6 /* WorldViewModel.swift */,
				695F5ADE25899FA400AB6BA6 /* WorldPickerController.swift */,
				695F5ADF25899FA400AB6BA6 /* WorldTableDataSource.swift */,
			);
			path = worldPicker;
			sourceTree = "<group>";
		};
		695F5AFA25899FD500AB6BA6 /* viewModels */ = {
			isa = PBXGroup;
			children = (
				695F5AFB25899FD500AB6BA6 /* ListViewModel.swift */,
				695F5AFC25899FD500AB6BA6 /* ItemTableDataSourceType.swift */,
			);
			path = viewModels;
			sourceTree = "<group>";
		};
		695F5B1A258E8EB100AB6BA6 /* state */ = {
			isa = PBXGroup;
			children = (
				695F5B3B258EE42A00AB6BA6 /* ItemListState.swift */,
				691696CF25A0CCC700569021 /* App */,
				695F5B1B258E8EB100AB6BA6 /* Reactions */,
				695F5B22258E8EB100AB6BA6 /* Undo */,
				695F5B3F258EE73800AB6BA6 /* Worlds */,
			);
			path = state;
			sourceTree = "<group>";
		};
		695F5B1B258E8EB100AB6BA6 /* Reactions */ = {
			isa = PBXGroup;
			children = (
				695F5B1D258E8EB100AB6BA6 /* MacroActions.swift */,
				695F5B1F258E8EB100AB6BA6 /* MacroReducer.swift */,
				695F5B37258EE35000AB6BA6 /* ReactionsActions.swift */,
				695F5B21258E8EB100AB6BA6 /* ReactionsState.swift */,
				695F5B3D258EE49B00AB6BA6 /* ReactionsStore.swift */,
				695F5B35258EE20E00AB6BA6 /* ReactionsUndoContext.swift */,
				695F5B1E258E8EB100AB6BA6 /* ReactionsUndoMiddleware.swift */,
				695F5B20258E8EB100AB6BA6 /* TriggerActions.swift */,
				695F5B1C258E8EB100AB6BA6 /* TriggerReducer.swift */,
				695F5B33258EE13600AB6BA6 /* UndoableReaction.swift */,
			);
			path = Reactions;
			sourceTree = "<group>";
		};
		695F5B22258E8EB100AB6BA6 /* Undo */ = {
			isa = PBXGroup;
			children = (
				695F5B24258E8EB100AB6BA6 /* NotUndoable.swift */,
				695F5B25258E8EB100AB6BA6 /* UndoCommand.swift */,
			);
			path = Undo;
			sourceTree = "<group>";
		};
		695F5B3F258EE73800AB6BA6 /* Worlds */ = {
			isa = PBXGroup;
			children = (
				695F5B41258EE73800AB6BA6 /* WorldsActions.swift */,
				695F5B40258EE73800AB6BA6 /* WorldsState.swift */,
				695F5B44258EE73800AB6BA6 /* WorldsStore.swift */,
				695F5B43258EE73800AB6BA6 /* WorldsUndoContext.swift */,
				695F5B4C258EEBD200AB6BA6 /* WorldsUndoMiddleware.swift */,
			);
			path = Worlds;
			sourceTree = "<group>";
		};
		695F5B512592E6B300AB6BA6 /* worldWizard */ = {
			isa = PBXGroup;
			children = (
				695F5B522592E71000AB6BA6 /* WorldWizardController.swift */,
			);
			path = worldWizard;
			sourceTree = "<group>";
		};
		69662B1B204367BD00E7CC7B /* src */ = {
			isa = PBXGroup;
			children = (
				69000EE12397CF09009976E0 /* AppContext.swift */,
				69662B26204367BD00E7CC7B /* AppDelegate.swift */,
				690B462223AA4CB0000445E4 /* AppPreferences.swift */,
				698667CF24E97E710061AA86 /* SpeakerMan.swift */,
				69662B23204367BD00E7CC7B /* extensions */,
				695F5A6625899CE000AB6BA6 /* models */,
				695F5B1A258E8EB100AB6BA6 /* state */,
				695F5AFA25899FD500AB6BA6 /* viewModels */,
				695F5AC525899FA400AB6BA6 /* views */,
				695F5A9E25899EFD00AB6BA6 /* worldDocument */,
			);
			path = src;
			sourceTree = "<group>";
		};
		69662B23204367BD00E7CC7B /* extensions */ = {
			isa = PBXGroup;
			children = (
				69CEEDE523C2A07A00E9F087 /* Array+Extensions.swift */,
				69F620E0204B872400301A8D /* CGFloat+Extensions.swift */,
				69376D4E2579B01A00A99245 /* Collection+Extensions.swift */,
				6991F4632393245B00E2BFDB /* Data+Extensions.swift */,
				698EB8AF2661CD7400B3E1DF /* Dictionary+Extensions.swift */,
				69662B24204367BD00E7CC7B /* NSColor+Extensions.swift */,
				69F620DE204B86E700301A8D /* NSWindow+Extensions.swift */,
				69FC914C23A1E15C00980CBF /* OptionSet+Extensions.swift */,
				69662B25204367BD00E7CC7B /* String+Extensions.swift */,
				69071B3C23A6816A001C58B1 /* XMLElement+Extensions.swift */,
			);
			path = extensions;
			sourceTree = "<group>";
		};
		69C1F0CE25A2538E0048A739 /* AppPreferences */ = {
			isa = PBXGroup;
			children = (
				699A413125CE2CDD0001C033 /* AppPrefsViewController.swift */,
				69C1F0DB25A4A9F60048A739 /* SpeechPrefsViewController.swift */,
			);
			path = AppPreferences;
			sourceTree = "<group>";
		};
		69DE2D20209D40A900A4D3F2 /* resources */ = {
			isa = PBXGroup;
			children = (
				696F77472390D256005E45EB /* Appearance.txt */,
				69BE3EAD24FC41C30035CF88 /* AppIcon.icns */,
				698667D324EA17B40061AA86 /* Click.m4a */,
				690B462C23B16B54000445E4 /* StartupPreferences.xml */,
				69BE3EAE24FC41C30035CF88 /* World.icns */,
			);
			path = resources;
			sourceTree = "<group>";
		};
		87B55DDC3EAE7840CA6BA5B4 /* Frameworks */ = {
			isa = PBXGroup;
			children = (
				F59E2B18C57FF7EEAC39A2EF /* Pods_Savitar2.framework */,
				E8C2D0666F79855C3B3233E7 /* Pods_Savitar2Tests.framework */,
				AF6F28F7F8F374A69DDD0671 /* Pods_Savitar2UITests.framework */,
			);
			name = Frameworks;
			sourceTree = "<group>";
		};
/* End PBXGroup section */

/* Begin PBXNativeTarget section */
		6954849B1FC4E6E400A6983F /* Savitar2 */ = {
			isa = PBXNativeTarget;
			buildConfigurationList = 695484C41FC4E6E400A6983F /* Build configuration list for PBXNativeTarget "Savitar2" */;
			buildPhases = (
				17C049F5E1169582F6A4AD4F /* [CP] Check Pods Manifest.lock */,
				695484981FC4E6E400A6983F /* Sources */,
				695484991FC4E6E400A6983F /* Frameworks */,
				6954849A1FC4E6E400A6983F /* Resources */,
				6991F4682393F20B00E2BFDB /* SwiftLint */,
			);
			buildRules = (
			);
			dependencies = (
			);
			name = Savitar2;
			packageProductDependencies = (
				69CEEDF223D6213900E9F087 /* ReSwift */,
				69D6E5EE24B203CB00058D70 /* SwiftyXMLParser */,
				696838192558FCC900F0BC20 /* Logging */,
				69241E4A2874677000CDDE09 /* AppCenterAnalytics */,
				69241E4C2874677000CDDE09 /* AppCenterCrashes */,
			);
			productName = Savitar2;
			productReference = 6954849C1FC4E6E400A6983F /* Savitar2.app */;
			productType = "com.apple.product-type.application";
		};
		695484AF1FC4E6E400A6983F /* Savitar2Tests */ = {
			isa = PBXNativeTarget;
			buildConfigurationList = 695484C71FC4E6E400A6983F /* Build configuration list for PBXNativeTarget "Savitar2Tests" */;
			buildPhases = (
				A76815878A295BAB70720650 /* [CP] Check Pods Manifest.lock */,
				695484AC1FC4E6E400A6983F /* Sources */,
				695484AD1FC4E6E400A6983F /* Frameworks */,
				695484AE1FC4E6E400A6983F /* Resources */,
			);
			buildRules = (
			);
			dependencies = (
				695484B21FC4E6E400A6983F /* PBXTargetDependency */,
			);
			name = Savitar2Tests;
			productName = Savitar2Tests;
			productReference = 695484B01FC4E6E400A6983F /* Savitar2Tests.xctest */;
			productType = "com.apple.product-type.bundle.unit-test";
		};
		695484BA1FC4E6E400A6983F /* Savitar2UITests */ = {
			isa = PBXNativeTarget;
			buildConfigurationList = 695484CA1FC4E6E400A6983F /* Build configuration list for PBXNativeTarget "Savitar2UITests" */;
			buildPhases = (
				4235EF5CE4B2902A87935046 /* [CP] Check Pods Manifest.lock */,
				695484B71FC4E6E400A6983F /* Sources */,
				695484B81FC4E6E400A6983F /* Frameworks */,
				695484B91FC4E6E400A6983F /* Resources */,
			);
			buildRules = (
			);
			dependencies = (
				695484BD1FC4E6E400A6983F /* PBXTargetDependency */,
			);
			name = Savitar2UITests;
			productName = Savitar2UITests;
			productReference = 695484BB1FC4E6E400A6983F /* Savitar2UITests.xctest */;
			productType = "com.apple.product-type.bundle.ui-testing";
		};
/* End PBXNativeTarget section */

/* Begin PBXProject section */
		695484941FC4E6E400A6983F /* Project object */ = {
			isa = PBXProject;
			attributes = {
				LastSwiftUpdateCheck = 0910;
				LastUpgradeCheck = 1320;
				ORGANIZATIONNAME = "Heynow Software";
				TargetAttributes = {
					6954849B1FC4E6E400A6983F = {
						CreatedOnToolsVersion = 9.1;
						LastSwiftMigration = 1100;
						SystemCapabilities = {
							com.apple.Sandbox = {
								enabled = 1;
							};
						};
					};
					695484AF1FC4E6E400A6983F = {
						CreatedOnToolsVersion = 9.1;
						LastSwiftMigration = 1100;
						TestTargetID = 6954849B1FC4E6E400A6983F;
					};
					695484BA1FC4E6E400A6983F = {
						CreatedOnToolsVersion = 9.1;
						LastSwiftMigration = 1100;
						ProvisioningStyle = Automatic;
						TestTargetID = 6954849B1FC4E6E400A6983F;
					};
				};
			};
			buildConfigurationList = 695484971FC4E6E400A6983F /* Build configuration list for PBXProject "Savitar2" */;
			compatibilityVersion = "Xcode 8.0";
			developmentRegion = en;
			hasScannedForEncodings = 0;
			knownRegions = (
				en,
				Base,
			);
			mainGroup = 695484931FC4E6E400A6983F;
			packageReferences = (
				69CEEDF123D6213900E9F087 /* XCRemoteSwiftPackageReference "ReSwift" */,
				69D6E5ED24B203CB00058D70 /* XCRemoteSwiftPackageReference "SwiftyXMLParser" */,
				696838182558FCC900F0BC20 /* XCRemoteSwiftPackageReference "swift-log" */,
				69241E492874677000CDDE09 /* XCRemoteSwiftPackageReference "appcenter-sdk-apple" */,
			);
			productRefGroup = 6954849D1FC4E6E400A6983F /* Products */;
			projectDirPath = "";
			projectRoot = "";
			targets = (
				6954849B1FC4E6E400A6983F /* Savitar2 */,
				695484AF1FC4E6E400A6983F /* Savitar2Tests */,
				695484BA1FC4E6E400A6983F /* Savitar2UITests */,
			);
		};
/* End PBXProject section */

/* Begin PBXResourcesBuildPhase section */
		6954849A1FC4E6E400A6983F /* Resources */ = {
			isa = PBXResourcesBuildPhase;
			buildActionMask = 2147483647;
			files = (
				695484A61FC4E6E400A6983F /* Assets.xcassets in Resources */,
				698667D424EA18500061AA86 /* Click.m4a in Resources */,
				695F5A502585C00100AB6BA6 /* WorldPicker.storyboard in Resources */,
				69BE3EAF24FC41C30035CF88 /* AppIcon.icns in Resources */,
				695F5A4D2585BD8300AB6BA6 /* WorldSettings.storyboard in Resources */,
				69AA616425A535A900736894 /* SpeechPrefs.storyboard in Resources */,
				690B462D23B16B54000445E4 /* StartupPreferences.xml in Resources */,
				69BE3EB024FC41C30035CF88 /* World.icns in Resources */,
				695F5B012589A0B300AB6BA6 /* EventsWindow.storyboard in Resources */,
				696F77482390D256005E45EB /* Appearance.txt in Resources */,
				695F5B502592E64E00AB6BA6 /* WorldWizard.storyboard in Resources */,
				699A413025CE2C190001C033 /* AppPrefs.storyboard in Resources */,
				695484A91FC4E6E400A6983F /* Main.storyboard in Resources */,
			);
			runOnlyForDeploymentPostprocessing = 0;
		};
		695484AE1FC4E6E400A6983F /* Resources */ = {
			isa = PBXResourcesBuildPhase;
			buildActionMask = 2147483647;
			files = (
				690B462E23B16B54000445E4 /* StartupPreferences.xml in Resources */,
			);
			runOnlyForDeploymentPostprocessing = 0;
		};
		695484B91FC4E6E400A6983F /* Resources */ = {
			isa = PBXResourcesBuildPhase;
			buildActionMask = 2147483647;
			files = (
			);
			runOnlyForDeploymentPostprocessing = 0;
		};
/* End PBXResourcesBuildPhase section */

/* Begin PBXShellScriptBuildPhase section */
		17C049F5E1169582F6A4AD4F /* [CP] Check Pods Manifest.lock */ = {
			isa = PBXShellScriptBuildPhase;
			buildActionMask = 2147483647;
			files = (
			);
			inputFileListPaths = (
			);
			inputPaths = (
				"${PODS_PODFILE_DIR_PATH}/Podfile.lock",
				"${PODS_ROOT}/Manifest.lock",
			);
			name = "[CP] Check Pods Manifest.lock";
			outputFileListPaths = (
			);
			outputPaths = (
				"$(DERIVED_FILE_DIR)/Pods-Savitar2-checkManifestLockResult.txt",
			);
			runOnlyForDeploymentPostprocessing = 0;
			shellPath = /bin/sh;
			shellScript = "diff \"${PODS_PODFILE_DIR_PATH}/Podfile.lock\" \"${PODS_ROOT}/Manifest.lock\" > /dev/null\nif [ $? != 0 ] ; then\n    # print error to STDERR\n    echo \"error: The sandbox is not in sync with the Podfile.lock. Run 'pod install' or update your CocoaPods installation.\" >&2\n    exit 1\nfi\n# This output is used by Xcode 'outputs' to avoid re-running this script phase.\necho \"SUCCESS\" > \"${SCRIPT_OUTPUT_FILE_0}\"\n";
			showEnvVarsInLog = 0;
		};
		4235EF5CE4B2902A87935046 /* [CP] Check Pods Manifest.lock */ = {
			isa = PBXShellScriptBuildPhase;
			buildActionMask = 2147483647;
			files = (
			);
			inputFileListPaths = (
			);
			inputPaths = (
				"${PODS_PODFILE_DIR_PATH}/Podfile.lock",
				"${PODS_ROOT}/Manifest.lock",
			);
			name = "[CP] Check Pods Manifest.lock";
			outputFileListPaths = (
			);
			outputPaths = (
				"$(DERIVED_FILE_DIR)/Pods-Savitar2UITests-checkManifestLockResult.txt",
			);
			runOnlyForDeploymentPostprocessing = 0;
			shellPath = /bin/sh;
			shellScript = "diff \"${PODS_PODFILE_DIR_PATH}/Podfile.lock\" \"${PODS_ROOT}/Manifest.lock\" > /dev/null\nif [ $? != 0 ] ; then\n    # print error to STDERR\n    echo \"error: The sandbox is not in sync with the Podfile.lock. Run 'pod install' or update your CocoaPods installation.\" >&2\n    exit 1\nfi\n# This output is used by Xcode 'outputs' to avoid re-running this script phase.\necho \"SUCCESS\" > \"${SCRIPT_OUTPUT_FILE_0}\"\n";
			showEnvVarsInLog = 0;
		};
		6991F4682393F20B00E2BFDB /* SwiftLint */ = {
			isa = PBXShellScriptBuildPhase;
			buildActionMask = 2147483647;
			files = (
			);
			inputFileListPaths = (
			);
			inputPaths = (
			);
			name = SwiftLint;
			outputFileListPaths = (
			);
			outputPaths = (
			);
			runOnlyForDeploymentPostprocessing = 0;
			shellPath = /bin/sh;
			shellScript = "if which swiftlint >/dev/null; then\n  swiftlint\nelse\n  echo \"warning: SwiftLint not installed, download from https://github.com/realm/SwiftLint\"\nfi\n";
		};
		A76815878A295BAB70720650 /* [CP] Check Pods Manifest.lock */ = {
			isa = PBXShellScriptBuildPhase;
			buildActionMask = 2147483647;
			files = (
			);
			inputFileListPaths = (
			);
			inputPaths = (
				"${PODS_PODFILE_DIR_PATH}/Podfile.lock",
				"${PODS_ROOT}/Manifest.lock",
			);
			name = "[CP] Check Pods Manifest.lock";
			outputFileListPaths = (
			);
			outputPaths = (
				"$(DERIVED_FILE_DIR)/Pods-Savitar2Tests-checkManifestLockResult.txt",
			);
			runOnlyForDeploymentPostprocessing = 0;
			shellPath = /bin/sh;
			shellScript = "diff \"${PODS_PODFILE_DIR_PATH}/Podfile.lock\" \"${PODS_ROOT}/Manifest.lock\" > /dev/null\nif [ $? != 0 ] ; then\n    # print error to STDERR\n    echo \"error: The sandbox is not in sync with the Podfile.lock. Run 'pod install' or update your CocoaPods installation.\" >&2\n    exit 1\nfi\n# This output is used by Xcode 'outputs' to avoid re-running this script phase.\necho \"SUCCESS\" > \"${SCRIPT_OUTPUT_FILE_0}\"\n";
			showEnvVarsInLog = 0;
		};
/* End PBXShellScriptBuildPhase section */

/* Begin PBXSourcesBuildPhase section */
		695484981FC4E6E400A6983F /* Sources */ = {
			isa = PBXSourcesBuildPhase;
			buildActionMask = 2147483647;
			files = (
				695F5AC025899EFD00AB6BA6 /* Ansi2HtmlParser.swift in Sources */,
				695F5B2F258E8EB100AB6BA6 /* UndoCommand.swift in Sources */,
				695F5B4D258EEBD200AB6BA6 /* WorldsUndoMiddleware.swift in Sources */,
				695F5AEA25899FA400AB6BA6 /* TriggerViewController.swift in Sources */,
				695F5AE825899FA400AB6BA6 /* TriggerReplyViewController.swift in Sources */,
				695F5AB325899EFD00AB6BA6 /* OutputViewNavigationDelegate.swift in Sources */,
				695F5A9425899EBC00AB6BA6 /* TrigTextStyle.swift in Sources */,
				69000EE22397CF09009976E0 /* AppContext.swift in Sources */,
				695F5ABC25899EFD00AB6BA6 /* OutputViewController.swift in Sources */,
				695F5AC325899EFD00AB6BA6 /* WorldSettingsController.swift in Sources */,
				695F5AEC25899FA400AB6BA6 /* TriggerAudioCueViewController.swift in Sources */,
				695F5AB725899EFD00AB6BA6 /* SessionViewController.swift in Sources */,
				695F5A9625899EBC00AB6BA6 /* TriggerMan.swift in Sources */,
				695F5B2A258E8EB100AB6BA6 /* MacroReducer.swift in Sources */,
				695F5A9725899EBC00AB6BA6 /* WorldMan.swift in Sources */,
				69652A9B26443E4B0044877A /* OutputSettingsController.swift in Sources */,
				695F5B38258EE35000AB6BA6 /* ReactionsActions.swift in Sources */,
				695F5AF225899FA400AB6BA6 /* EventsSplitViewController.swift in Sources */,
				695F5B532592E71000AB6BA6 /* WorldWizardController.swift in Sources */,
				69376D4F2579B01A00A99245 /* Collection+Extensions.swift in Sources */,
				695F5AE725899FA400AB6BA6 /* EventsViewController.swift in Sources */,
				695F5A9325899EBC00AB6BA6 /* MacroMan.swift in Sources */,
				695F5B2C258E8EB100AB6BA6 /* ReactionsState.swift in Sources */,
				69F620E1204B872400301A8D /* CGFloat+Extensions.swift in Sources */,
				695F5A9225899EBC00AB6BA6 /* HotKey.swift in Sources */,
				698667D024E97E710061AA86 /* SpeakerMan.swift in Sources */,
				695F5AC225899EFD00AB6BA6 /* InputSettingsController.swift in Sources */,
				695F5B46258EE73800AB6BA6 /* WorldsState.swift in Sources */,
				695F5AB825899EFD00AB6BA6 /* TelnetParser.swift in Sources */,
				695F5A9C25899EE200AB6BA6 /* ColorMan.swift in Sources */,
				695F5ABE25899EFD00AB6BA6 /* Document.swift in Sources */,
				695F5A9025899EBC00AB6BA6 /* Macro.swift in Sources */,
				690B462323AA4CB0000445E4 /* AppPreferences.swift in Sources */,
				69662B2F204367BD00E7CC7B /* AppDelegate.swift in Sources */,
				695F5AFD25899FD500AB6BA6 /* ListViewModel.swift in Sources */,
				695F5A9525899EBC00AB6BA6 /* Trigger.swift in Sources */,
				695F5AF025899FA400AB6BA6 /* TriggerAppearanceViewController.swift in Sources */,
				695F5A9D25899EE200AB6BA6 /* SavColor.swift in Sources */,
				695F5AFE25899FD500AB6BA6 /* ItemTableDataSourceType.swift in Sources */,
				695F5B27258E8EB100AB6BA6 /* TriggerReducer.swift in Sources */,
				695F5AB525899EFD00AB6BA6 /* Session.swift in Sources */,
				69FC914D23A1E15C00980CBF /* OptionSet+Extensions.swift in Sources */,
				69662B2D204367BD00E7CC7B /* NSColor+Extensions.swift in Sources */,
				69071B3D23A6816A001C58B1 /* XMLElement+Extensions.swift in Sources */,
				695F5ABD25899EFD00AB6BA6 /* SessionHandlerProtocol.swift in Sources */,
				695F5B2E258E8EB100AB6BA6 /* NotUndoable.swift in Sources */,
				695F5AB225899EFD00AB6BA6 /* ConnectionStatusViewController.swift in Sources */,
				698EB8B02661CD7400B3E1DF /* Dictionary+Extensions.swift in Sources */,
				69662B2E204367BD00E7CC7B /* String+Extensions.swift in Sources */,
				695F5A7325899CE100AB6BA6 /* ModelManager.swift in Sources */,
				6991F4642393245B00E2BFDB /* Data+Extensions.swift in Sources */,
				69C1F0DC25A4A9F60048A739 /* SpeechPrefsViewController.swift in Sources */,
				695F5AE525899FA400AB6BA6 /* MacroViewController.swift in Sources */,
				695F5ABB25899EFD00AB6BA6 /* InputViewController.swift in Sources */,
				695F5AC125899EFD00AB6BA6 /* AppearanceSettingsController.swift in Sources */,
				695F5A7125899CE100AB6BA6 /* SavitarObjectPasteboardWriter.swift in Sources */,
				695F5B49258EE73800AB6BA6 /* WorldsUndoContext.swift in Sources */,
				69CEEDE623C2A07B00E9F087 /* Array+Extensions.swift in Sources */,
				69F620DF204B86E700301A8D /* NSWindow+Extensions.swift in Sources */,
				699A413225CE2CDD0001C033 /* AppPrefsViewController.swift in Sources */,
				695F5A7225899CE100AB6BA6 /* SavitarObjectId.swift in Sources */,
				695F5AF125899FA400AB6BA6 /* DetailsTabViewController.swift in Sources */,
				691696D125A0CCC700569021 /* AppPreferencesState.swift in Sources */,
				695F5B3C258EE42A00AB6BA6 /* ItemListState.swift in Sources */,
				695F5AE625899FA400AB6BA6 /* EventsTabController.swift in Sources */,
				695F5AF425899FA400AB6BA6 /* CheckableTableCellView.swift in Sources */,
				695F5B29258E8EB100AB6BA6 /* ReactionsUndoMiddleware.swift in Sources */,
				695F5AB925899EFD00AB6BA6 /* WindowController.swift in Sources */,
				695F5AEF25899FA400AB6BA6 /* MacroTableDataSource.swift in Sources */,
				695F5AEE25899FA400AB6BA6 /* TriggerTableDataSource.swift in Sources */,
				695F5AED25899FA400AB6BA6 /* HotKeyEditor.swift in Sources */,
				69C1F0D825A3E70B0048A739 /* AppPreferencesUndoMiddleware.swift in Sources */,
				695F5AF825899FA400AB6BA6 /* WorldTableDataSource.swift in Sources */,
				695F5A9825899EBC00AB6BA6 /* World.swift in Sources */,
				695F5AEB25899FA400AB6BA6 /* TriggersTabController.swift in Sources */,
				695F5AC425899EFD00AB6BA6 /* DocumentV2.swift in Sources */,
				69C1F0D225A3E5480048A739 /* AppPreferencesStore.swift in Sources */,
				695F5B3E258EE49C00AB6BA6 /* ReactionsStore.swift in Sources */,
				695F5AE325899FA400AB6BA6 /* MacrosTabController.swift in Sources */,
				69C1F0DA25A3E8A90048A739 /* AppPreferencesUndoContext.swift in Sources */,
				695F5AF725899FA400AB6BA6 /* WorldPickerController.swift in Sources */,
				695F5AF525899FA400AB6BA6 /* WorldViewModel.swift in Sources */,
				695F5A7025899CE100AB6BA6 /* SavitarObject.swift in Sources */,
				695F5A9125899EBC00AB6BA6 /* Keycode.swift in Sources */,
				695F5ABA25899EFD00AB6BA6 /* Command.swift in Sources */,
				695F5B2B258E8EB100AB6BA6 /* TriggerActions.swift in Sources */,
				695F5AE925899FA400AB6BA6 /* TriggerViewModel.swift in Sources */,
				695F5B28258E8EB100AB6BA6 /* MacroActions.swift in Sources */,
				695F5AF325899FA400AB6BA6 /* TitledTableCellView.swift in Sources */,
				695F5B34258EE13600AB6BA6 /* UndoableReaction.swift in Sources */,
				695F5AE425899FA400AB6BA6 /* MacroViewModel.swift in Sources */,
				695F5AE125899FA400AB6BA6 /* TriggerMatchingViewController.swift in Sources */,
				69C1F0D625A3E6D70048A739 /* AppPreferencesActions.swift in Sources */,
				695F5AF925899FA400AB6BA6 /* CheckBox.swift in Sources */,
				695F5B36258EE20E00AB6BA6 /* ReactionsUndoContext.swift in Sources */,
				695F5ABF25899EFD00AB6BA6 /* DocumentV1.swift in Sources */,
				695F5B4A258EE73800AB6BA6 /* WorldsStore.swift in Sources */,
				695F5A6F25899CE100AB6BA6 /* SavitarXMLProtocol.swift in Sources */,
				695F5B47258EE73800AB6BA6 /* WorldsActions.swift in Sources */,
				695F5AB425899EFD00AB6BA6 /* OutputView.swift in Sources */,
			);
			runOnlyForDeploymentPostprocessing = 0;
		};
		695484AC1FC4E6E400A6983F /* Sources */ = {
			isa = PBXSourcesBuildPhase;
			buildActionMask = 2147483647;
			files = (
				69CEEDCF23B3D75F00E9F087 /* MacroManTests.swift in Sources */,
				69071B3B23A55796001C58B1 /* SwiftyXMLParserTests.swift in Sources */,
				69CEEDD823B4064D00E9F087 /* ColorManTests.swift in Sources */,
				697D14A6239D828900BBF33C /* TriggerTests.swift in Sources */,
				69071B3F23A6EA51001C58B1 /* WorldTests.swift in Sources */,
				6952048D24B1EFB2004BDBE2 /* HotKeyTests.swift in Sources */,
				6968381C255B6FF800F0BC20 /* Ansi2HtmlParserTests.swift in Sources */,
				690B462B23B16AAD000445E4 /* AppPreferencesTests.swift in Sources */,
				695F5A612588562E00AB6BA6 /* ReSwiftTests.swift in Sources */,
				69071B3923A52A7B001C58B1 /* TriggerManTests.swift in Sources */,
				69CEEDDA23B4078400E9F087 /* SavColorTests.swift in Sources */,
				69CEEDD123B3EEA700E9F087 /* MacroTests.swift in Sources */,
			);
			runOnlyForDeploymentPostprocessing = 0;
		};
		695484B71FC4E6E400A6983F /* Sources */ = {
			isa = PBXSourcesBuildPhase;
			buildActionMask = 2147483647;
			files = (
				695204C924B1F29E004BDBE2 /* Savitar2UITests.swift in Sources */,
			);
			runOnlyForDeploymentPostprocessing = 0;
		};
/* End PBXSourcesBuildPhase section */

/* Begin PBXTargetDependency section */
		695484B21FC4E6E400A6983F /* PBXTargetDependency */ = {
			isa = PBXTargetDependency;
			target = 6954849B1FC4E6E400A6983F /* Savitar2 */;
			targetProxy = 695484B11FC4E6E400A6983F /* PBXContainerItemProxy */;
		};
		695484BD1FC4E6E400A6983F /* PBXTargetDependency */ = {
			isa = PBXTargetDependency;
			target = 6954849B1FC4E6E400A6983F /* Savitar2 */;
			targetProxy = 695484BC1FC4E6E400A6983F /* PBXContainerItemProxy */;
		};
/* End PBXTargetDependency section */

/* Begin PBXVariantGroup section */
		695484A71FC4E6E400A6983F /* Main.storyboard */ = {
			isa = PBXVariantGroup;
			children = (
				695484A81FC4E6E400A6983F /* Base */,
			);
			name = Main.storyboard;
			sourceTree = "<group>";
		};
		695F5A4B2585BD8300AB6BA6 /* WorldSettings.storyboard */ = {
			isa = PBXVariantGroup;
			children = (
				695F5A4C2585BD8300AB6BA6 /* Base */,
			);
			name = WorldSettings.storyboard;
			sourceTree = "<group>";
		};
		695F5A4E2585C00100AB6BA6 /* WorldPicker.storyboard */ = {
			isa = PBXVariantGroup;
			children = (
				695F5A4F2585C00100AB6BA6 /* Base */,
			);
			name = WorldPicker.storyboard;
			sourceTree = "<group>";
		};
		695F5AFF2589A0B200AB6BA6 /* EventsWindow.storyboard */ = {
			isa = PBXVariantGroup;
			children = (
				695F5B002589A0B200AB6BA6 /* Base */,
			);
			name = EventsWindow.storyboard;
			sourceTree = "<group>";
		};
		695F5B4E2592E64E00AB6BA6 /* WorldWizard.storyboard */ = {
			isa = PBXVariantGroup;
			children = (
				695F5B4F2592E64E00AB6BA6 /* Base */,
			);
			name = WorldWizard.storyboard;
			sourceTree = "<group>";
		};
		699A412E25CE2C190001C033 /* AppPrefs.storyboard */ = {
			isa = PBXVariantGroup;
			children = (
				699A412F25CE2C190001C033 /* Base */,
			);
			name = AppPrefs.storyboard;
			sourceTree = "<group>";
		};
		69AA616225A535A900736894 /* SpeechPrefs.storyboard */ = {
			isa = PBXVariantGroup;
			children = (
				69AA616325A535A900736894 /* Base */,
			);
			name = SpeechPrefs.storyboard;
			sourceTree = "<group>";
		};
/* End PBXVariantGroup section */

/* Begin XCBuildConfiguration section */
		695484C21FC4E6E400A6983F /* Debug */ = {
			isa = XCBuildConfiguration;
			buildSettings = {
				ALWAYS_SEARCH_USER_PATHS = NO;
				CLANG_ANALYZER_NONNULL = YES;
				CLANG_ANALYZER_NUMBER_OBJECT_CONVERSION = YES_AGGRESSIVE;
				CLANG_CXX_LANGUAGE_STANDARD = "gnu++14";
				CLANG_CXX_LIBRARY = "libc++";
				CLANG_ENABLE_MODULES = YES;
				CLANG_ENABLE_OBJC_ARC = YES;
				CLANG_WARN_BLOCK_CAPTURE_AUTORELEASING = YES;
				CLANG_WARN_BOOL_CONVERSION = YES;
				CLANG_WARN_COMMA = YES;
				CLANG_WARN_CONSTANT_CONVERSION = YES;
				CLANG_WARN_DEPRECATED_OBJC_IMPLEMENTATIONS = YES;
				CLANG_WARN_DIRECT_OBJC_ISA_USAGE = YES_ERROR;
				CLANG_WARN_DOCUMENTATION_COMMENTS = YES;
				CLANG_WARN_EMPTY_BODY = YES;
				CLANG_WARN_ENUM_CONVERSION = YES;
				CLANG_WARN_INFINITE_RECURSION = YES;
				CLANG_WARN_INT_CONVERSION = YES;
				CLANG_WARN_NON_LITERAL_NULL_CONVERSION = YES;
				CLANG_WARN_OBJC_IMPLICIT_RETAIN_SELF = YES;
				CLANG_WARN_OBJC_LITERAL_CONVERSION = YES;
				CLANG_WARN_OBJC_ROOT_CLASS = YES_ERROR;
				CLANG_WARN_QUOTED_INCLUDE_IN_FRAMEWORK_HEADER = YES;
				CLANG_WARN_RANGE_LOOP_ANALYSIS = YES;
				CLANG_WARN_STRICT_PROTOTYPES = YES;
				CLANG_WARN_SUSPICIOUS_MOVE = YES;
				CLANG_WARN_UNGUARDED_AVAILABILITY = YES_AGGRESSIVE;
				CLANG_WARN_UNREACHABLE_CODE = YES;
				CLANG_WARN__DUPLICATE_METHOD_MATCH = YES;
				CODE_SIGN_IDENTITY = "-";
				COPY_PHASE_STRIP = NO;
				DEBUG_INFORMATION_FORMAT = dwarf;
				ENABLE_STRICT_OBJC_MSGSEND = YES;
				ENABLE_TESTABILITY = YES;
				GCC_C_LANGUAGE_STANDARD = gnu11;
				GCC_DYNAMIC_NO_PIC = NO;
				GCC_NO_COMMON_BLOCKS = YES;
				GCC_OPTIMIZATION_LEVEL = 0;
				GCC_PREPROCESSOR_DEFINITIONS = (
					"DEBUG=1",
					"$(inherited)",
				);
				GCC_WARN_64_TO_32_BIT_CONVERSION = YES;
				GCC_WARN_ABOUT_RETURN_TYPE = YES_ERROR;
				GCC_WARN_UNDECLARED_SELECTOR = YES;
				GCC_WARN_UNINITIALIZED_AUTOS = YES_AGGRESSIVE;
				GCC_WARN_UNUSED_FUNCTION = YES;
				GCC_WARN_UNUSED_VARIABLE = YES;
				MACOSX_DEPLOYMENT_TARGET = 10.14;
				MTL_ENABLE_DEBUG_INFO = YES;
				ONLY_ACTIVE_ARCH = YES;
				SDKROOT = macosx;
				SWIFT_ACTIVE_COMPILATION_CONDITIONS = DEBUG;
				SWIFT_OPTIMIZATION_LEVEL = "-Onone";
				SWIFT_VERSION = 5.0;
			};
			name = Debug;
		};
		695484C31FC4E6E400A6983F /* Release */ = {
			isa = XCBuildConfiguration;
			buildSettings = {
				ALWAYS_SEARCH_USER_PATHS = NO;
				CLANG_ANALYZER_NONNULL = YES;
				CLANG_ANALYZER_NUMBER_OBJECT_CONVERSION = YES_AGGRESSIVE;
				CLANG_CXX_LANGUAGE_STANDARD = "gnu++14";
				CLANG_CXX_LIBRARY = "libc++";
				CLANG_ENABLE_MODULES = YES;
				CLANG_ENABLE_OBJC_ARC = YES;
				CLANG_WARN_BLOCK_CAPTURE_AUTORELEASING = YES;
				CLANG_WARN_BOOL_CONVERSION = YES;
				CLANG_WARN_COMMA = YES;
				CLANG_WARN_CONSTANT_CONVERSION = YES;
				CLANG_WARN_DEPRECATED_OBJC_IMPLEMENTATIONS = YES;
				CLANG_WARN_DIRECT_OBJC_ISA_USAGE = YES_ERROR;
				CLANG_WARN_DOCUMENTATION_COMMENTS = YES;
				CLANG_WARN_EMPTY_BODY = YES;
				CLANG_WARN_ENUM_CONVERSION = YES;
				CLANG_WARN_INFINITE_RECURSION = YES;
				CLANG_WARN_INT_CONVERSION = YES;
				CLANG_WARN_NON_LITERAL_NULL_CONVERSION = YES;
				CLANG_WARN_OBJC_IMPLICIT_RETAIN_SELF = YES;
				CLANG_WARN_OBJC_LITERAL_CONVERSION = YES;
				CLANG_WARN_OBJC_ROOT_CLASS = YES_ERROR;
				CLANG_WARN_QUOTED_INCLUDE_IN_FRAMEWORK_HEADER = YES;
				CLANG_WARN_RANGE_LOOP_ANALYSIS = YES;
				CLANG_WARN_STRICT_PROTOTYPES = YES;
				CLANG_WARN_SUSPICIOUS_MOVE = YES;
				CLANG_WARN_UNGUARDED_AVAILABILITY = YES_AGGRESSIVE;
				CLANG_WARN_UNREACHABLE_CODE = YES;
				CLANG_WARN__DUPLICATE_METHOD_MATCH = YES;
				CODE_SIGN_IDENTITY = "-";
				COPY_PHASE_STRIP = NO;
				DEBUG_INFORMATION_FORMAT = "dwarf-with-dsym";
				ENABLE_NS_ASSERTIONS = NO;
				ENABLE_STRICT_OBJC_MSGSEND = YES;
				GCC_C_LANGUAGE_STANDARD = gnu11;
				GCC_NO_COMMON_BLOCKS = YES;
				GCC_WARN_64_TO_32_BIT_CONVERSION = YES;
				GCC_WARN_ABOUT_RETURN_TYPE = YES_ERROR;
				GCC_WARN_UNDECLARED_SELECTOR = YES;
				GCC_WARN_UNINITIALIZED_AUTOS = YES_AGGRESSIVE;
				GCC_WARN_UNUSED_FUNCTION = YES;
				GCC_WARN_UNUSED_VARIABLE = YES;
				MACOSX_DEPLOYMENT_TARGET = 10.14;
				MTL_ENABLE_DEBUG_INFO = NO;
				SDKROOT = macosx;
				SWIFT_COMPILATION_MODE = wholemodule;
				SWIFT_OPTIMIZATION_LEVEL = "-O";
				SWIFT_VERSION = 5.0;
			};
			name = Release;
		};
		695484C51FC4E6E400A6983F /* Debug */ = {
			isa = XCBuildConfiguration;
			baseConfigurationReference = 4CE776B73CC64B9021104A7F /* Pods-Savitar2.debug.xcconfig */;
			buildSettings = {
				ASSETCATALOG_COMPILER_APPICON_NAME = AppIcon;
				CODE_SIGN_ENTITLEMENTS = Savitar2/Savitar2.entitlements;
				CODE_SIGN_IDENTITY = "Apple Development";
				CODE_SIGN_STYLE = Automatic;
				COMBINE_HIDPI_IMAGES = YES;
				DEVELOPMENT_TEAM = RFE485QN84;
				ENABLE_HARDENED_RUNTIME = YES;
				INFOPLIST_FILE = Savitar2/Info.plist;
				LD_RUNPATH_SEARCH_PATHS = (
					"$(inherited)",
					"@executable_path/../Frameworks",
				);
				MACOSX_DEPLOYMENT_TARGET = 10.14;
				MARKETING_VERSION = 2.0;
				PRODUCT_BUNDLE_IDENTIFIER = com.heynow.savitar2;
				PRODUCT_NAME = "$(TARGET_NAME)";
				PROVISIONING_PROFILE_SPECIFIER = "";
				SWIFT_ACTIVE_COMPILATION_CONDITIONS = "DEBUG DEBUG_TELNET DEBUG_WKWEBKIT";
				SWIFT_OBJC_BRIDGING_HEADER = "Savitar2-Bridging-Header.h";
				SWIFT_VERSION = 5.0;
			};
			name = Debug;
		};
		695484C61FC4E6E400A6983F /* Release */ = {
			isa = XCBuildConfiguration;
			baseConfigurationReference = E98A51E7AF815F5EFFA7106D /* Pods-Savitar2.release.xcconfig */;
			buildSettings = {
				ASSETCATALOG_COMPILER_APPICON_NAME = AppIcon;
				CODE_SIGN_ENTITLEMENTS = Savitar2/Savitar2.entitlements;
				CODE_SIGN_IDENTITY = "Apple Development";
				CODE_SIGN_STYLE = Automatic;
				COMBINE_HIDPI_IMAGES = YES;
				DEVELOPMENT_TEAM = RFE485QN84;
				ENABLE_HARDENED_RUNTIME = YES;
				INFOPLIST_FILE = Savitar2/Info.plist;
				LD_RUNPATH_SEARCH_PATHS = (
					"$(inherited)",
					"@executable_path/../Frameworks",
				);
				MACOSX_DEPLOYMENT_TARGET = 10.14;
				MARKETING_VERSION = 2.0;
				PRODUCT_BUNDLE_IDENTIFIER = com.heynow.savitar2;
				PRODUCT_NAME = "$(TARGET_NAME)";
				PROVISIONING_PROFILE_SPECIFIER = "";
				SWIFT_OBJC_BRIDGING_HEADER = "Savitar2-Bridging-Header.h";
				SWIFT_VERSION = 5.0;
			};
			name = Release;
		};
		695484C81FC4E6E400A6983F /* Debug */ = {
			isa = XCBuildConfiguration;
			baseConfigurationReference = 3235793AAC80CA5164752D22 /* Pods-Savitar2Tests.debug.xcconfig */;
			buildSettings = {
				ALWAYS_EMBED_SWIFT_STANDARD_LIBRARIES = YES;
				BUNDLE_LOADER = "$(TEST_HOST)";
				CODE_SIGN_IDENTITY = "Apple Development";
				CODE_SIGN_STYLE = Automatic;
				COMBINE_HIDPI_IMAGES = YES;
				DEVELOPMENT_TEAM = UHF2FJ4SUB;
				INFOPLIST_FILE = Savitar2Tests/Info.plist;
				LD_RUNPATH_SEARCH_PATHS = (
					"$(inherited)",
					"@executable_path/../Frameworks",
					"@loader_path/../Frameworks",
				);
				PRODUCT_BUNDLE_IDENTIFIER = com.heynow.Savitar2Tests;
				PRODUCT_NAME = "$(TARGET_NAME)";
				PROVISIONING_PROFILE_SPECIFIER = "";
				SWIFT_VERSION = 5.0;
				TEST_HOST = "$(BUILT_PRODUCTS_DIR)/Savitar2.app/Contents/MacOS/Savitar2";
			};
			name = Debug;
		};
		695484C91FC4E6E400A6983F /* Release */ = {
			isa = XCBuildConfiguration;
			baseConfigurationReference = 679EC5233D3113D0EBC899EB /* Pods-Savitar2Tests.release.xcconfig */;
			buildSettings = {
				ALWAYS_EMBED_SWIFT_STANDARD_LIBRARIES = YES;
				BUNDLE_LOADER = "$(TEST_HOST)";
				CODE_SIGN_IDENTITY = "Apple Development";
				CODE_SIGN_STYLE = Automatic;
				COMBINE_HIDPI_IMAGES = YES;
				DEVELOPMENT_TEAM = UHF2FJ4SUB;
				INFOPLIST_FILE = Savitar2Tests/Info.plist;
				LD_RUNPATH_SEARCH_PATHS = (
					"$(inherited)",
					"@executable_path/../Frameworks",
					"@loader_path/../Frameworks",
				);
				PRODUCT_BUNDLE_IDENTIFIER = com.heynow.Savitar2Tests;
				PRODUCT_NAME = "$(TARGET_NAME)";
				PROVISIONING_PROFILE_SPECIFIER = "";
				SWIFT_VERSION = 5.0;
				TEST_HOST = "$(BUILT_PRODUCTS_DIR)/Savitar2.app/Contents/MacOS/Savitar2";
			};
			name = Release;
		};
		695484CB1FC4E6E400A6983F /* Debug */ = {
			isa = XCBuildConfiguration;
			baseConfigurationReference = E4362BEE27039532875E6808 /* Pods-Savitar2UITests.debug.xcconfig */;
			buildSettings = {
				ALWAYS_EMBED_SWIFT_STANDARD_LIBRARIES = YES;
				CODE_SIGN_STYLE = Automatic;
				COMBINE_HIDPI_IMAGES = YES;
				DEVELOPMENT_TEAM = RFE485QN84;
				INFOPLIST_FILE = Savitar2UITests/Info.plist;
				LD_RUNPATH_SEARCH_PATHS = (
					"$(inherited)",
					"@executable_path/../Frameworks",
					"@loader_path/../Frameworks",
				);
				PRODUCT_BUNDLE_IDENTIFIER = Heynow.Savitar2UITests;
				PRODUCT_NAME = "$(TARGET_NAME)";
				SWIFT_VERSION = 5.0;
				TEST_TARGET_NAME = Savitar2;
			};
			name = Debug;
		};
		695484CC1FC4E6E400A6983F /* Release */ = {
			isa = XCBuildConfiguration;
			baseConfigurationReference = D564AF007829E5DA0BA4C2EE /* Pods-Savitar2UITests.release.xcconfig */;
			buildSettings = {
				ALWAYS_EMBED_SWIFT_STANDARD_LIBRARIES = YES;
				CODE_SIGN_STYLE = Automatic;
				COMBINE_HIDPI_IMAGES = YES;
				DEVELOPMENT_TEAM = RFE485QN84;
				INFOPLIST_FILE = Savitar2UITests/Info.plist;
				LD_RUNPATH_SEARCH_PATHS = (
					"$(inherited)",
					"@executable_path/../Frameworks",
					"@loader_path/../Frameworks",
				);
				PRODUCT_BUNDLE_IDENTIFIER = Heynow.Savitar2UITests;
				PRODUCT_NAME = "$(TARGET_NAME)";
				SWIFT_VERSION = 5.0;
				TEST_TARGET_NAME = Savitar2;
			};
			name = Release;
		};
/* End XCBuildConfiguration section */

/* Begin XCConfigurationList section */
		695484971FC4E6E400A6983F /* Build configuration list for PBXProject "Savitar2" */ = {
			isa = XCConfigurationList;
			buildConfigurations = (
				695484C21FC4E6E400A6983F /* Debug */,
				695484C31FC4E6E400A6983F /* Release */,
			);
			defaultConfigurationIsVisible = 0;
			defaultConfigurationName = Release;
		};
		695484C41FC4E6E400A6983F /* Build configuration list for PBXNativeTarget "Savitar2" */ = {
			isa = XCConfigurationList;
			buildConfigurations = (
				695484C51FC4E6E400A6983F /* Debug */,
				695484C61FC4E6E400A6983F /* Release */,
			);
			defaultConfigurationIsVisible = 0;
			defaultConfigurationName = Release;
		};
		695484C71FC4E6E400A6983F /* Build configuration list for PBXNativeTarget "Savitar2Tests" */ = {
			isa = XCConfigurationList;
			buildConfigurations = (
				695484C81FC4E6E400A6983F /* Debug */,
				695484C91FC4E6E400A6983F /* Release */,
			);
			defaultConfigurationIsVisible = 0;
			defaultConfigurationName = Release;
		};
		695484CA1FC4E6E400A6983F /* Build configuration list for PBXNativeTarget "Savitar2UITests" */ = {
			isa = XCConfigurationList;
			buildConfigurations = (
				695484CB1FC4E6E400A6983F /* Debug */,
				695484CC1FC4E6E400A6983F /* Release */,
			);
			defaultConfigurationIsVisible = 0;
			defaultConfigurationName = Release;
		};
/* End XCConfigurationList section */

/* Begin XCRemoteSwiftPackageReference section */
		69241E492874677000CDDE09 /* XCRemoteSwiftPackageReference "appcenter-sdk-apple" */ = {
			isa = XCRemoteSwiftPackageReference;
			repositoryURL = "https://github.com/microsoft/appcenter-sdk-apple.git";
			requirement = {
				kind = upToNextMajorVersion;
				minimumVersion = 4.0.0;
			};
		};
		696838182558FCC900F0BC20 /* XCRemoteSwiftPackageReference "swift-log" */ = {
			isa = XCRemoteSwiftPackageReference;
			repositoryURL = "https://github.com/apple/swift-log.git";
			requirement = {
				kind = upToNextMajorVersion;
				minimumVersion = 1.4.0;
			};
		};
		69CEEDF123D6213900E9F087 /* XCRemoteSwiftPackageReference "ReSwift" */ = {
			isa = XCRemoteSwiftPackageReference;
			repositoryURL = "https://github.com/ReSwift/ReSwift.git";
			requirement = {
				kind = upToNextMajorVersion;
				minimumVersion = 6.0.0;
			};
		};
		69D6E5ED24B203CB00058D70 /* XCRemoteSwiftPackageReference "SwiftyXMLParser" */ = {
			isa = XCRemoteSwiftPackageReference;
			repositoryURL = "https://github.com/yahoojapan/SwiftyXMLParser";
			requirement = {
				kind = upToNextMajorVersion;
				minimumVersion = 5.2.0;
			};
		};
/* End XCRemoteSwiftPackageReference section */

/* Begin XCSwiftPackageProductDependency section */
		69241E4A2874677000CDDE09 /* AppCenterAnalytics */ = {
			isa = XCSwiftPackageProductDependency;
			package = 69241E492874677000CDDE09 /* XCRemoteSwiftPackageReference "appcenter-sdk-apple" */;
			productName = AppCenterAnalytics;
		};
		69241E4C2874677000CDDE09 /* AppCenterCrashes */ = {
			isa = XCSwiftPackageProductDependency;
			package = 69241E492874677000CDDE09 /* XCRemoteSwiftPackageReference "appcenter-sdk-apple" */;
			productName = AppCenterCrashes;
		};
		696838192558FCC900F0BC20 /* Logging */ = {
			isa = XCSwiftPackageProductDependency;
			package = 696838182558FCC900F0BC20 /* XCRemoteSwiftPackageReference "swift-log" */;
			productName = Logging;
		};
		69CEEDF223D6213900E9F087 /* ReSwift */ = {
			isa = XCSwiftPackageProductDependency;
			package = 69CEEDF123D6213900E9F087 /* XCRemoteSwiftPackageReference "ReSwift" */;
			productName = ReSwift;
		};
		69D6E5EE24B203CB00058D70 /* SwiftyXMLParser */ = {
			isa = XCSwiftPackageProductDependency;
			package = 69D6E5ED24B203CB00058D70 /* XCRemoteSwiftPackageReference "SwiftyXMLParser" */;
			productName = SwiftyXMLParser;
		};
/* End XCSwiftPackageProductDependency section */
	};
	rootObject = 695484941FC4E6E400A6983F /* Project object */;
}
