// !$*UTF8*$!
{
	archiveVersion = 1;
	classes = {
	};
	objectVersion = 52;
	objects = {

/* Begin PBXBuildFile section */
		69000EDC23942523009976E0 /* Trigger.swift in Sources */ = {isa = PBXBuildFile; fileRef = 69000EDB23942523009976E0 /* Trigger.swift */; };
		69000EE02397CE30009976E0 /* TriggerMan.swift in Sources */ = {isa = PBXBuildFile; fileRef = 69000EDF2397CE30009976E0 /* TriggerMan.swift */; };
		69000EE22397CF09009976E0 /* AppContext.swift in Sources */ = {isa = PBXBuildFile; fileRef = 69000EE12397CF09009976E0 /* AppContext.swift */; };
		69071B3923A52A7B001C58B1 /* TriggerManTests.swift in Sources */ = {isa = PBXBuildFile; fileRef = 69071B3823A52A7B001C58B1 /* TriggerManTests.swift */; };
		69071B3B23A55796001C58B1 /* SwiftyXMLParserTests.swift in Sources */ = {isa = PBXBuildFile; fileRef = 69071B3A23A55796001C58B1 /* SwiftyXMLParserTests.swift */; };
		69071B3D23A6816A001C58B1 /* XMLElement+Extensions.swift in Sources */ = {isa = PBXBuildFile; fileRef = 69071B3C23A6816A001C58B1 /* XMLElement+Extensions.swift */; };
		69071B3F23A6EA51001C58B1 /* WorldTests.swift in Sources */ = {isa = PBXBuildFile; fileRef = 69071B3E23A6EA51001C58B1 /* WorldTests.swift */; };
		690B462323AA4CB0000445E4 /* AppPreferences.swift in Sources */ = {isa = PBXBuildFile; fileRef = 690B462223AA4CB0000445E4 /* AppPreferences.swift */; };
		690B462523AD82CE000445E4 /* WorldMan.swift in Sources */ = {isa = PBXBuildFile; fileRef = 690B462423AD82CE000445E4 /* WorldMan.swift */; };
		690B462723B0063F000445E4 /* ModelManager.swift in Sources */ = {isa = PBXBuildFile; fileRef = 690B462623B0063F000445E4 /* ModelManager.swift */; };
		690B462B23B16AAD000445E4 /* AppPreferencesTests.swift in Sources */ = {isa = PBXBuildFile; fileRef = 690B462A23B16AAD000445E4 /* AppPreferencesTests.swift */; };
		690B462D23B16B54000445E4 /* StartupPreferences.xml in Resources */ = {isa = PBXBuildFile; fileRef = 690B462C23B16B54000445E4 /* StartupPreferences.xml */; };
		690B462E23B16B54000445E4 /* StartupPreferences.xml in Resources */ = {isa = PBXBuildFile; fileRef = 690B462C23B16B54000445E4 /* StartupPreferences.xml */; };
		6946AB7A208435320075610C /* WorldSettingsController.swift in Sources */ = {isa = PBXBuildFile; fileRef = 6946AB79208435320075610C /* WorldSettingsController.swift */; };
		695484A61FC4E6E400A6983F /* Assets.xcassets in Resources */ = {isa = PBXBuildFile; fileRef = 695484A51FC4E6E400A6983F /* Assets.xcassets */; };
		695484A91FC4E6E400A6983F /* Main.storyboard in Resources */ = {isa = PBXBuildFile; fileRef = 695484A71FC4E6E400A6983F /* Main.storyboard */; };
		695484B51FC4E6E400A6983F /* Savitar2Tests.swift in Sources */ = {isa = PBXBuildFile; fileRef = 695484B41FC4E6E400A6983F /* Savitar2Tests.swift */; };
		695484C01FC4E6E400A6983F /* Savitar2UITests.swift in Sources */ = {isa = PBXBuildFile; fileRef = 695484BF1FC4E6E400A6983F /* Savitar2UITests.swift */; };
		69662B27204367BD00E7CC7B /* ViewController.swift in Sources */ = {isa = PBXBuildFile; fileRef = 69662B1D204367BD00E7CC7B /* ViewController.swift */; };
		69662B28204367BD00E7CC7B /* SplitViewController.swift in Sources */ = {isa = PBXBuildFile; fileRef = 69662B1E204367BD00E7CC7B /* SplitViewController.swift */; };
		69662B29204367BD00E7CC7B /* InputViewController.swift in Sources */ = {isa = PBXBuildFile; fileRef = 69662B1F204367BD00E7CC7B /* InputViewController.swift */; };
		69662B2A204367BD00E7CC7B /* OutputProtocol.swift in Sources */ = {isa = PBXBuildFile; fileRef = 69662B20204367BD00E7CC7B /* OutputProtocol.swift */; };
		69662B2B204367BD00E7CC7B /* Document.swift in Sources */ = {isa = PBXBuildFile; fileRef = 69662B21204367BD00E7CC7B /* Document.swift */; };
		69662B2C204367BD00E7CC7B /* Endpoint.swift in Sources */ = {isa = PBXBuildFile; fileRef = 69662B22204367BD00E7CC7B /* Endpoint.swift */; };
		69662B2D204367BD00E7CC7B /* NSColor+Extensions.swift in Sources */ = {isa = PBXBuildFile; fileRef = 69662B24204367BD00E7CC7B /* NSColor+Extensions.swift */; };
		69662B2E204367BD00E7CC7B /* String+Extensions.swift in Sources */ = {isa = PBXBuildFile; fileRef = 69662B25204367BD00E7CC7B /* String+Extensions.swift */; };
		69662B2F204367BD00E7CC7B /* AppDelegate.swift in Sources */ = {isa = PBXBuildFile; fileRef = 69662B26204367BD00E7CC7B /* AppDelegate.swift */; };
		69683028239C22550066CC48 /* TrigTextStyle.swift in Sources */ = {isa = PBXBuildFile; fileRef = 69683027239C22550066CC48 /* TrigTextStyle.swift */; };
		696F77442390CFF2005E45EB /* aha.c in Sources */ = {isa = PBXBuildFile; fileRef = 696F77432390CFF2005E45EB /* aha.c */; };
		696F77462390D22A005E45EB /* WKWebView+Extensions.swift in Sources */ = {isa = PBXBuildFile; fileRef = 696F77452390D22A005E45EB /* WKWebView+Extensions.swift */; };
		696F77482390D256005E45EB /* Appearance.txt in Resources */ = {isa = PBXBuildFile; fileRef = 696F77472390D256005E45EB /* Appearance.txt */; };
		696F774A2390D2D2005E45EB /* OutputViewController.swift in Sources */ = {isa = PBXBuildFile; fileRef = 696F77492390D2D2005E45EB /* OutputViewController.swift */; };
		697417E82436B6E300D00785 /* AppState.swift in Sources */ = {isa = PBXBuildFile; fileRef = 697417E72436B6E300D00785 /* AppState.swift */; };
		697D14A6239D828900BBF33C /* TriggerTests.swift in Sources */ = {isa = PBXBuildFile; fileRef = 697D14A5239D828900BBF33C /* TriggerTests.swift */; };
		6991F4622393113700E2BFDB /* TelnetParser.swift in Sources */ = {isa = PBXBuildFile; fileRef = 6991F4612393113700E2BFDB /* TelnetParser.swift */; };
		6991F4642393245B00E2BFDB /* Data+Extensions.swift in Sources */ = {isa = PBXBuildFile; fileRef = 6991F4632393245B00E2BFDB /* Data+Extensions.swift */; };
		6991F46B2393F71700E2BFDB /* Logging in Frameworks */ = {isa = PBXBuildFile; productRef = 6991F46A2393F71700E2BFDB /* Logging */; };
		6994602E2041124800409308 /* World.icns in Resources */ = {isa = PBXBuildFile; fileRef = 6994602D2041124800409308 /* World.icns */; };
		69CEEDC923B27BCD00E9F087 /* Variable.swift in Sources */ = {isa = PBXBuildFile; fileRef = 69CEEDC823B27BCD00E9F087 /* Variable.swift */; };
		69CEEDCD23B3967300E9F087 /* VariableMan.swift in Sources */ = {isa = PBXBuildFile; fileRef = 69CEEDCC23B3967300E9F087 /* VariableMan.swift */; };
		69CEEDCF23B3D75F00E9F087 /* VariableManTests.swift in Sources */ = {isa = PBXBuildFile; fileRef = 69CEEDCE23B3D75F00E9F087 /* VariableManTests.swift */; };
		69CEEDD123B3EEA700E9F087 /* VariableTests.swift in Sources */ = {isa = PBXBuildFile; fileRef = 69CEEDD023B3EEA700E9F087 /* VariableTests.swift */; };
		69CEEDD423B4003400E9F087 /* ColorMan.swift in Sources */ = {isa = PBXBuildFile; fileRef = 69CEEDD323B4003400E9F087 /* ColorMan.swift */; };
		69CEEDD623B4011500E9F087 /* SavColor.swift in Sources */ = {isa = PBXBuildFile; fileRef = 69CEEDD523B4011500E9F087 /* SavColor.swift */; };
		69CEEDD823B4064D00E9F087 /* ColorManTests.swift in Sources */ = {isa = PBXBuildFile; fileRef = 69CEEDD723B4064D00E9F087 /* ColorManTests.swift */; };
		69CEEDDA23B4078400E9F087 /* SavColorTests.swift in Sources */ = {isa = PBXBuildFile; fileRef = 69CEEDD923B4078400E9F087 /* SavColorTests.swift */; };
		69CEEDE223BEDA7900E9F087 /* EventsWindow.storyboard in Resources */ = {isa = PBXBuildFile; fileRef = 69CEEDE123BEDA7900E9F087 /* EventsWindow.storyboard */; };
		69CEEDE423BEDA9600E9F087 /* EventsViewController.swift in Sources */ = {isa = PBXBuildFile; fileRef = 69CEEDE323BEDA9600E9F087 /* EventsViewController.swift */; };
		69CEEDE623C2A07B00E9F087 /* Array+Extensions.swift in Sources */ = {isa = PBXBuildFile; fileRef = 69CEEDE523C2A07A00E9F087 /* Array+Extensions.swift */; };
		69CEEDE823C2C48C00E9F087 /* SavitarObject.swift in Sources */ = {isa = PBXBuildFile; fileRef = 69CEEDE723C2C48C00E9F087 /* SavitarObject.swift */; };
		69CEEDEA23C2C8B900E9F087 /* WorldController.swift in Sources */ = {isa = PBXBuildFile; fileRef = 69CEEDE923C2C8B900E9F087 /* WorldController.swift */; };
		69CEEDEC23C57EE500E9F087 /* TriggerWindow.storyboard in Resources */ = {isa = PBXBuildFile; fileRef = 69CEEDEB23C57EE500E9F087 /* TriggerWindow.storyboard */; };
		69CEEDEE23C94C6A00E9F087 /* TriggerSettingsController.swift in Sources */ = {isa = PBXBuildFile; fileRef = 69CEEDED23C94C6A00E9F087 /* TriggerSettingsController.swift */; };
		69CEEDF023C94EE400E9F087 /* TriggerController.swift in Sources */ = {isa = PBXBuildFile; fileRef = 69CEEDEF23C94EE400E9F087 /* TriggerController.swift */; };
		69CEEDF323D6213900E9F087 /* ReSwift in Frameworks */ = {isa = PBXBuildFile; productRef = 69CEEDF223D6213900E9F087 /* ReSwift */; };
		69CEEDF523D9382F00E9F087 /* SavitarObjectId.swift in Sources */ = {isa = PBXBuildFile; fileRef = 69CEEDF423D9382F00E9F087 /* SavitarObjectId.swift */; };
		69DE2D24209D433B00A4D3F2 /* AppearanceSettingsController.swift in Sources */ = {isa = PBXBuildFile; fileRef = 69DE2D23209D433B00A4D3F2 /* AppearanceSettingsController.swift */; };
		69F620DD204B86A100301A8D /* DocumentV1.swift in Sources */ = {isa = PBXBuildFile; fileRef = 69F620DC204B86A000301A8D /* DocumentV1.swift */; };
		69F620DF204B86E700301A8D /* NSWindow+Extensions.swift in Sources */ = {isa = PBXBuildFile; fileRef = 69F620DE204B86E700301A8D /* NSWindow+Extensions.swift */; };
		69F620E1204B872400301A8D /* CGFloat+Extensions.swift in Sources */ = {isa = PBXBuildFile; fileRef = 69F620E0204B872400301A8D /* CGFloat+Extensions.swift */; };
		69F620E3204B881600301A8D /* DocumentV2.swift in Sources */ = {isa = PBXBuildFile; fileRef = 69F620E2204B881600301A8D /* DocumentV2.swift */; };
		69F620E5204B889200301A8D /* World.swift in Sources */ = {isa = PBXBuildFile; fileRef = 69F620E4204B889200301A8D /* World.swift */; };
		69F620E7204BC19100301A8D /* WindowController.swift in Sources */ = {isa = PBXBuildFile; fileRef = 69F620E6204BC19100301A8D /* WindowController.swift */; };
		69FC914923A0789600980CBF /* SavitarXMLProtocol.swift in Sources */ = {isa = PBXBuildFile; fileRef = 69FC914823A0789600980CBF /* SavitarXMLProtocol.swift */; };
		69FC914D23A1E15C00980CBF /* OptionSet+Extensions.swift in Sources */ = {isa = PBXBuildFile; fileRef = 69FC914C23A1E15C00980CBF /* OptionSet+Extensions.swift */; };
		8EC587E8419D8E733647527D /* Pods_Savitar2Tests.framework in Frameworks */ = {isa = PBXBuildFile; fileRef = E8C2D0666F79855C3B3233E7 /* Pods_Savitar2Tests.framework */; };
		B95AD7509F50F626C209BE85 /* Pods_Savitar2.framework in Frameworks */ = {isa = PBXBuildFile; fileRef = F59E2B18C57FF7EEAC39A2EF /* Pods_Savitar2.framework */; };
		BCD761E32F1DA985B627E436 /* Pods_Savitar2UITests.framework in Frameworks */ = {isa = PBXBuildFile; fileRef = AF6F28F7F8F374A69DDD0671 /* Pods_Savitar2UITests.framework */; };
/* End PBXBuildFile section */

/* Begin PBXContainerItemProxy section */
		695484B11FC4E6E400A6983F /* PBXContainerItemProxy */ = {
			isa = PBXContainerItemProxy;
			containerPortal = 695484941FC4E6E400A6983F /* Project object */;
			proxyType = 1;
			remoteGlobalIDString = 6954849B1FC4E6E400A6983F;
			remoteInfo = Savitar2;
		};
		695484BC1FC4E6E400A6983F /* PBXContainerItemProxy */ = {
			isa = PBXContainerItemProxy;
			containerPortal = 695484941FC4E6E400A6983F /* Project object */;
			proxyType = 1;
			remoteGlobalIDString = 6954849B1FC4E6E400A6983F;
			remoteInfo = Savitar2;
		};
/* End PBXContainerItemProxy section */

/* Begin PBXFileReference section */
		3235793AAC80CA5164752D22 /* Pods-Savitar2Tests.debug.xcconfig */ = {isa = PBXFileReference; includeInIndex = 1; lastKnownFileType = text.xcconfig; name = "Pods-Savitar2Tests.debug.xcconfig"; path = "Target Support Files/Pods-Savitar2Tests/Pods-Savitar2Tests.debug.xcconfig"; sourceTree = "<group>"; };
		4CE776B73CC64B9021104A7F /* Pods-Savitar2.debug.xcconfig */ = {isa = PBXFileReference; includeInIndex = 1; lastKnownFileType = text.xcconfig; name = "Pods-Savitar2.debug.xcconfig"; path = "Target Support Files/Pods-Savitar2/Pods-Savitar2.debug.xcconfig"; sourceTree = "<group>"; };
		679EC5233D3113D0EBC899EB /* Pods-Savitar2Tests.release.xcconfig */ = {isa = PBXFileReference; includeInIndex = 1; lastKnownFileType = text.xcconfig; name = "Pods-Savitar2Tests.release.xcconfig"; path = "Target Support Files/Pods-Savitar2Tests/Pods-Savitar2Tests.release.xcconfig"; sourceTree = "<group>"; };
		69000EDB23942523009976E0 /* Trigger.swift */ = {isa = PBXFileReference; lastKnownFileType = sourcecode.swift; path = Trigger.swift; sourceTree = "<group>"; };
		69000EDF2397CE30009976E0 /* TriggerMan.swift */ = {isa = PBXFileReference; lastKnownFileType = sourcecode.swift; path = TriggerMan.swift; sourceTree = "<group>"; };
		69000EE12397CF09009976E0 /* AppContext.swift */ = {isa = PBXFileReference; lastKnownFileType = sourcecode.swift; path = AppContext.swift; sourceTree = "<group>"; };
		69071B3823A52A7B001C58B1 /* TriggerManTests.swift */ = {isa = PBXFileReference; lastKnownFileType = sourcecode.swift; path = TriggerManTests.swift; sourceTree = "<group>"; };
		69071B3A23A55796001C58B1 /* SwiftyXMLParserTests.swift */ = {isa = PBXFileReference; lastKnownFileType = sourcecode.swift; path = SwiftyXMLParserTests.swift; sourceTree = "<group>"; };
		69071B3C23A6816A001C58B1 /* XMLElement+Extensions.swift */ = {isa = PBXFileReference; lastKnownFileType = sourcecode.swift; path = "XMLElement+Extensions.swift"; sourceTree = "<group>"; };
		69071B3E23A6EA51001C58B1 /* WorldTests.swift */ = {isa = PBXFileReference; lastKnownFileType = sourcecode.swift; path = WorldTests.swift; sourceTree = "<group>"; };
		690B462223AA4CB0000445E4 /* AppPreferences.swift */ = {isa = PBXFileReference; lastKnownFileType = sourcecode.swift; path = AppPreferences.swift; sourceTree = "<group>"; };
		690B462423AD82CE000445E4 /* WorldMan.swift */ = {isa = PBXFileReference; lastKnownFileType = sourcecode.swift; path = WorldMan.swift; sourceTree = "<group>"; };
		690B462623B0063F000445E4 /* ModelManager.swift */ = {isa = PBXFileReference; lastKnownFileType = sourcecode.swift; path = ModelManager.swift; sourceTree = "<group>"; };
		690B462A23B16AAD000445E4 /* AppPreferencesTests.swift */ = {isa = PBXFileReference; lastKnownFileType = sourcecode.swift; path = AppPreferencesTests.swift; sourceTree = "<group>"; };
		690B462C23B16B54000445E4 /* StartupPreferences.xml */ = {isa = PBXFileReference; fileEncoding = 4; lastKnownFileType = text.xml; path = StartupPreferences.xml; sourceTree = "<group>"; };
		6946AB79208435320075610C /* WorldSettingsController.swift */ = {isa = PBXFileReference; lastKnownFileType = sourcecode.swift; path = WorldSettingsController.swift; sourceTree = "<group>"; };
		6954849C1FC4E6E400A6983F /* Savitar2.app */ = {isa = PBXFileReference; explicitFileType = wrapper.application; includeInIndex = 0; path = Savitar2.app; sourceTree = BUILT_PRODUCTS_DIR; };
		695484A51FC4E6E400A6983F /* Assets.xcassets */ = {isa = PBXFileReference; lastKnownFileType = folder.assetcatalog; path = Assets.xcassets; sourceTree = "<group>"; };
		695484A81FC4E6E400A6983F /* Base */ = {isa = PBXFileReference; lastKnownFileType = file.storyboard; name = Base; path = Base.lproj/Main.storyboard; sourceTree = "<group>"; };
		695484AA1FC4E6E400A6983F /* Info.plist */ = {isa = PBXFileReference; lastKnownFileType = text.plist.xml; path = Info.plist; sourceTree = "<group>"; };
		695484B01FC4E6E400A6983F /* Savitar2Tests.xctest */ = {isa = PBXFileReference; explicitFileType = wrapper.cfbundle; includeInIndex = 0; path = Savitar2Tests.xctest; sourceTree = BUILT_PRODUCTS_DIR; };
		695484B41FC4E6E400A6983F /* Savitar2Tests.swift */ = {isa = PBXFileReference; lastKnownFileType = sourcecode.swift; path = Savitar2Tests.swift; sourceTree = "<group>"; };
		695484B61FC4E6E400A6983F /* Info.plist */ = {isa = PBXFileReference; lastKnownFileType = text.plist.xml; path = Info.plist; sourceTree = "<group>"; };
		695484BB1FC4E6E400A6983F /* Savitar2UITests.xctest */ = {isa = PBXFileReference; explicitFileType = wrapper.cfbundle; includeInIndex = 0; path = Savitar2UITests.xctest; sourceTree = BUILT_PRODUCTS_DIR; };
		695484BF1FC4E6E400A6983F /* Savitar2UITests.swift */ = {isa = PBXFileReference; lastKnownFileType = sourcecode.swift; path = Savitar2UITests.swift; sourceTree = "<group>"; };
		695484C11FC4E6E400A6983F /* Info.plist */ = {isa = PBXFileReference; lastKnownFileType = text.plist.xml; path = Info.plist; sourceTree = "<group>"; };
		69662B1D204367BD00E7CC7B /* ViewController.swift */ = {isa = PBXFileReference; fileEncoding = 4; lastKnownFileType = sourcecode.swift; path = ViewController.swift; sourceTree = "<group>"; };
		69662B1E204367BD00E7CC7B /* SplitViewController.swift */ = {isa = PBXFileReference; fileEncoding = 4; lastKnownFileType = sourcecode.swift; path = SplitViewController.swift; sourceTree = "<group>"; };
		69662B1F204367BD00E7CC7B /* InputViewController.swift */ = {isa = PBXFileReference; fileEncoding = 4; lastKnownFileType = sourcecode.swift; path = InputViewController.swift; sourceTree = "<group>"; };
		69662B20204367BD00E7CC7B /* OutputProtocol.swift */ = {isa = PBXFileReference; fileEncoding = 4; lastKnownFileType = sourcecode.swift; path = OutputProtocol.swift; sourceTree = "<group>"; };
		69662B21204367BD00E7CC7B /* Document.swift */ = {isa = PBXFileReference; fileEncoding = 4; lastKnownFileType = sourcecode.swift; path = Document.swift; sourceTree = "<group>"; };
		69662B22204367BD00E7CC7B /* Endpoint.swift */ = {isa = PBXFileReference; fileEncoding = 4; lastKnownFileType = sourcecode.swift; path = Endpoint.swift; sourceTree = "<group>"; };
		69662B24204367BD00E7CC7B /* NSColor+Extensions.swift */ = {isa = PBXFileReference; fileEncoding = 4; lastKnownFileType = sourcecode.swift; path = "NSColor+Extensions.swift"; sourceTree = "<group>"; };
		69662B25204367BD00E7CC7B /* String+Extensions.swift */ = {isa = PBXFileReference; fileEncoding = 4; lastKnownFileType = sourcecode.swift; path = "String+Extensions.swift"; sourceTree = "<group>"; };
		69662B26204367BD00E7CC7B /* AppDelegate.swift */ = {isa = PBXFileReference; fileEncoding = 4; lastKnownFileType = sourcecode.swift; path = AppDelegate.swift; sourceTree = "<group>"; };
		69662B302043A6E100E7CC7B /* Savitar2.entitlements */ = {isa = PBXFileReference; lastKnownFileType = text.plist.entitlements; path = Savitar2.entitlements; sourceTree = "<group>"; };
		69683027239C22550066CC48 /* TrigTextStyle.swift */ = {isa = PBXFileReference; lastKnownFileType = sourcecode.swift; path = TrigTextStyle.swift; sourceTree = "<group>"; };
		696F773F2390CF46005E45EB /* Savitar2-Bridging-Header.h */ = {isa = PBXFileReference; fileEncoding = 4; lastKnownFileType = sourcecode.c.h; path = "Savitar2-Bridging-Header.h"; sourceTree = SOURCE_ROOT; };
		696F77422390CFF2005E45EB /* aha.h */ = {isa = PBXFileReference; fileEncoding = 4; lastKnownFileType = sourcecode.c.h; path = aha.h; sourceTree = "<group>"; };
		696F77432390CFF2005E45EB /* aha.c */ = {isa = PBXFileReference; fileEncoding = 4; lastKnownFileType = sourcecode.c.c; path = aha.c; sourceTree = "<group>"; };
		696F77452390D22A005E45EB /* WKWebView+Extensions.swift */ = {isa = PBXFileReference; fileEncoding = 4; lastKnownFileType = sourcecode.swift; path = "WKWebView+Extensions.swift"; sourceTree = "<group>"; };
		696F77472390D256005E45EB /* Appearance.txt */ = {isa = PBXFileReference; fileEncoding = 4; lastKnownFileType = text; path = Appearance.txt; sourceTree = "<group>"; };
		696F77492390D2D2005E45EB /* OutputViewController.swift */ = {isa = PBXFileReference; fileEncoding = 4; lastKnownFileType = sourcecode.swift; path = OutputViewController.swift; sourceTree = "<group>"; };
		697417E72436B6E300D00785 /* AppState.swift */ = {isa = PBXFileReference; lastKnownFileType = sourcecode.swift; path = AppState.swift; sourceTree = "<group>"; };
		697D14A5239D828900BBF33C /* TriggerTests.swift */ = {isa = PBXFileReference; lastKnownFileType = sourcecode.swift; path = TriggerTests.swift; sourceTree = "<group>"; };
		6991F4612393113700E2BFDB /* TelnetParser.swift */ = {isa = PBXFileReference; lastKnownFileType = sourcecode.swift; path = TelnetParser.swift; sourceTree = "<group>"; };
		6991F4632393245B00E2BFDB /* Data+Extensions.swift */ = {isa = PBXFileReference; lastKnownFileType = sourcecode.swift; path = "Data+Extensions.swift"; sourceTree = "<group>"; };
		6994602D2041124800409308 /* World.icns */ = {isa = PBXFileReference; lastKnownFileType = image.icns; name = World.icns; path = Savitar2/World.icns; sourceTree = "<group>"; };
		69CEEDC823B27BCD00E9F087 /* Variable.swift */ = {isa = PBXFileReference; lastKnownFileType = sourcecode.swift; path = Variable.swift; sourceTree = "<group>"; };
		69CEEDCC23B3967300E9F087 /* VariableMan.swift */ = {isa = PBXFileReference; fileEncoding = 4; lastKnownFileType = sourcecode.swift; path = VariableMan.swift; sourceTree = "<group>"; };
		69CEEDCE23B3D75F00E9F087 /* VariableManTests.swift */ = {isa = PBXFileReference; lastKnownFileType = sourcecode.swift; path = VariableManTests.swift; sourceTree = "<group>"; };
		69CEEDD023B3EEA700E9F087 /* VariableTests.swift */ = {isa = PBXFileReference; lastKnownFileType = sourcecode.swift; path = VariableTests.swift; sourceTree = "<group>"; };
		69CEEDD323B4003400E9F087 /* ColorMan.swift */ = {isa = PBXFileReference; lastKnownFileType = sourcecode.swift; path = ColorMan.swift; sourceTree = "<group>"; };
		69CEEDD523B4011500E9F087 /* SavColor.swift */ = {isa = PBXFileReference; lastKnownFileType = sourcecode.swift; path = SavColor.swift; sourceTree = "<group>"; };
		69CEEDD723B4064D00E9F087 /* ColorManTests.swift */ = {isa = PBXFileReference; lastKnownFileType = sourcecode.swift; path = ColorManTests.swift; sourceTree = "<group>"; };
		69CEEDD923B4078400E9F087 /* SavColorTests.swift */ = {isa = PBXFileReference; lastKnownFileType = sourcecode.swift; path = SavColorTests.swift; sourceTree = "<group>"; };
		69CEEDE123BEDA7900E9F087 /* EventsWindow.storyboard */ = {isa = PBXFileReference; fileEncoding = 4; lastKnownFileType = file.storyboard; path = EventsWindow.storyboard; sourceTree = "<group>"; };
		69CEEDE323BEDA9600E9F087 /* EventsViewController.swift */ = {isa = PBXFileReference; lastKnownFileType = sourcecode.swift; path = EventsViewController.swift; sourceTree = "<group>"; };
		69CEEDE523C2A07A00E9F087 /* Array+Extensions.swift */ = {isa = PBXFileReference; lastKnownFileType = sourcecode.swift; path = "Array+Extensions.swift"; sourceTree = "<group>"; };
		69CEEDE723C2C48C00E9F087 /* SavitarObject.swift */ = {isa = PBXFileReference; lastKnownFileType = sourcecode.swift; path = SavitarObject.swift; sourceTree = "<group>"; };
		69CEEDE923C2C8B900E9F087 /* WorldController.swift */ = {isa = PBXFileReference; lastKnownFileType = sourcecode.swift; path = WorldController.swift; sourceTree = "<group>"; };
		69CEEDEB23C57EE500E9F087 /* TriggerWindow.storyboard */ = {isa = PBXFileReference; fileEncoding = 4; lastKnownFileType = file.storyboard; path = TriggerWindow.storyboard; sourceTree = "<group>"; };
		69CEEDED23C94C6A00E9F087 /* TriggerSettingsController.swift */ = {isa = PBXFileReference; lastKnownFileType = sourcecode.swift; path = TriggerSettingsController.swift; sourceTree = "<group>"; };
		69CEEDEF23C94EE400E9F087 /* TriggerController.swift */ = {isa = PBXFileReference; lastKnownFileType = sourcecode.swift; path = TriggerController.swift; sourceTree = "<group>"; };
		69CEEDF423D9382F00E9F087 /* SavitarObjectId.swift */ = {isa = PBXFileReference; lastKnownFileType = sourcecode.swift; path = SavitarObjectId.swift; sourceTree = "<group>"; };
		69DE2D23209D433B00A4D3F2 /* AppearanceSettingsController.swift */ = {isa = PBXFileReference; lastKnownFileType = sourcecode.swift; path = AppearanceSettingsController.swift; sourceTree = "<group>"; };
		69F620DC204B86A000301A8D /* DocumentV1.swift */ = {isa = PBXFileReference; fileEncoding = 4; lastKnownFileType = sourcecode.swift; path = DocumentV1.swift; sourceTree = "<group>"; };
		69F620DE204B86E700301A8D /* NSWindow+Extensions.swift */ = {isa = PBXFileReference; lastKnownFileType = sourcecode.swift; path = "NSWindow+Extensions.swift"; sourceTree = "<group>"; };
		69F620E0204B872400301A8D /* CGFloat+Extensions.swift */ = {isa = PBXFileReference; lastKnownFileType = sourcecode.swift; path = "CGFloat+Extensions.swift"; sourceTree = "<group>"; };
		69F620E2204B881600301A8D /* DocumentV2.swift */ = {isa = PBXFileReference; fileEncoding = 4; lastKnownFileType = sourcecode.swift; path = DocumentV2.swift; sourceTree = "<group>"; };
		69F620E4204B889200301A8D /* World.swift */ = {isa = PBXFileReference; lastKnownFileType = sourcecode.swift; path = World.swift; sourceTree = "<group>"; };
		69F620E6204BC19100301A8D /* WindowController.swift */ = {isa = PBXFileReference; lastKnownFileType = sourcecode.swift; path = WindowController.swift; sourceTree = "<group>"; };
		69FC914823A0789600980CBF /* SavitarXMLProtocol.swift */ = {isa = PBXFileReference; lastKnownFileType = sourcecode.swift; path = SavitarXMLProtocol.swift; sourceTree = "<group>"; };
		69FC914C23A1E15C00980CBF /* OptionSet+Extensions.swift */ = {isa = PBXFileReference; lastKnownFileType = sourcecode.swift; path = "OptionSet+Extensions.swift"; sourceTree = "<group>"; };
		AF6F28F7F8F374A69DDD0671 /* Pods_Savitar2UITests.framework */ = {isa = PBXFileReference; explicitFileType = wrapper.framework; includeInIndex = 0; path = Pods_Savitar2UITests.framework; sourceTree = BUILT_PRODUCTS_DIR; };
		D564AF007829E5DA0BA4C2EE /* Pods-Savitar2UITests.release.xcconfig */ = {isa = PBXFileReference; includeInIndex = 1; lastKnownFileType = text.xcconfig; name = "Pods-Savitar2UITests.release.xcconfig"; path = "Target Support Files/Pods-Savitar2UITests/Pods-Savitar2UITests.release.xcconfig"; sourceTree = "<group>"; };
		E4362BEE27039532875E6808 /* Pods-Savitar2UITests.debug.xcconfig */ = {isa = PBXFileReference; includeInIndex = 1; lastKnownFileType = text.xcconfig; name = "Pods-Savitar2UITests.debug.xcconfig"; path = "Target Support Files/Pods-Savitar2UITests/Pods-Savitar2UITests.debug.xcconfig"; sourceTree = "<group>"; };
		E8C2D0666F79855C3B3233E7 /* Pods_Savitar2Tests.framework */ = {isa = PBXFileReference; explicitFileType = wrapper.framework; includeInIndex = 0; path = Pods_Savitar2Tests.framework; sourceTree = BUILT_PRODUCTS_DIR; };
		E98A51E7AF815F5EFFA7106D /* Pods-Savitar2.release.xcconfig */ = {isa = PBXFileReference; includeInIndex = 1; lastKnownFileType = text.xcconfig; name = "Pods-Savitar2.release.xcconfig"; path = "Target Support Files/Pods-Savitar2/Pods-Savitar2.release.xcconfig"; sourceTree = "<group>"; };
		F59E2B18C57FF7EEAC39A2EF /* Pods_Savitar2.framework */ = {isa = PBXFileReference; explicitFileType = wrapper.framework; includeInIndex = 0; path = Pods_Savitar2.framework; sourceTree = BUILT_PRODUCTS_DIR; };
/* End PBXFileReference section */

/* Begin PBXFrameworksBuildPhase section */
		695484991FC4E6E400A6983F /* Frameworks */ = {
			isa = PBXFrameworksBuildPhase;
			buildActionMask = 2147483647;
			files = (
				69CEEDF323D6213900E9F087 /* ReSwift in Frameworks */,
				6991F46B2393F71700E2BFDB /* Logging in Frameworks */,
				B95AD7509F50F626C209BE85 /* Pods_Savitar2.framework in Frameworks */,
			);
			runOnlyForDeploymentPostprocessing = 0;
		};
		695484AD1FC4E6E400A6983F /* Frameworks */ = {
			isa = PBXFrameworksBuildPhase;
			buildActionMask = 2147483647;
			files = (
				8EC587E8419D8E733647527D /* Pods_Savitar2Tests.framework in Frameworks */,
			);
			runOnlyForDeploymentPostprocessing = 0;
		};
		695484B81FC4E6E400A6983F /* Frameworks */ = {
			isa = PBXFrameworksBuildPhase;
			buildActionMask = 2147483647;
			files = (
				BCD761E32F1DA985B627E436 /* Pods_Savitar2UITests.framework in Frameworks */,
			);
			runOnlyForDeploymentPostprocessing = 0;
		};
/* End PBXFrameworksBuildPhase section */

/* Begin PBXGroup section */
		2EF3ACDB1F9E5AA4D43744E6 /* Pods */ = {
			isa = PBXGroup;
			children = (
				4CE776B73CC64B9021104A7F /* Pods-Savitar2.debug.xcconfig */,
				E98A51E7AF815F5EFFA7106D /* Pods-Savitar2.release.xcconfig */,
				3235793AAC80CA5164752D22 /* Pods-Savitar2Tests.debug.xcconfig */,
				679EC5233D3113D0EBC899EB /* Pods-Savitar2Tests.release.xcconfig */,
				E4362BEE27039532875E6808 /* Pods-Savitar2UITests.debug.xcconfig */,
				D564AF007829E5DA0BA4C2EE /* Pods-Savitar2UITests.release.xcconfig */,
			);
			path = Pods;
			sourceTree = "<group>";
		};
		69000EDA23942513009976E0 /* triggers */ = {
			isa = PBXGroup;
			children = (
				69000EDB23942523009976E0 /* Trigger.swift */,
				69CEEDEF23C94EE400E9F087 /* TriggerController.swift */,
				69000EDF2397CE30009976E0 /* TriggerMan.swift */,
				69CEEDED23C94C6A00E9F087 /* TriggerSettingsController.swift */,
				69CEEDEB23C57EE500E9F087 /* TriggerWindow.storyboard */,
				69683027239C22550066CC48 /* TrigTextStyle.swift */,
			);
			path = triggers;
			sourceTree = "<group>";
		};
		695484931FC4E6E400A6983F = {
			isa = PBXGroup;
			children = (
				6994602D2041124800409308 /* World.icns */,
				6954849E1FC4E6E400A6983F /* Savitar2 */,
				695484B31FC4E6E400A6983F /* Savitar2Tests */,
				6954849D1FC4E6E400A6983F /* Products */,
				2EF3ACDB1F9E5AA4D43744E6 /* Pods */,
				87B55DDC3EAE7840CA6BA5B4 /* Frameworks */,
			);
			sourceTree = "<group>";
		};
		6954849D1FC4E6E400A6983F /* Products */ = {
			isa = PBXGroup;
			children = (
				6954849C1FC4E6E400A6983F /* Savitar2.app */,
				695484B01FC4E6E400A6983F /* Savitar2Tests.xctest */,
				695484BB1FC4E6E400A6983F /* Savitar2UITests.xctest */,
			);
			name = Products;
			sourceTree = "<group>";
		};
		6954849E1FC4E6E400A6983F /* Savitar2 */ = {
			isa = PBXGroup;
			children = (
				69662B302043A6E100E7CC7B /* Savitar2.entitlements */,
				696F773F2390CF46005E45EB /* Savitar2-Bridging-Header.h */,
				69662B1B204367BD00E7CC7B /* src */,
				69DE2D20209D40A900A4D3F2 /* resources */,
				695484A51FC4E6E400A6983F /* Assets.xcassets */,
				695484A71FC4E6E400A6983F /* Main.storyboard */,
				695484AA1FC4E6E400A6983F /* Info.plist */,
			);
			path = Savitar2;
			sourceTree = "<group>";
		};
		695484B31FC4E6E400A6983F /* Savitar2Tests */ = {
			isa = PBXGroup;
			children = (
				695484BE1FC4E6E400A6983F /* Savitar2UITests */,
				695484B61FC4E6E400A6983F /* Info.plist */,
				690B462A23B16AAD000445E4 /* AppPreferencesTests.swift */,
				69CEEDD723B4064D00E9F087 /* ColorManTests.swift */,
				69CEEDD923B4078400E9F087 /* SavColorTests.swift */,
				695484B41FC4E6E400A6983F /* Savitar2Tests.swift */,
				69071B3A23A55796001C58B1 /* SwiftyXMLParserTests.swift */,
				69071B3823A52A7B001C58B1 /* TriggerManTests.swift */,
				697D14A5239D828900BBF33C /* TriggerTests.swift */,
				69CEEDCE23B3D75F00E9F087 /* VariableManTests.swift */,
				69CEEDD023B3EEA700E9F087 /* VariableTests.swift */,
				69071B3E23A6EA51001C58B1 /* WorldTests.swift */,
			);
			path = Savitar2Tests;
			sourceTree = "<group>";
		};
		695484BE1FC4E6E400A6983F /* Savitar2UITests */ = {
			isa = PBXGroup;
			children = (
				695484BF1FC4E6E400A6983F /* Savitar2UITests.swift */,
				695484C11FC4E6E400A6983F /* Info.plist */,
			);
			path = Savitar2UITests;
			sourceTree = "<group>";
		};
		69662B1B204367BD00E7CC7B /* src */ = {
			isa = PBXGroup;
			children = (
				69000EE12397CF09009976E0 /* AppContext.swift */,
				69662B26204367BD00E7CC7B /* AppDelegate.swift */,
				690B462223AA4CB0000445E4 /* AppPreferences.swift */,
				697417E72436B6E300D00785 /* AppState.swift */,
				690B462623B0063F000445E4 /* ModelManager.swift */,
				69CEEDE723C2C48C00E9F087 /* SavitarObject.swift */,
				69CEEDF423D9382F00E9F087 /* SavitarObjectId.swift */,
				69FC914823A0789600980CBF /* SavitarXMLProtocol.swift */,
				69CEEDD223B4001E00E9F087 /* colors */,
				69CEEDE023BEDA7900E9F087 /* events */,
				69662B23204367BD00E7CC7B /* extensions */,
				696F77402390CFF2005E45EB /* thirdparty */,
				69000EDA23942513009976E0 /* triggers */,
				69CEEDC723B27BB400E9F087 /* variables */,
				69662B1C204367BD00E7CC7B /* world */,
			);
			path = src;
			sourceTree = "<group>";
		};
		69662B1C204367BD00E7CC7B /* world */ = {
			isa = PBXGroup;
			children = (
				69DE2D23209D433B00A4D3F2 /* AppearanceSettingsController.swift */,
				69662B21204367BD00E7CC7B /* Document.swift */,
				69F620DC204B86A000301A8D /* DocumentV1.swift */,
				69F620E2204B881600301A8D /* DocumentV2.swift */,
				69662B22204367BD00E7CC7B /* Endpoint.swift */,
				69662B1F204367BD00E7CC7B /* InputViewController.swift */,
				69662B20204367BD00E7CC7B /* OutputProtocol.swift */,
				696F77492390D2D2005E45EB /* OutputViewController.swift */,
				69662B1E204367BD00E7CC7B /* SplitViewController.swift */,
				6991F4612393113700E2BFDB /* TelnetParser.swift */,
				69662B1D204367BD00E7CC7B /* ViewController.swift */,
				69F620E6204BC19100301A8D /* WindowController.swift */,
				69F620E4204B889200301A8D /* World.swift */,
				69CEEDE923C2C8B900E9F087 /* WorldController.swift */,
				690B462423AD82CE000445E4 /* WorldMan.swift */,
				6946AB79208435320075610C /* WorldSettingsController.swift */,
			);
			path = world;
			sourceTree = "<group>";
		};
		69662B23204367BD00E7CC7B /* extensions */ = {
			isa = PBXGroup;
			children = (
				69CEEDE523C2A07A00E9F087 /* Array+Extensions.swift */,
				69F620E0204B872400301A8D /* CGFloat+Extensions.swift */,
				6991F4632393245B00E2BFDB /* Data+Extensions.swift */,
				69662B24204367BD00E7CC7B /* NSColor+Extensions.swift */,
				69F620DE204B86E700301A8D /* NSWindow+Extensions.swift */,
				69FC914C23A1E15C00980CBF /* OptionSet+Extensions.swift */,
				69662B25204367BD00E7CC7B /* String+Extensions.swift */,
				696F77452390D22A005E45EB /* WKWebView+Extensions.swift */,
				69071B3C23A6816A001C58B1 /* XMLElement+Extensions.swift */,
			);
			path = extensions;
			sourceTree = "<group>";
		};
		696F77402390CFF2005E45EB /* thirdparty */ = {
			isa = PBXGroup;
			children = (
				696F77412390CFF2005E45EB /* aha */,
			);
			path = thirdparty;
			sourceTree = "<group>";
		};
		696F77412390CFF2005E45EB /* aha */ = {
			isa = PBXGroup;
			children = (
				696F77422390CFF2005E45EB /* aha.h */,
				696F77432390CFF2005E45EB /* aha.c */,
			);
			path = aha;
			sourceTree = "<group>";
		};
		69CEEDC723B27BB400E9F087 /* variables */ = {
			isa = PBXGroup;
			children = (
				69CEEDC823B27BCD00E9F087 /* Variable.swift */,
				69CEEDCC23B3967300E9F087 /* VariableMan.swift */,
			);
			path = variables;
			sourceTree = "<group>";
		};
		69CEEDD223B4001E00E9F087 /* colors */ = {
			isa = PBXGroup;
			children = (
				69CEEDD323B4003400E9F087 /* ColorMan.swift */,
				69CEEDD523B4011500E9F087 /* SavColor.swift */,
			);
			path = colors;
			sourceTree = "<group>";
		};
		69CEEDE023BEDA7900E9F087 /* events */ = {
			isa = PBXGroup;
			children = (
				69CEEDE123BEDA7900E9F087 /* EventsWindow.storyboard */,
				69CEEDE323BEDA9600E9F087 /* EventsViewController.swift */,
			);
			path = events;
			sourceTree = "<group>";
		};
		69DE2D20209D40A900A4D3F2 /* resources */ = {
			isa = PBXGroup;
			children = (
				696F77472390D256005E45EB /* Appearance.txt */,
				690B462C23B16B54000445E4 /* StartupPreferences.xml */,
			);
			path = resources;
			sourceTree = "<group>";
		};
		87B55DDC3EAE7840CA6BA5B4 /* Frameworks */ = {
			isa = PBXGroup;
			children = (
				F59E2B18C57FF7EEAC39A2EF /* Pods_Savitar2.framework */,
				E8C2D0666F79855C3B3233E7 /* Pods_Savitar2Tests.framework */,
				AF6F28F7F8F374A69DDD0671 /* Pods_Savitar2UITests.framework */,
			);
			name = Frameworks;
			sourceTree = "<group>";
		};
/* End PBXGroup section */

/* Begin PBXNativeTarget section */
		6954849B1FC4E6E400A6983F /* Savitar2 */ = {
			isa = PBXNativeTarget;
			buildConfigurationList = 695484C41FC4E6E400A6983F /* Build configuration list for PBXNativeTarget "Savitar2" */;
			buildPhases = (
				17C049F5E1169582F6A4AD4F /* [CP] Check Pods Manifest.lock */,
				695484981FC4E6E400A6983F /* Sources */,
				695484991FC4E6E400A6983F /* Frameworks */,
				6954849A1FC4E6E400A6983F /* Resources */,
				6991F4682393F20B00E2BFDB /* SwiftLint */,
				53A531594F4B2DDF3163EC05 /* [CP] Embed Pods Frameworks */,
			);
			buildRules = (
			);
			dependencies = (
			);
			name = Savitar2;
			packageProductDependencies = (
				6991F46A2393F71700E2BFDB /* Logging */,
				69CEEDF223D6213900E9F087 /* ReSwift */,
			);
			productName = Savitar2;
			productReference = 6954849C1FC4E6E400A6983F /* Savitar2.app */;
			productType = "com.apple.product-type.application";
		};
		695484AF1FC4E6E400A6983F /* Savitar2Tests */ = {
			isa = PBXNativeTarget;
			buildConfigurationList = 695484C71FC4E6E400A6983F /* Build configuration list for PBXNativeTarget "Savitar2Tests" */;
			buildPhases = (
				A76815878A295BAB70720650 /* [CP] Check Pods Manifest.lock */,
				695484AC1FC4E6E400A6983F /* Sources */,
				695484AD1FC4E6E400A6983F /* Frameworks */,
				695484AE1FC4E6E400A6983F /* Resources */,
			);
			buildRules = (
			);
			dependencies = (
				695484B21FC4E6E400A6983F /* PBXTargetDependency */,
			);
			name = Savitar2Tests;
			productName = Savitar2Tests;
			productReference = 695484B01FC4E6E400A6983F /* Savitar2Tests.xctest */;
			productType = "com.apple.product-type.bundle.unit-test";
		};
		695484BA1FC4E6E400A6983F /* Savitar2UITests */ = {
			isa = PBXNativeTarget;
			buildConfigurationList = 695484CA1FC4E6E400A6983F /* Build configuration list for PBXNativeTarget "Savitar2UITests" */;
			buildPhases = (
				4235EF5CE4B2902A87935046 /* [CP] Check Pods Manifest.lock */,
				695484B71FC4E6E400A6983F /* Sources */,
				695484B81FC4E6E400A6983F /* Frameworks */,
				695484B91FC4E6E400A6983F /* Resources */,
			);
			buildRules = (
			);
			dependencies = (
				695484BD1FC4E6E400A6983F /* PBXTargetDependency */,
			);
			name = Savitar2UITests;
			productName = Savitar2UITests;
			productReference = 695484BB1FC4E6E400A6983F /* Savitar2UITests.xctest */;
			productType = "com.apple.product-type.bundle.ui-testing";
		};
/* End PBXNativeTarget section */

/* Begin PBXProject section */
		695484941FC4E6E400A6983F /* Project object */ = {
			isa = PBXProject;
			attributes = {
				LastSwiftUpdateCheck = 0910;
				LastUpgradeCheck = 0930;
				ORGANIZATIONNAME = "Heynow Software";
				TargetAttributes = {
					6954849B1FC4E6E400A6983F = {
						CreatedOnToolsVersion = 9.1;
						LastSwiftMigration = 1100;
						SystemCapabilities = {
							com.apple.Sandbox = {
								enabled = 1;
							};
						};
					};
					695484AF1FC4E6E400A6983F = {
						CreatedOnToolsVersion = 9.1;
						LastSwiftMigration = 1100;
						TestTargetID = 6954849B1FC4E6E400A6983F;
					};
					695484BA1FC4E6E400A6983F = {
						CreatedOnToolsVersion = 9.1;
						LastSwiftMigration = 1100;
						ProvisioningStyle = Automatic;
						TestTargetID = 6954849B1FC4E6E400A6983F;
					};
				};
			};
			buildConfigurationList = 695484971FC4E6E400A6983F /* Build configuration list for PBXProject "Savitar2" */;
			compatibilityVersion = "Xcode 8.0";
			developmentRegion = en;
			hasScannedForEncodings = 0;
			knownRegions = (
				en,
				Base,
			);
			mainGroup = 695484931FC4E6E400A6983F;
			packageReferences = (
				6991F4692393F71700E2BFDB /* XCRemoteSwiftPackageReference "swift-log" */,
				69CEEDF123D6213900E9F087 /* XCRemoteSwiftPackageReference "ReSwift" */,
			);
			productRefGroup = 6954849D1FC4E6E400A6983F /* Products */;
			projectDirPath = "";
			projectRoot = "";
			targets = (
				6954849B1FC4E6E400A6983F /* Savitar2 */,
				695484AF1FC4E6E400A6983F /* Savitar2Tests */,
				695484BA1FC4E6E400A6983F /* Savitar2UITests */,
			);
		};
/* End PBXProject section */

/* Begin PBXResourcesBuildPhase section */
		6954849A1FC4E6E400A6983F /* Resources */ = {
			isa = PBXResourcesBuildPhase;
			buildActionMask = 2147483647;
			files = (
				69CEEDEC23C57EE500E9F087 /* TriggerWindow.storyboard in Resources */,
				6994602E2041124800409308 /* World.icns in Resources */,
				69CEEDE223BEDA7900E9F087 /* EventsWindow.storyboard in Resources */,
				695484A61FC4E6E400A6983F /* Assets.xcassets in Resources */,
				690B462D23B16B54000445E4 /* StartupPreferences.xml in Resources */,
				696F77482390D256005E45EB /* Appearance.txt in Resources */,
				695484A91FC4E6E400A6983F /* Main.storyboard in Resources */,
			);
			runOnlyForDeploymentPostprocessing = 0;
		};
		695484AE1FC4E6E400A6983F /* Resources */ = {
			isa = PBXResourcesBuildPhase;
			buildActionMask = 2147483647;
			files = (
				690B462E23B16B54000445E4 /* StartupPreferences.xml in Resources */,
			);
			runOnlyForDeploymentPostprocessing = 0;
		};
		695484B91FC4E6E400A6983F /* Resources */ = {
			isa = PBXResourcesBuildPhase;
			buildActionMask = 2147483647;
			files = (
			);
			runOnlyForDeploymentPostprocessing = 0;
		};
/* End PBXResourcesBuildPhase section */

/* Begin PBXShellScriptBuildPhase section */
		17C049F5E1169582F6A4AD4F /* [CP] Check Pods Manifest.lock */ = {
			isa = PBXShellScriptBuildPhase;
			buildActionMask = 2147483647;
			files = (
			);
			inputFileListPaths = (
			);
			inputPaths = (
				"${PODS_PODFILE_DIR_PATH}/Podfile.lock",
				"${PODS_ROOT}/Manifest.lock",
			);
			name = "[CP] Check Pods Manifest.lock";
			outputFileListPaths = (
			);
			outputPaths = (
				"$(DERIVED_FILE_DIR)/Pods-Savitar2-checkManifestLockResult.txt",
			);
			runOnlyForDeploymentPostprocessing = 0;
			shellPath = /bin/sh;
			shellScript = "diff \"${PODS_PODFILE_DIR_PATH}/Podfile.lock\" \"${PODS_ROOT}/Manifest.lock\" > /dev/null\nif [ $? != 0 ] ; then\n    # print error to STDERR\n    echo \"error: The sandbox is not in sync with the Podfile.lock. Run 'pod install' or update your CocoaPods installation.\" >&2\n    exit 1\nfi\n# This output is used by Xcode 'outputs' to avoid re-running this script phase.\necho \"SUCCESS\" > \"${SCRIPT_OUTPUT_FILE_0}\"\n";
			showEnvVarsInLog = 0;
		};
		4235EF5CE4B2902A87935046 /* [CP] Check Pods Manifest.lock */ = {
			isa = PBXShellScriptBuildPhase;
			buildActionMask = 2147483647;
			files = (
			);
			inputFileListPaths = (
			);
			inputPaths = (
				"${PODS_PODFILE_DIR_PATH}/Podfile.lock",
				"${PODS_ROOT}/Manifest.lock",
			);
			name = "[CP] Check Pods Manifest.lock";
			outputFileListPaths = (
			);
			outputPaths = (
				"$(DERIVED_FILE_DIR)/Pods-Savitar2UITests-checkManifestLockResult.txt",
			);
			runOnlyForDeploymentPostprocessing = 0;
			shellPath = /bin/sh;
			shellScript = "diff \"${PODS_PODFILE_DIR_PATH}/Podfile.lock\" \"${PODS_ROOT}/Manifest.lock\" > /dev/null\nif [ $? != 0 ] ; then\n    # print error to STDERR\n    echo \"error: The sandbox is not in sync with the Podfile.lock. Run 'pod install' or update your CocoaPods installation.\" >&2\n    exit 1\nfi\n# This output is used by Xcode 'outputs' to avoid re-running this script phase.\necho \"SUCCESS\" > \"${SCRIPT_OUTPUT_FILE_0}\"\n";
			showEnvVarsInLog = 0;
		};
		53A531594F4B2DDF3163EC05 /* [CP] Embed Pods Frameworks */ = {
			isa = PBXShellScriptBuildPhase;
			buildActionMask = 2147483647;
			files = (
			);
			inputFileListPaths = (
				"${PODS_ROOT}/Target Support Files/Pods-Savitar2/Pods-Savitar2-frameworks-${CONFIGURATION}-input-files.xcfilelist",
			);
			name = "[CP] Embed Pods Frameworks";
			outputFileListPaths = (
				"${PODS_ROOT}/Target Support Files/Pods-Savitar2/Pods-Savitar2-frameworks-${CONFIGURATION}-output-files.xcfilelist",
			);
			runOnlyForDeploymentPostprocessing = 0;
			shellPath = /bin/sh;
			shellScript = "\"${PODS_ROOT}/Target Support Files/Pods-Savitar2/Pods-Savitar2-frameworks.sh\"\n";
			showEnvVarsInLog = 0;
		};
		6991F4682393F20B00E2BFDB /* SwiftLint */ = {
			isa = PBXShellScriptBuildPhase;
			buildActionMask = 2147483647;
			files = (
			);
			inputFileListPaths = (
			);
			inputPaths = (
			);
			name = SwiftLint;
			outputFileListPaths = (
			);
			outputPaths = (
			);
			runOnlyForDeploymentPostprocessing = 0;
			shellPath = /bin/sh;
			shellScript = "if which swiftlint >/dev/null; then\n  swiftlint\nelse\n  echo \"warning: SwiftLint not installed, download from https://github.com/realm/SwiftLint\"\nfi\n";
		};
		A76815878A295BAB70720650 /* [CP] Check Pods Manifest.lock */ = {
			isa = PBXShellScriptBuildPhase;
			buildActionMask = 2147483647;
			files = (
			);
			inputFileListPaths = (
			);
			inputPaths = (
				"${PODS_PODFILE_DIR_PATH}/Podfile.lock",
				"${PODS_ROOT}/Manifest.lock",
			);
			name = "[CP] Check Pods Manifest.lock";
			outputFileListPaths = (
			);
			outputPaths = (
				"$(DERIVED_FILE_DIR)/Pods-Savitar2Tests-checkManifestLockResult.txt",
			);
			runOnlyForDeploymentPostprocessing = 0;
			shellPath = /bin/sh;
			shellScript = "diff \"${PODS_PODFILE_DIR_PATH}/Podfile.lock\" \"${PODS_ROOT}/Manifest.lock\" > /dev/null\nif [ $? != 0 ] ; then\n    # print error to STDERR\n    echo \"error: The sandbox is not in sync with the Podfile.lock. Run 'pod install' or update your CocoaPods installation.\" >&2\n    exit 1\nfi\n# This output is used by Xcode 'outputs' to avoid re-running this script phase.\necho \"SUCCESS\" > \"${SCRIPT_OUTPUT_FILE_0}\"\n";
			showEnvVarsInLog = 0;
		};
/* End PBXShellScriptBuildPhase section */

/* Begin PBXSourcesBuildPhase section */
		695484981FC4E6E400A6983F /* Sources */ = {
			isa = PBXSourcesBuildPhase;
			buildActionMask = 2147483647;
			files = (
				69662B29204367BD00E7CC7B /* InputViewController.swift in Sources */,
				69000EE22397CF09009976E0 /* AppContext.swift in Sources */,
				69CEEDEE23C94C6A00E9F087 /* TriggerSettingsController.swift in Sources */,
				69CEEDD423B4003400E9F087 /* ColorMan.swift in Sources */,
				69F620E7204BC19100301A8D /* WindowController.swift in Sources */,
				6991F4622393113700E2BFDB /* TelnetParser.swift in Sources */,
				69CEEDC923B27BCD00E9F087 /* Variable.swift in Sources */,
				690B462723B0063F000445E4 /* ModelManager.swift in Sources */,
				69000EE02397CE30009976E0 /* TriggerMan.swift in Sources */,
				69F620E1204B872400301A8D /* CGFloat+Extensions.swift in Sources */,
				69CEEDCD23B3967300E9F087 /* VariableMan.swift in Sources */,
				69662B27204367BD00E7CC7B /* ViewController.swift in Sources */,
				690B462523AD82CE000445E4 /* WorldMan.swift in Sources */,
				69000EDC23942523009976E0 /* Trigger.swift in Sources */,
				690B462323AA4CB0000445E4 /* AppPreferences.swift in Sources */,
				69FC914923A0789600980CBF /* SavitarXMLProtocol.swift in Sources */,
				69662B2A204367BD00E7CC7B /* OutputProtocol.swift in Sources */,
				696F774A2390D2D2005E45EB /* OutputViewController.swift in Sources */,
				6946AB7A208435320075610C /* WorldSettingsController.swift in Sources */,
				69662B2F204367BD00E7CC7B /* AppDelegate.swift in Sources */,
				69FC914D23A1E15C00980CBF /* OptionSet+Extensions.swift in Sources */,
				69CEEDEA23C2C8B900E9F087 /* WorldController.swift in Sources */,
				69662B2D204367BD00E7CC7B /* NSColor+Extensions.swift in Sources */,
				69071B3D23A6816A001C58B1 /* XMLElement+Extensions.swift in Sources */,
				69F620E3204B881600301A8D /* DocumentV2.swift in Sources */,
				69662B2E204367BD00E7CC7B /* String+Extensions.swift in Sources */,
				6991F4642393245B00E2BFDB /* Data+Extensions.swift in Sources */,
				696F77462390D22A005E45EB /* WKWebView+Extensions.swift in Sources */,
				69F620E5204B889200301A8D /* World.swift in Sources */,
				69683028239C22550066CC48 /* TrigTextStyle.swift in Sources */,
				69662B28204367BD00E7CC7B /* SplitViewController.swift in Sources */,
				696F77442390CFF2005E45EB /* aha.c in Sources */,
				69CEEDD623B4011500E9F087 /* SavColor.swift in Sources */,
				69CEEDE623C2A07B00E9F087 /* Array+Extensions.swift in Sources */,
				69DE2D24209D433B00A4D3F2 /* AppearanceSettingsController.swift in Sources */,
				69CEEDF523D9382F00E9F087 /* SavitarObjectId.swift in Sources */,
				69F620DF204B86E700301A8D /* NSWindow+Extensions.swift in Sources */,
				69662B2C204367BD00E7CC7B /* Endpoint.swift in Sources */,
				69F620DD204B86A100301A8D /* DocumentV1.swift in Sources */,
				697417E82436B6E300D00785 /* AppState.swift in Sources */,
				69CEEDF023C94EE400E9F087 /* TriggerController.swift in Sources */,
				69CEEDE423BEDA9600E9F087 /* EventsViewController.swift in Sources */,
				69CEEDE823C2C48C00E9F087 /* SavitarObject.swift in Sources */,
				69662B2B204367BD00E7CC7B /* Document.swift in Sources */,
			);
			runOnlyForDeploymentPostprocessing = 0;
		};
		695484AC1FC4E6E400A6983F /* Sources */ = {
			isa = PBXSourcesBuildPhase;
			buildActionMask = 2147483647;
			files = (
				69CEEDCF23B3D75F00E9F087 /* VariableManTests.swift in Sources */,
				69071B3B23A55796001C58B1 /* SwiftyXMLParserTests.swift in Sources */,
				69CEEDD823B4064D00E9F087 /* ColorManTests.swift in Sources */,
				697D14A6239D828900BBF33C /* TriggerTests.swift in Sources */,
				69071B3F23A6EA51001C58B1 /* WorldTests.swift in Sources */,
				695484B51FC4E6E400A6983F /* Savitar2Tests.swift in Sources */,
				690B462B23B16AAD000445E4 /* AppPreferencesTests.swift in Sources */,
				69071B3923A52A7B001C58B1 /* TriggerManTests.swift in Sources */,
				69CEEDDA23B4078400E9F087 /* SavColorTests.swift in Sources */,
				69CEEDD123B3EEA700E9F087 /* VariableTests.swift in Sources */,
			);
			runOnlyForDeploymentPostprocessing = 0;
		};
		695484B71FC4E6E400A6983F /* Sources */ = {
			isa = PBXSourcesBuildPhase;
			buildActionMask = 2147483647;
			files = (
				695484C01FC4E6E400A6983F /* Savitar2UITests.swift in Sources */,
			);
			runOnlyForDeploymentPostprocessing = 0;
		};
/* End PBXSourcesBuildPhase section */

/* Begin PBXTargetDependency section */
		695484B21FC4E6E400A6983F /* PBXTargetDependency */ = {
			isa = PBXTargetDependency;
			target = 6954849B1FC4E6E400A6983F /* Savitar2 */;
			targetProxy = 695484B11FC4E6E400A6983F /* PBXContainerItemProxy */;
		};
		695484BD1FC4E6E400A6983F /* PBXTargetDependency */ = {
			isa = PBXTargetDependency;
			target = 6954849B1FC4E6E400A6983F /* Savitar2 */;
			targetProxy = 695484BC1FC4E6E400A6983F /* PBXContainerItemProxy */;
		};
/* End PBXTargetDependency section */

/* Begin PBXVariantGroup section */
		695484A71FC4E6E400A6983F /* Main.storyboard */ = {
			isa = PBXVariantGroup;
			children = (
				695484A81FC4E6E400A6983F /* Base */,
			);
			name = Main.storyboard;
			sourceTree = "<group>";
		};
/* End PBXVariantGroup section */

/* Begin XCBuildConfiguration section */
		695484C21FC4E6E400A6983F /* Debug */ = {
			isa = XCBuildConfiguration;
			buildSettings = {
				ALWAYS_SEARCH_USER_PATHS = NO;
				CLANG_ANALYZER_NONNULL = YES;
				CLANG_ANALYZER_NUMBER_OBJECT_CONVERSION = YES_AGGRESSIVE;
				CLANG_CXX_LANGUAGE_STANDARD = "gnu++14";
				CLANG_CXX_LIBRARY = "libc++";
				CLANG_ENABLE_MODULES = YES;
				CLANG_ENABLE_OBJC_ARC = YES;
				CLANG_WARN_BLOCK_CAPTURE_AUTORELEASING = YES;
				CLANG_WARN_BOOL_CONVERSION = YES;
				CLANG_WARN_COMMA = YES;
				CLANG_WARN_CONSTANT_CONVERSION = YES;
				CLANG_WARN_DEPRECATED_OBJC_IMPLEMENTATIONS = YES;
				CLANG_WARN_DIRECT_OBJC_ISA_USAGE = YES_ERROR;
				CLANG_WARN_DOCUMENTATION_COMMENTS = YES;
				CLANG_WARN_EMPTY_BODY = YES;
				CLANG_WARN_ENUM_CONVERSION = YES;
				CLANG_WARN_INFINITE_RECURSION = YES;
				CLANG_WARN_INT_CONVERSION = YES;
				CLANG_WARN_NON_LITERAL_NULL_CONVERSION = YES;
				CLANG_WARN_OBJC_IMPLICIT_RETAIN_SELF = YES;
				CLANG_WARN_OBJC_LITERAL_CONVERSION = YES;
				CLANG_WARN_OBJC_ROOT_CLASS = YES_ERROR;
				CLANG_WARN_RANGE_LOOP_ANALYSIS = YES;
				CLANG_WARN_STRICT_PROTOTYPES = YES;
				CLANG_WARN_SUSPICIOUS_MOVE = YES;
				CLANG_WARN_UNGUARDED_AVAILABILITY = YES_AGGRESSIVE;
				CLANG_WARN_UNREACHABLE_CODE = YES;
				CLANG_WARN__DUPLICATE_METHOD_MATCH = YES;
				CODE_SIGN_IDENTITY = "-";
				COPY_PHASE_STRIP = NO;
				DEBUG_INFORMATION_FORMAT = dwarf;
				ENABLE_STRICT_OBJC_MSGSEND = YES;
				ENABLE_TESTABILITY = YES;
				GCC_C_LANGUAGE_STANDARD = gnu11;
				GCC_DYNAMIC_NO_PIC = NO;
				GCC_NO_COMMON_BLOCKS = YES;
				GCC_OPTIMIZATION_LEVEL = 0;
				GCC_PREPROCESSOR_DEFINITIONS = (
					"DEBUG=1",
					"$(inherited)",
				);
				GCC_WARN_64_TO_32_BIT_CONVERSION = YES;
				GCC_WARN_ABOUT_RETURN_TYPE = YES_ERROR;
				GCC_WARN_UNDECLARED_SELECTOR = YES;
				GCC_WARN_UNINITIALIZED_AUTOS = YES_AGGRESSIVE;
				GCC_WARN_UNUSED_FUNCTION = YES;
				GCC_WARN_UNUSED_VARIABLE = YES;
				MACOSX_DEPLOYMENT_TARGET = 10.12;
				MTL_ENABLE_DEBUG_INFO = YES;
				ONLY_ACTIVE_ARCH = YES;
				SDKROOT = macosx;
				SWIFT_ACTIVE_COMPILATION_CONDITIONS = DEBUG;
				SWIFT_OPTIMIZATION_LEVEL = "-Onone";
				SWIFT_VERSION = 4.0;
			};
			name = Debug;
		};
		695484C31FC4E6E400A6983F /* Release */ = {
			isa = XCBuildConfiguration;
			buildSettings = {
				ALWAYS_SEARCH_USER_PATHS = NO;
				CLANG_ANALYZER_NONNULL = YES;
				CLANG_ANALYZER_NUMBER_OBJECT_CONVERSION = YES_AGGRESSIVE;
				CLANG_CXX_LANGUAGE_STANDARD = "gnu++14";
				CLANG_CXX_LIBRARY = "libc++";
				CLANG_ENABLE_MODULES = YES;
				CLANG_ENABLE_OBJC_ARC = YES;
				CLANG_WARN_BLOCK_CAPTURE_AUTORELEASING = YES;
				CLANG_WARN_BOOL_CONVERSION = YES;
				CLANG_WARN_COMMA = YES;
				CLANG_WARN_CONSTANT_CONVERSION = YES;
				CLANG_WARN_DEPRECATED_OBJC_IMPLEMENTATIONS = YES;
				CLANG_WARN_DIRECT_OBJC_ISA_USAGE = YES_ERROR;
				CLANG_WARN_DOCUMENTATION_COMMENTS = YES;
				CLANG_WARN_EMPTY_BODY = YES;
				CLANG_WARN_ENUM_CONVERSION = YES;
				CLANG_WARN_INFINITE_RECURSION = YES;
				CLANG_WARN_INT_CONVERSION = YES;
				CLANG_WARN_NON_LITERAL_NULL_CONVERSION = YES;
				CLANG_WARN_OBJC_IMPLICIT_RETAIN_SELF = YES;
				CLANG_WARN_OBJC_LITERAL_CONVERSION = YES;
				CLANG_WARN_OBJC_ROOT_CLASS = YES_ERROR;
				CLANG_WARN_RANGE_LOOP_ANALYSIS = YES;
				CLANG_WARN_STRICT_PROTOTYPES = YES;
				CLANG_WARN_SUSPICIOUS_MOVE = YES;
				CLANG_WARN_UNGUARDED_AVAILABILITY = YES_AGGRESSIVE;
				CLANG_WARN_UNREACHABLE_CODE = YES;
				CLANG_WARN__DUPLICATE_METHOD_MATCH = YES;
				CODE_SIGN_IDENTITY = "-";
				COPY_PHASE_STRIP = NO;
				DEBUG_INFORMATION_FORMAT = "dwarf-with-dsym";
				ENABLE_NS_ASSERTIONS = NO;
				ENABLE_STRICT_OBJC_MSGSEND = YES;
				GCC_C_LANGUAGE_STANDARD = gnu11;
				GCC_NO_COMMON_BLOCKS = YES;
				GCC_WARN_64_TO_32_BIT_CONVERSION = YES;
				GCC_WARN_ABOUT_RETURN_TYPE = YES_ERROR;
				GCC_WARN_UNDECLARED_SELECTOR = YES;
				GCC_WARN_UNINITIALIZED_AUTOS = YES_AGGRESSIVE;
				GCC_WARN_UNUSED_FUNCTION = YES;
				GCC_WARN_UNUSED_VARIABLE = YES;
				MACOSX_DEPLOYMENT_TARGET = 10.12;
				MTL_ENABLE_DEBUG_INFO = NO;
				SDKROOT = macosx;
				SWIFT_COMPILATION_MODE = wholemodule;
				SWIFT_OPTIMIZATION_LEVEL = "-O";
				SWIFT_VERSION = 4.0;
			};
			name = Release;
		};
		695484C51FC4E6E400A6983F /* Debug */ = {
			isa = XCBuildConfiguration;
			baseConfigurationReference = 4CE776B73CC64B9021104A7F /* Pods-Savitar2.debug.xcconfig */;
			buildSettings = {
				ASSETCATALOG_COMPILER_APPICON_NAME = AppIcon;
				CODE_SIGN_ENTITLEMENTS = Savitar2/Savitar2.entitlements;
				CODE_SIGN_IDENTITY = "Apple Development";
				CODE_SIGN_STYLE = Automatic;
				COMBINE_HIDPI_IMAGES = YES;
				DEVELOPMENT_TEAM = RFE485QN84;
				ENABLE_HARDENED_RUNTIME = YES;
				INFOPLIST_FILE = Savitar2/Info.plist;
				LD_RUNPATH_SEARCH_PATHS = (
					"$(inherited)",
					"@executable_path/../Frameworks",
				);
				MACOSX_DEPLOYMENT_TARGET = 10.12;
				MARKETING_VERSION = 2.0;
				PRODUCT_BUNDLE_IDENTIFIER = com.heynow.savitar2;
				PRODUCT_NAME = "$(TARGET_NAME)";
				PROVISIONING_PROFILE_SPECIFIER = "";
				SWIFT_ACTIVE_COMPILATION_CONDITIONS = "DEBUG DEBUG_TELNET DEBUG_WKWEBKIT";
				SWIFT_OBJC_BRIDGING_HEADER = "Savitar2-Bridging-Header.h";
				SWIFT_VERSION = 5.0;
			};
			name = Debug;
		};
		695484C61FC4E6E400A6983F /* Release */ = {
			isa = XCBuildConfiguration;
			baseConfigurationReference = E98A51E7AF815F5EFFA7106D /* Pods-Savitar2.release.xcconfig */;
			buildSettings = {
				ASSETCATALOG_COMPILER_APPICON_NAME = AppIcon;
				CODE_SIGN_ENTITLEMENTS = Savitar2/Savitar2.entitlements;
				CODE_SIGN_IDENTITY = "Apple Development";
				CODE_SIGN_STYLE = Automatic;
				COMBINE_HIDPI_IMAGES = YES;
				DEVELOPMENT_TEAM = RFE485QN84;
				ENABLE_HARDENED_RUNTIME = YES;
				INFOPLIST_FILE = Savitar2/Info.plist;
				LD_RUNPATH_SEARCH_PATHS = (
					"$(inherited)",
					"@executable_path/../Frameworks",
				);
				MACOSX_DEPLOYMENT_TARGET = 10.12;
				MARKETING_VERSION = 2.0;
				PRODUCT_BUNDLE_IDENTIFIER = com.heynow.savitar2;
				PRODUCT_NAME = "$(TARGET_NAME)";
				PROVISIONING_PROFILE_SPECIFIER = "";
				SWIFT_OBJC_BRIDGING_HEADER = "Savitar2-Bridging-Header.h";
				SWIFT_VERSION = 5.0;
			};
			name = Release;
		};
		695484C81FC4E6E400A6983F /* Debug */ = {
			isa = XCBuildConfiguration;
			baseConfigurationReference = 3235793AAC80CA5164752D22 /* Pods-Savitar2Tests.debug.xcconfig */;
			buildSettings = {
				ALWAYS_EMBED_SWIFT_STANDARD_LIBRARIES = YES;
				BUNDLE_LOADER = "$(TEST_HOST)";
				CODE_SIGN_IDENTITY = "Apple Development";
				CODE_SIGN_STYLE = Automatic;
				COMBINE_HIDPI_IMAGES = YES;
				DEVELOPMENT_TEAM = RFE485QN84;
				INFOPLIST_FILE = Savitar2Tests/Info.plist;
				LD_RUNPATH_SEARCH_PATHS = (
					"$(inherited)",
					"@executable_path/../Frameworks",
					"@loader_path/../Frameworks",
				);
				PRODUCT_BUNDLE_IDENTIFIER = com.heynow.Savitar2Tests;
				PRODUCT_NAME = "$(TARGET_NAME)";
				PROVISIONING_PROFILE_SPECIFIER = "";
				SWIFT_VERSION = 5.0;
				TEST_HOST = "$(BUILT_PRODUCTS_DIR)/Savitar2.app/Contents/MacOS/Savitar2";
			};
			name = Debug;
		};
		695484C91FC4E6E400A6983F /* Release */ = {
			isa = XCBuildConfiguration;
			baseConfigurationReference = 679EC5233D3113D0EBC899EB /* Pods-Savitar2Tests.release.xcconfig */;
			buildSettings = {
				ALWAYS_EMBED_SWIFT_STANDARD_LIBRARIES = YES;
				BUNDLE_LOADER = "$(TEST_HOST)";
				CODE_SIGN_IDENTITY = "Apple Development";
				CODE_SIGN_STYLE = Automatic;
				COMBINE_HIDPI_IMAGES = YES;
				DEVELOPMENT_TEAM = RFE485QN84;
				INFOPLIST_FILE = Savitar2Tests/Info.plist;
				LD_RUNPATH_SEARCH_PATHS = (
					"$(inherited)",
					"@executable_path/../Frameworks",
					"@loader_path/../Frameworks",
				);
				PRODUCT_BUNDLE_IDENTIFIER = com.heynow.Savitar2Tests;
				PRODUCT_NAME = "$(TARGET_NAME)";
				PROVISIONING_PROFILE_SPECIFIER = "";
				SWIFT_VERSION = 5.0;
				TEST_HOST = "$(BUILT_PRODUCTS_DIR)/Savitar2.app/Contents/MacOS/Savitar2";
			};
			name = Release;
		};
		695484CB1FC4E6E400A6983F /* Debug */ = {
			isa = XCBuildConfiguration;
			baseConfigurationReference = E4362BEE27039532875E6808 /* Pods-Savitar2UITests.debug.xcconfig */;
			buildSettings = {
				ALWAYS_EMBED_SWIFT_STANDARD_LIBRARIES = YES;
				CODE_SIGN_STYLE = Automatic;
				COMBINE_HIDPI_IMAGES = YES;
				DEVELOPMENT_TEAM = RFE485QN84;
				INFOPLIST_FILE = Savitar2UITests/Info.plist;
				LD_RUNPATH_SEARCH_PATHS = (
					"$(inherited)",
					"@executable_path/../Frameworks",
					"@loader_path/../Frameworks",
				);
				PRODUCT_BUNDLE_IDENTIFIER = Heynow.Savitar2UITests;
				PRODUCT_NAME = "$(TARGET_NAME)";
				SWIFT_VERSION = 5.0;
				TEST_TARGET_NAME = Savitar2;
			};
			name = Debug;
		};
		695484CC1FC4E6E400A6983F /* Release */ = {
			isa = XCBuildConfiguration;
			baseConfigurationReference = D564AF007829E5DA0BA4C2EE /* Pods-Savitar2UITests.release.xcconfig */;
			buildSettings = {
				ALWAYS_EMBED_SWIFT_STANDARD_LIBRARIES = YES;
				CODE_SIGN_STYLE = Automatic;
				COMBINE_HIDPI_IMAGES = YES;
				DEVELOPMENT_TEAM = RFE485QN84;
				INFOPLIST_FILE = Savitar2UITests/Info.plist;
				LD_RUNPATH_SEARCH_PATHS = (
					"$(inherited)",
					"@executable_path/../Frameworks",
					"@loader_path/../Frameworks",
				);
				PRODUCT_BUNDLE_IDENTIFIER = Heynow.Savitar2UITests;
				PRODUCT_NAME = "$(TARGET_NAME)";
				SWIFT_VERSION = 5.0;
				TEST_TARGET_NAME = Savitar2;
			};
			name = Release;
		};
/* End XCBuildConfiguration section */

/* Begin XCConfigurationList section */
		695484971FC4E6E400A6983F /* Build configuration list for PBXProject "Savitar2" */ = {
			isa = XCConfigurationList;
			buildConfigurations = (
				695484C21FC4E6E400A6983F /* Debug */,
				695484C31FC4E6E400A6983F /* Release */,
			);
			defaultConfigurationIsVisible = 0;
			defaultConfigurationName = Release;
		};
		695484C41FC4E6E400A6983F /* Build configuration list for PBXNativeTarget "Savitar2" */ = {
			isa = XCConfigurationList;
			buildConfigurations = (
				695484C51FC4E6E400A6983F /* Debug */,
				695484C61FC4E6E400A6983F /* Release */,
			);
			defaultConfigurationIsVisible = 0;
			defaultConfigurationName = Release;
		};
		695484C71FC4E6E400A6983F /* Build configuration list for PBXNativeTarget "Savitar2Tests" */ = {
			isa = XCConfigurationList;
			buildConfigurations = (
				695484C81FC4E6E400A6983F /* Debug */,
				695484C91FC4E6E400A6983F /* Release */,
			);
			defaultConfigurationIsVisible = 0;
			defaultConfigurationName = Release;
		};
		695484CA1FC4E6E400A6983F /* Build configuration list for PBXNativeTarget "Savitar2UITests" */ = {
			isa = XCConfigurationList;
			buildConfigurations = (
				695484CB1FC4E6E400A6983F /* Debug */,
				695484CC1FC4E6E400A6983F /* Release */,
			);
			defaultConfigurationIsVisible = 0;
			defaultConfigurationName = Release;
		};
/* End XCConfigurationList section */

/* Begin XCRemoteSwiftPackageReference section */
		6991F4692393F71700E2BFDB /* XCRemoteSwiftPackageReference "swift-log" */ = {
			isa = XCRemoteSwiftPackageReference;
			repositoryURL = "https://github.com/apple/swift-log.git";
			requirement = {
				kind = upToNextMajorVersion;
				minimumVersion = 1.2.0;
			};
		};
		69CEEDF123D6213900E9F087 /* XCRemoteSwiftPackageReference "ReSwift" */ = {
			isa = XCRemoteSwiftPackageReference;
			repositoryURL = "https://github.com/ReSwift/ReSwift.git";
			requirement = {
				kind = upToNextMajorVersion;
				minimumVersion = 5.0.0;
			};
		};
/* End XCRemoteSwiftPackageReference section */

/* Begin XCSwiftPackageProductDependency section */
		6991F46A2393F71700E2BFDB /* Logging */ = {
			isa = XCSwiftPackageProductDependency;
			package = 6991F4692393F71700E2BFDB /* XCRemoteSwiftPackageReference "swift-log" */;
			productName = Logging;
		};
		69CEEDF223D6213900E9F087 /* ReSwift */ = {
			isa = XCSwiftPackageProductDependency;
			package = 69CEEDF123D6213900E9F087 /* XCRemoteSwiftPackageReference "ReSwift" */;
			productName = ReSwift;
		};
/* End XCSwiftPackageProductDependency section */
	};
	rootObject = 695484941FC4E6E400A6983F /* Project object */;
}
